
Microsoft Visual Studio Solution File, Format Version 12.00
# Visual Studio Version 16
VisualStudioVersion = 16.0.29728.190
MinimumVisualStudioVersion = 10.0.40219.1
Project("{8BC9CEB8-8B4A-11D0-8D11-00A0C91BC942}") = "TowerOfHanoi", "SI-HackerRank\SI-HackerRank.vcxproj", "{2F0D0C6B-1693-4F08-93C1-93DDED3643BD}"
EndProject
Project("{8BC9CEB8-8B4A-11D0-8D11-00A0C91BC942}") = "SubsetSum", "SubsetSum\SubsetSum.vcxproj", "{6A7BE4DC-8B87-4182-B3A9-9567785785D8}"
EndProject
Project("{8BC9CEB8-8B4A-11D0-8D11-00A0C91BC942}") = "BitManipulation", "BitManipulation\BitManipulation.vcxproj", "{7F03D2B3-FD48-4FB6-927D-82332630C962}"
EndProject
Project("{8BC9CEB8-8B4A-11D0-8D11-00A0C91BC942}") = "DivideInteger", "DivideInteger\DivideInteger.vcxproj", "{62DAA0A4-29E8-4DFB-BDB1-46889038B20E}"
EndProject
Project("{8BC9CEB8-8B4A-11D0-8D11-00A0C91BC942}") = "Sorting", "Sorting\Sorting.vcxproj", "{B0813834-8ED2-4BC2-AEA7-1F2D6BAED283}"
EndProject
Project("{8BC9CEB8-8B4A-11D0-8D11-00A0C91BC942}") = "InterleavingString", "InterleavingString\InterleavingString.vcxproj", "{F2C99D7C-7518-404C-82C8-7E2D311B10EF}"
EndProject
Project("{8BC9CEB8-8B4A-11D0-8D11-00A0C91BC942}") = "TripleTrouble", "TripleTrouble\TripleTrouble.vcxproj", "{4D96843D-828B-4ADA-96AB-DAFB12AE278A}"
EndProject
Project("{8BC9CEB8-8B4A-11D0-8D11-00A0C91BC942}") = "Backtracking", "Backtracking\Backtracking.vcxproj", "{BF9D138B-60BA-412F-9646-C36DE534B456}"
EndProject
Project("{8BC9CEB8-8B4A-11D0-8D11-00A0C91BC942}") = "SumOfPairs", "SumOfPairs\SumOfPairs.vcxproj", "{E99FE9A8-2990-4427-BD80-2CB164BAD20A}"
EndProject
Project("{8BC9CEB8-8B4A-11D0-8D11-00A0C91BC942}") = "PairWithDifference", "PairWithDifference\PairWithDifference.vcxproj", "{63160704-D146-4108-BE92-16E2E4DB51C4}"
EndProject
Project("{8BC9CEB8-8B4A-11D0-8D11-00A0C91BC942}") = "TripletWithSum", "TripletWithSum\TripletWithSum.vcxproj", "{F2E47FCD-A49B-452E-B77D-FD6AF76719CE}"
EndProject
Project("{8BC9CEB8-8B4A-11D0-8D11-00A0C91BC942}") = "SmallerElements", "SmallerElements\SmallerElements.vcxproj", "{303CA50D-2D13-412A-A419-6237342A064C}"
EndProject
Project("{8BC9CEB8-8B4A-11D0-8D11-00A0C91BC942}") = "FindingFloor", "FindingFloor\FindingFloor.vcxproj", "{E5269181-8569-49E5-9752-0EFE3F8C44F0}"
EndProject
Project("{8BC9CEB8-8B4A-11D0-8D11-00A0C91BC942}") = "FindingCeil", "FindingCeil\FindingCeil.vcxproj", "{3C1353A7-C1EE-4546-8482-A3696249F04A}"
EndProject
Project("{8BC9CEB8-8B4A-11D0-8D11-00A0C91BC942}") = "FindingFrequency", "FindingFrequency\FindingFrequency.vcxproj", "{5BB49074-703B-424F-ADA1-A187FEA11603}"
EndProject
Project("{8BC9CEB8-8B4A-11D0-8D11-00A0C91BC942}") = "SquareRoot", "SquareRoot\SquareRoot.vcxproj", "{3316EE6F-E371-4527-AED4-6AF3698FA2DD}"
EndProject
Project("{8BC9CEB8-8B4A-11D0-8D11-00A0C91BC942}") = "SortedArrayMedian", "SortedArrayMedian\SortedArrayMedian.vcxproj", "{119683B6-BCFB-48E4-AA12-A068A0BD9B15}"
EndProject
Project("{8BC9CEB8-8B4A-11D0-8D11-00A0C91BC942}") = "CubeRoot", "CubeRoot\CubeRoot.vcxproj", "{6A6775C4-4A12-4B9C-9D63-1BC75F0924F3}"
EndProject
Project("{8BC9CEB8-8B4A-11D0-8D11-00A0C91BC942}") = "FrequencySort", "FrequencySort\FrequencySort.vcxproj", "{C244380E-A282-4943-A6E4-0FA950D71894}"
EndProject
Project("{8BC9CEB8-8B4A-11D0-8D11-00A0C91BC942}") = "PowerGame", "PowerGame\PowerGame.vcxproj", "{7225FACB-0039-4293-8518-CB56A3690907}"
EndProject
Project("{8BC9CEB8-8B4A-11D0-8D11-00A0C91BC942}") = "TimeOfYear", "TimeOfYear\TimeOfYear.vcxproj", "{0BAC521E-2FDA-47A1-8179-C38604447128}"
EndProject
Project("{8BC9CEB8-8B4A-11D0-8D11-00A0C91BC942}") = "LargestConcatenatedNumber", "LargestConcatenatedNumber\LargestConcatenatedNumber.vcxproj", "{1DC21F15-1C9F-437B-A3AC-05C2BBD4D973}"
EndProject
Project("{8BC9CEB8-8B4A-11D0-8D11-00A0C91BC942}") = "CountTriangles", "CountTriangles\CountTriangles.vcxproj", "{421C08B6-EDD9-4AF1-B58B-D6F53AEF5E4B}"
EndProject
Project("{2150E333-8FDC-42A3-9474-1A3956D46DE8}") = "Backtracking-Problems", "Backtracking-Problems", "{05BAE4C6-BCB5-441D-AA03-103E7EDCB200}"
EndProject
Project("{8BC9CEB8-8B4A-11D0-8D11-00A0C91BC942}") = "Combination", "Combination\Combination.vcxproj", "{94ADE40B-9CDA-438D-B7CF-17B1DF8F745E}"
EndProject
Project("{8BC9CEB8-8B4A-11D0-8D11-00A0C91BC942}") = "CabinetPartitioning", "CabinetPartitioning\CabinetPartitioning.vcxproj", "{7542B60F-B291-4042-B0FC-1BE3FEBFE567}"
EndProject
Project("{8BC9CEB8-8B4A-11D0-8D11-00A0C91BC942}") = "RankBooks", "RankBooks\RankBooks.vcxproj", "{89273E72-16CD-4692-9227-B2ED17539372}"
EndProject
Project("{8BC9CEB8-8B4A-11D0-8D11-00A0C91BC942}") = "AnagramEasy", "AnagramEasy\AnagramEasy.vcxproj", "{E16104A5-FAD8-471E-8B66-5BDA069F5552}"
EndProject
Project("{8BC9CEB8-8B4A-11D0-8D11-00A0C91BC942}") = "SubarraySum", "SubarraySum\SubarraySum.vcxproj", "{1A8DAD2F-B1E9-42B2-B75B-082513DB0DCC}"
EndProject
Project("{8BC9CEB8-8B4A-11D0-8D11-00A0C91BC942}") = "GroupAnagram", "GroupAnagram\GroupAnagram.vcxproj", "{E5983762-B872-4225-8866-5CBDBC11A48A}"
EndProject
Project("{8BC9CEB8-8B4A-11D0-8D11-00A0C91BC942}") = "LongestPalindromicString", "LongestPalindromicString\LongestPalindromicString.vcxproj", "{E661AA63-B846-48D6-B987-9B793778BACE}"
EndProject
Project("{8BC9CEB8-8B4A-11D0-8D11-00A0C91BC942}") = "EnclosedSubString", "EnclosedString\EnclosedString.vcxproj", "{962FB565-C6F4-4AAB-A63B-F3A31B5AB6E6}"
EndProject
Project("{8BC9CEB8-8B4A-11D0-8D11-00A0C91BC942}") = "RabinKarp", "RabinKarp\RabinKarp.vcxproj", "{2F9FADD6-C23A-4C00-A3FD-DD381E11EA60}"
EndProject
Project("{8BC9CEB8-8B4A-11D0-8D11-00A0C91BC942}") = "DistinctElementsWindow", "DistinctElementsWindow\DistinctElementsWindow.vcxproj", "{9BD2CF36-81AA-44E5-B05A-56AB94595F5F}"
EndProject
Project("{8BC9CEB8-8B4A-11D0-8D11-00A0C91BC942}") = "WordsVowelConsonants", "WordsVowelConsonants\WordsVowelConsonants.vcxproj", "{781F6D64-AF31-4247-8631-E682EFF22F89}"
EndProject
Project("{8BC9CEB8-8B4A-11D0-8D11-00A0C91BC942}") = "QuadraplesXOR", "QuadraplesXOR\QuadraplesXOR.vcxproj", "{21B29B0A-43A0-4FC6-96A9-EFB69CCDD9FB}"
EndProject
Project("{8BC9CEB8-8B4A-11D0-8D11-00A0C91BC942}") = "FirstRepeatingCharacter", "FirstRepeatingCharacter\FirstRepeatingCharacter.vcxproj", "{BF472DB3-4725-4DB1-BDAC-89205C2851FF}"
EndProject
Project("{8BC9CEB8-8B4A-11D0-8D11-00A0C91BC942}") = "SortColor", "SortColor\SortColor.vcxproj", "{684F6FB8-21FA-4502-83B9-21B21BE71469}"
EndProject
Project("{8BC9CEB8-8B4A-11D0-8D11-00A0C91BC942}") = "SubstringCheck", "SubstringCheck\SubstringCheck.vcxproj", "{B0916AAC-6490-4442-A0E4-984E7D071439}"
EndProject
Project("{8BC9CEB8-8B4A-11D0-8D11-00A0C91BC942}") = "RotateArray", "RotateArray\RotateArray.vcxproj", "{6BFB78C8-7FF9-4BE5-B959-7652303CFEC0}"
EndProject
Project("{8BC9CEB8-8B4A-11D0-8D11-00A0C91BC942}") = "CollectingWater", "CollectingWater\CollectingWater.vcxproj", "{1555678F-60B3-4241-AB78-338EA036E1D5}"
EndProject
Project("{8BC9CEB8-8B4A-11D0-8D11-00A0C91BC942}") = "PrimeFear", "PrimeFear\PrimeFear.vcxproj", "{BD06EB36-7AD3-45C9-B7C8-1DF290113C76}"
EndProject
Project("{8BC9CEB8-8B4A-11D0-8D11-00A0C91BC942}") = "SubsequenceSum", "SubsequenceSum\SubsequenceSum.vcxproj", "{E196C9C2-8CDA-499E-A2A8-5225C905B7E5}"
EndProject
Project("{8BC9CEB8-8B4A-11D0-8D11-00A0C91BC942}") = "KMP", "KMP\KMP.vcxproj", "{726DA09A-6D4C-4B20-A1FC-E2D296BB5355}"
EndProject
Project("{2150E333-8FDC-42A3-9474-1A3956D46DE8}") = "Data-Structures", "Data-Structures", "{DB8C5C9F-CA9F-4CC3-95BC-9558A1C6C6B1}"
EndProject
Project("{2150E333-8FDC-42A3-9474-1A3956D46DE8}") = "Linked-List", "Linked-List", "{CDDC1C65-CE2C-462E-AF24-0E8653044B11}"
EndProject
Project("{8BC9CEB8-8B4A-11D0-8D11-00A0C91BC942}") = "Basics", "Basics\Basics.vcxproj", "{58A2DE1C-0DE5-4B82-8940-A153E5A65682}"
EndProject
Project("{8BC9CEB8-8B4A-11D0-8D11-00A0C91BC942}") = "Beginner", "Beginner\Beginner.vcxproj", "{AA8585E2-74C6-47E1-85D4-D1541144CFF0}"
EndProject
Project("{8BC9CEB8-8B4A-11D0-8D11-00A0C91BC942}") = "LRU Mechanism", "LRU Mechanism\LRU Mechanism.vcxproj", "{6D1CFC9A-621D-422A-930D-A9B0C93299A6}"
EndProject
Project("{2150E333-8FDC-42A3-9474-1A3956D46DE8}") = "Stack", "Stack", "{CE97A785-2A88-4B95-8B8C-91635E0389F1}"
EndProject
Project("{2150E333-8FDC-42A3-9474-1A3956D46DE8}") = "Queue", "Queue", "{51BC2E46-E890-483F-9E47-E11530E483B7}"
EndProject
Project("{8BC9CEB8-8B4A-11D0-8D11-00A0C91BC942}") = "BalancedParanthesis", "BalancedParanthesis\BalancedParanthesis.vcxproj", "{6A908F26-2FE9-4832-9E82-BA64F411C298}"
EndProject
Project("{8BC9CEB8-8B4A-11D0-8D11-00A0C91BC942}") = "KStackInArray", "KStackInArray\KStackInArray.vcxproj", "{17AAACE6-CCF5-4C59-93E9-47546B46ABE8}"
EndProject
Project("{8BC9CEB8-8B4A-11D0-8D11-00A0C91BC942}") = "StockSpan", "StockSpan\StockSpan.vcxproj", "{840C0BB1-39BE-492C-A357-9F8919737472}"
EndProject
Project("{8BC9CEB8-8B4A-11D0-8D11-00A0C91BC942}") = "PreviousGreater", "PreviousGreater\PreviousGreater.vcxproj", "{F5210BC7-8A00-452D-A2E0-84175E9B0382}"
EndProject
Project("{8BC9CEB8-8B4A-11D0-8D11-00A0C91BC942}") = "NextGreaterElement", "NextGreaterElement\NextGreaterElement.vcxproj", "{407DEDD5-CE33-4A80-AE3E-A9F9F8B86C32}"
EndProject
Project("{8BC9CEB8-8B4A-11D0-8D11-00A0C91BC942}") = "LargestRectangularHistogram", "LargestRectangularHistogram\LargestRectangularHistogram.vcxproj", "{688C134F-B563-4366-9B44-56682139ACAA}"
EndProject
Project("{8BC9CEB8-8B4A-11D0-8D11-00A0C91BC942}") = "MinStack", "MinStack\MinStack.vcxproj", "{1FA21747-FE4C-4ED2-AB42-EDD3411F4910}"
EndProject
Project("{8BC9CEB8-8B4A-11D0-8D11-00A0C91BC942}") = "PreviousSmaller", "PreviousSmaller\PreviousSmaller.vcxproj", "{BC946288-DF47-42A8-9AE0-113F82146216}"
EndProject
Project("{8BC9CEB8-8B4A-11D0-8D11-00A0C91BC942}") = "QueueImplementation", "QueueImplementation\QueueImplementation.vcxproj", "{7FE4091C-244E-4EDF-987A-FFDA8A4A47C8}"
EndProject
Project("{8BC9CEB8-8B4A-11D0-8D11-00A0C91BC942}") = "StackImplementation", "StackImplementation\StackImplementation.vcxproj", "{AFD3AF9B-D81A-4C83-BAA2-AFA5F9B8A846}"
EndProject
Project("{8BC9CEB8-8B4A-11D0-8D11-00A0C91BC942}") = "ReverseSentence", "ReverseSentence\ReverseSentence.vcxproj", "{67D205DF-EAA4-4748-B23B-D3B46EE16596}"
EndProject
Project("{8BC9CEB8-8B4A-11D0-8D11-00A0C91BC942}") = "KillingDragons", "KillingDragons\KillingDragons.vcxproj", "{A5BAB485-93E2-4189-8CC8-C94CEED0577A}"
EndProject
Project("{8BC9CEB8-8B4A-11D0-8D11-00A0C91BC942}") = "ImplementStackUsingQueue", "ImplementStackUsingQueue\ImplementStackUsingQueue.vcxproj", "{61FEADCF-C659-44F4-8567-4AE6D2E33872}"
EndProject
Project("{8BC9CEB8-8B4A-11D0-8D11-00A0C91BC942}") = "ImplementQueueUsingStack", "ImplementQueueUsingStack\ImplementQueueUsingStack.vcxproj", "{469BF24B-3EA5-4934-939C-B906D5A4C6DE}"
EndProject
Global
	GlobalSection(SolutionConfigurationPlatforms) = preSolution
		Debug|x64 = Debug|x64
		Debug|x86 = Debug|x86
		Release|x64 = Release|x64
		Release|x86 = Release|x86
	EndGlobalSection
	GlobalSection(ProjectConfigurationPlatforms) = postSolution
		{2F0D0C6B-1693-4F08-93C1-93DDED3643BD}.Debug|x64.ActiveCfg = Debug|x64
		{2F0D0C6B-1693-4F08-93C1-93DDED3643BD}.Debug|x64.Build.0 = Debug|x64
		{2F0D0C6B-1693-4F08-93C1-93DDED3643BD}.Debug|x86.ActiveCfg = Debug|Win32
		{2F0D0C6B-1693-4F08-93C1-93DDED3643BD}.Debug|x86.Build.0 = Debug|Win32
		{2F0D0C6B-1693-4F08-93C1-93DDED3643BD}.Release|x64.ActiveCfg = Release|x64
		{2F0D0C6B-1693-4F08-93C1-93DDED3643BD}.Release|x64.Build.0 = Release|x64
		{2F0D0C6B-1693-4F08-93C1-93DDED3643BD}.Release|x86.ActiveCfg = Release|Win32
		{2F0D0C6B-1693-4F08-93C1-93DDED3643BD}.Release|x86.Build.0 = Release|Win32
		{6A7BE4DC-8B87-4182-B3A9-9567785785D8}.Debug|x64.ActiveCfg = Debug|x64
		{6A7BE4DC-8B87-4182-B3A9-9567785785D8}.Debug|x64.Build.0 = Debug|x64
		{6A7BE4DC-8B87-4182-B3A9-9567785785D8}.Debug|x86.ActiveCfg = Debug|Win32
		{6A7BE4DC-8B87-4182-B3A9-9567785785D8}.Debug|x86.Build.0 = Debug|Win32
		{6A7BE4DC-8B87-4182-B3A9-9567785785D8}.Release|x64.ActiveCfg = Release|x64
		{6A7BE4DC-8B87-4182-B3A9-9567785785D8}.Release|x64.Build.0 = Release|x64
		{6A7BE4DC-8B87-4182-B3A9-9567785785D8}.Release|x86.ActiveCfg = Release|Win32
		{6A7BE4DC-8B87-4182-B3A9-9567785785D8}.Release|x86.Build.0 = Release|Win32
		{7F03D2B3-FD48-4FB6-927D-82332630C962}.Debug|x64.ActiveCfg = Debug|x64
		{7F03D2B3-FD48-4FB6-927D-82332630C962}.Debug|x64.Build.0 = Debug|x64
		{7F03D2B3-FD48-4FB6-927D-82332630C962}.Debug|x86.ActiveCfg = Debug|Win32
		{7F03D2B3-FD48-4FB6-927D-82332630C962}.Debug|x86.Build.0 = Debug|Win32
		{7F03D2B3-FD48-4FB6-927D-82332630C962}.Release|x64.ActiveCfg = Release|x64
		{7F03D2B3-FD48-4FB6-927D-82332630C962}.Release|x64.Build.0 = Release|x64
		{7F03D2B3-FD48-4FB6-927D-82332630C962}.Release|x86.ActiveCfg = Release|Win32
		{7F03D2B3-FD48-4FB6-927D-82332630C962}.Release|x86.Build.0 = Release|Win32
		{62DAA0A4-29E8-4DFB-BDB1-46889038B20E}.Debug|x64.ActiveCfg = Debug|x64
		{62DAA0A4-29E8-4DFB-BDB1-46889038B20E}.Debug|x64.Build.0 = Debug|x64
		{62DAA0A4-29E8-4DFB-BDB1-46889038B20E}.Debug|x86.ActiveCfg = Debug|Win32
		{62DAA0A4-29E8-4DFB-BDB1-46889038B20E}.Debug|x86.Build.0 = Debug|Win32
		{62DAA0A4-29E8-4DFB-BDB1-46889038B20E}.Release|x64.ActiveCfg = Release|x64
		{62DAA0A4-29E8-4DFB-BDB1-46889038B20E}.Release|x64.Build.0 = Release|x64
		{62DAA0A4-29E8-4DFB-BDB1-46889038B20E}.Release|x86.ActiveCfg = Release|Win32
		{62DAA0A4-29E8-4DFB-BDB1-46889038B20E}.Release|x86.Build.0 = Release|Win32
		{B0813834-8ED2-4BC2-AEA7-1F2D6BAED283}.Debug|x64.ActiveCfg = Debug|x64
		{B0813834-8ED2-4BC2-AEA7-1F2D6BAED283}.Debug|x64.Build.0 = Debug|x64
		{B0813834-8ED2-4BC2-AEA7-1F2D6BAED283}.Debug|x86.ActiveCfg = Debug|Win32
		{B0813834-8ED2-4BC2-AEA7-1F2D6BAED283}.Debug|x86.Build.0 = Debug|Win32
		{B0813834-8ED2-4BC2-AEA7-1F2D6BAED283}.Release|x64.ActiveCfg = Release|x64
		{B0813834-8ED2-4BC2-AEA7-1F2D6BAED283}.Release|x64.Build.0 = Release|x64
		{B0813834-8ED2-4BC2-AEA7-1F2D6BAED283}.Release|x86.ActiveCfg = Release|Win32
		{B0813834-8ED2-4BC2-AEA7-1F2D6BAED283}.Release|x86.Build.0 = Release|Win32
		{F2C99D7C-7518-404C-82C8-7E2D311B10EF}.Debug|x64.ActiveCfg = Debug|x64
		{F2C99D7C-7518-404C-82C8-7E2D311B10EF}.Debug|x64.Build.0 = Debug|x64
		{F2C99D7C-7518-404C-82C8-7E2D311B10EF}.Debug|x86.ActiveCfg = Debug|Win32
		{F2C99D7C-7518-404C-82C8-7E2D311B10EF}.Debug|x86.Build.0 = Debug|Win32
		{F2C99D7C-7518-404C-82C8-7E2D311B10EF}.Release|x64.ActiveCfg = Release|x64
		{F2C99D7C-7518-404C-82C8-7E2D311B10EF}.Release|x64.Build.0 = Release|x64
		{F2C99D7C-7518-404C-82C8-7E2D311B10EF}.Release|x86.ActiveCfg = Release|Win32
		{F2C99D7C-7518-404C-82C8-7E2D311B10EF}.Release|x86.Build.0 = Release|Win32
		{4D96843D-828B-4ADA-96AB-DAFB12AE278A}.Debug|x64.ActiveCfg = Debug|x64
		{4D96843D-828B-4ADA-96AB-DAFB12AE278A}.Debug|x64.Build.0 = Debug|x64
		{4D96843D-828B-4ADA-96AB-DAFB12AE278A}.Debug|x86.ActiveCfg = Debug|Win32
		{4D96843D-828B-4ADA-96AB-DAFB12AE278A}.Debug|x86.Build.0 = Debug|Win32
		{4D96843D-828B-4ADA-96AB-DAFB12AE278A}.Release|x64.ActiveCfg = Release|x64
		{4D96843D-828B-4ADA-96AB-DAFB12AE278A}.Release|x64.Build.0 = Release|x64
		{4D96843D-828B-4ADA-96AB-DAFB12AE278A}.Release|x86.ActiveCfg = Release|Win32
		{4D96843D-828B-4ADA-96AB-DAFB12AE278A}.Release|x86.Build.0 = Release|Win32
		{BF9D138B-60BA-412F-9646-C36DE534B456}.Debug|x64.ActiveCfg = Debug|x64
		{BF9D138B-60BA-412F-9646-C36DE534B456}.Debug|x64.Build.0 = Debug|x64
		{BF9D138B-60BA-412F-9646-C36DE534B456}.Debug|x86.ActiveCfg = Debug|Win32
		{BF9D138B-60BA-412F-9646-C36DE534B456}.Debug|x86.Build.0 = Debug|Win32
		{BF9D138B-60BA-412F-9646-C36DE534B456}.Release|x64.ActiveCfg = Release|x64
		{BF9D138B-60BA-412F-9646-C36DE534B456}.Release|x64.Build.0 = Release|x64
		{BF9D138B-60BA-412F-9646-C36DE534B456}.Release|x86.ActiveCfg = Release|Win32
		{BF9D138B-60BA-412F-9646-C36DE534B456}.Release|x86.Build.0 = Release|Win32
		{E99FE9A8-2990-4427-BD80-2CB164BAD20A}.Debug|x64.ActiveCfg = Debug|x64
		{E99FE9A8-2990-4427-BD80-2CB164BAD20A}.Debug|x64.Build.0 = Debug|x64
		{E99FE9A8-2990-4427-BD80-2CB164BAD20A}.Debug|x86.ActiveCfg = Debug|Win32
		{E99FE9A8-2990-4427-BD80-2CB164BAD20A}.Debug|x86.Build.0 = Debug|Win32
		{E99FE9A8-2990-4427-BD80-2CB164BAD20A}.Release|x64.ActiveCfg = Release|x64
		{E99FE9A8-2990-4427-BD80-2CB164BAD20A}.Release|x64.Build.0 = Release|x64
		{E99FE9A8-2990-4427-BD80-2CB164BAD20A}.Release|x86.ActiveCfg = Release|Win32
		{E99FE9A8-2990-4427-BD80-2CB164BAD20A}.Release|x86.Build.0 = Release|Win32
		{63160704-D146-4108-BE92-16E2E4DB51C4}.Debug|x64.ActiveCfg = Debug|x64
		{63160704-D146-4108-BE92-16E2E4DB51C4}.Debug|x64.Build.0 = Debug|x64
		{63160704-D146-4108-BE92-16E2E4DB51C4}.Debug|x86.ActiveCfg = Debug|Win32
		{63160704-D146-4108-BE92-16E2E4DB51C4}.Debug|x86.Build.0 = Debug|Win32
		{63160704-D146-4108-BE92-16E2E4DB51C4}.Release|x64.ActiveCfg = Release|x64
		{63160704-D146-4108-BE92-16E2E4DB51C4}.Release|x64.Build.0 = Release|x64
		{63160704-D146-4108-BE92-16E2E4DB51C4}.Release|x86.ActiveCfg = Release|Win32
		{63160704-D146-4108-BE92-16E2E4DB51C4}.Release|x86.Build.0 = Release|Win32
		{F2E47FCD-A49B-452E-B77D-FD6AF76719CE}.Debug|x64.ActiveCfg = Debug|x64
		{F2E47FCD-A49B-452E-B77D-FD6AF76719CE}.Debug|x64.Build.0 = Debug|x64
		{F2E47FCD-A49B-452E-B77D-FD6AF76719CE}.Debug|x86.ActiveCfg = Debug|Win32
		{F2E47FCD-A49B-452E-B77D-FD6AF76719CE}.Debug|x86.Build.0 = Debug|Win32
		{F2E47FCD-A49B-452E-B77D-FD6AF76719CE}.Release|x64.ActiveCfg = Release|x64
		{F2E47FCD-A49B-452E-B77D-FD6AF76719CE}.Release|x64.Build.0 = Release|x64
		{F2E47FCD-A49B-452E-B77D-FD6AF76719CE}.Release|x86.ActiveCfg = Release|Win32
		{F2E47FCD-A49B-452E-B77D-FD6AF76719CE}.Release|x86.Build.0 = Release|Win32
		{303CA50D-2D13-412A-A419-6237342A064C}.Debug|x64.ActiveCfg = Debug|x64
		{303CA50D-2D13-412A-A419-6237342A064C}.Debug|x64.Build.0 = Debug|x64
		{303CA50D-2D13-412A-A419-6237342A064C}.Debug|x86.ActiveCfg = Debug|Win32
		{303CA50D-2D13-412A-A419-6237342A064C}.Debug|x86.Build.0 = Debug|Win32
		{303CA50D-2D13-412A-A419-6237342A064C}.Release|x64.ActiveCfg = Release|x64
		{303CA50D-2D13-412A-A419-6237342A064C}.Release|x64.Build.0 = Release|x64
		{303CA50D-2D13-412A-A419-6237342A064C}.Release|x86.ActiveCfg = Release|Win32
		{303CA50D-2D13-412A-A419-6237342A064C}.Release|x86.Build.0 = Release|Win32
		{E5269181-8569-49E5-9752-0EFE3F8C44F0}.Debug|x64.ActiveCfg = Debug|x64
		{E5269181-8569-49E5-9752-0EFE3F8C44F0}.Debug|x64.Build.0 = Debug|x64
		{E5269181-8569-49E5-9752-0EFE3F8C44F0}.Debug|x86.ActiveCfg = Debug|Win32
		{E5269181-8569-49E5-9752-0EFE3F8C44F0}.Debug|x86.Build.0 = Debug|Win32
		{E5269181-8569-49E5-9752-0EFE3F8C44F0}.Release|x64.ActiveCfg = Release|x64
		{E5269181-8569-49E5-9752-0EFE3F8C44F0}.Release|x64.Build.0 = Release|x64
		{E5269181-8569-49E5-9752-0EFE3F8C44F0}.Release|x86.ActiveCfg = Release|Win32
		{E5269181-8569-49E5-9752-0EFE3F8C44F0}.Release|x86.Build.0 = Release|Win32
		{3C1353A7-C1EE-4546-8482-A3696249F04A}.Debug|x64.ActiveCfg = Debug|x64
		{3C1353A7-C1EE-4546-8482-A3696249F04A}.Debug|x64.Build.0 = Debug|x64
		{3C1353A7-C1EE-4546-8482-A3696249F04A}.Debug|x86.ActiveCfg = Debug|Win32
		{3C1353A7-C1EE-4546-8482-A3696249F04A}.Debug|x86.Build.0 = Debug|Win32
		{3C1353A7-C1EE-4546-8482-A3696249F04A}.Release|x64.ActiveCfg = Release|x64
		{3C1353A7-C1EE-4546-8482-A3696249F04A}.Release|x64.Build.0 = Release|x64
		{3C1353A7-C1EE-4546-8482-A3696249F04A}.Release|x86.ActiveCfg = Release|Win32
		{3C1353A7-C1EE-4546-8482-A3696249F04A}.Release|x86.Build.0 = Release|Win32
		{5BB49074-703B-424F-ADA1-A187FEA11603}.Debug|x64.ActiveCfg = Debug|x64
		{5BB49074-703B-424F-ADA1-A187FEA11603}.Debug|x64.Build.0 = Debug|x64
		{5BB49074-703B-424F-ADA1-A187FEA11603}.Debug|x86.ActiveCfg = Debug|Win32
		{5BB49074-703B-424F-ADA1-A187FEA11603}.Debug|x86.Build.0 = Debug|Win32
		{5BB49074-703B-424F-ADA1-A187FEA11603}.Release|x64.ActiveCfg = Release|x64
		{5BB49074-703B-424F-ADA1-A187FEA11603}.Release|x64.Build.0 = Release|x64
		{5BB49074-703B-424F-ADA1-A187FEA11603}.Release|x86.ActiveCfg = Release|Win32
		{5BB49074-703B-424F-ADA1-A187FEA11603}.Release|x86.Build.0 = Release|Win32
		{3316EE6F-E371-4527-AED4-6AF3698FA2DD}.Debug|x64.ActiveCfg = Debug|x64
		{3316EE6F-E371-4527-AED4-6AF3698FA2DD}.Debug|x64.Build.0 = Debug|x64
		{3316EE6F-E371-4527-AED4-6AF3698FA2DD}.Debug|x86.ActiveCfg = Debug|Win32
		{3316EE6F-E371-4527-AED4-6AF3698FA2DD}.Debug|x86.Build.0 = Debug|Win32
		{3316EE6F-E371-4527-AED4-6AF3698FA2DD}.Release|x64.ActiveCfg = Release|x64
		{3316EE6F-E371-4527-AED4-6AF3698FA2DD}.Release|x64.Build.0 = Release|x64
		{3316EE6F-E371-4527-AED4-6AF3698FA2DD}.Release|x86.ActiveCfg = Release|Win32
		{3316EE6F-E371-4527-AED4-6AF3698FA2DD}.Release|x86.Build.0 = Release|Win32
		{119683B6-BCFB-48E4-AA12-A068A0BD9B15}.Debug|x64.ActiveCfg = Debug|x64
		{119683B6-BCFB-48E4-AA12-A068A0BD9B15}.Debug|x64.Build.0 = Debug|x64
		{119683B6-BCFB-48E4-AA12-A068A0BD9B15}.Debug|x86.ActiveCfg = Debug|Win32
		{119683B6-BCFB-48E4-AA12-A068A0BD9B15}.Debug|x86.Build.0 = Debug|Win32
		{119683B6-BCFB-48E4-AA12-A068A0BD9B15}.Release|x64.ActiveCfg = Release|x64
		{119683B6-BCFB-48E4-AA12-A068A0BD9B15}.Release|x64.Build.0 = Release|x64
		{119683B6-BCFB-48E4-AA12-A068A0BD9B15}.Release|x86.ActiveCfg = Release|Win32
		{119683B6-BCFB-48E4-AA12-A068A0BD9B15}.Release|x86.Build.0 = Release|Win32
		{6A6775C4-4A12-4B9C-9D63-1BC75F0924F3}.Debug|x64.ActiveCfg = Debug|x64
		{6A6775C4-4A12-4B9C-9D63-1BC75F0924F3}.Debug|x64.Build.0 = Debug|x64
		{6A6775C4-4A12-4B9C-9D63-1BC75F0924F3}.Debug|x86.ActiveCfg = Debug|Win32
		{6A6775C4-4A12-4B9C-9D63-1BC75F0924F3}.Debug|x86.Build.0 = Debug|Win32
		{6A6775C4-4A12-4B9C-9D63-1BC75F0924F3}.Release|x64.ActiveCfg = Release|x64
		{6A6775C4-4A12-4B9C-9D63-1BC75F0924F3}.Release|x64.Build.0 = Release|x64
		{6A6775C4-4A12-4B9C-9D63-1BC75F0924F3}.Release|x86.ActiveCfg = Release|Win32
		{6A6775C4-4A12-4B9C-9D63-1BC75F0924F3}.Release|x86.Build.0 = Release|Win32
		{C244380E-A282-4943-A6E4-0FA950D71894}.Debug|x64.ActiveCfg = Debug|x64
		{C244380E-A282-4943-A6E4-0FA950D71894}.Debug|x64.Build.0 = Debug|x64
		{C244380E-A282-4943-A6E4-0FA950D71894}.Debug|x86.ActiveCfg = Debug|Win32
		{C244380E-A282-4943-A6E4-0FA950D71894}.Debug|x86.Build.0 = Debug|Win32
		{C244380E-A282-4943-A6E4-0FA950D71894}.Release|x64.ActiveCfg = Release|x64
		{C244380E-A282-4943-A6E4-0FA950D71894}.Release|x64.Build.0 = Release|x64
		{C244380E-A282-4943-A6E4-0FA950D71894}.Release|x86.ActiveCfg = Release|Win32
		{C244380E-A282-4943-A6E4-0FA950D71894}.Release|x86.Build.0 = Release|Win32
		{7225FACB-0039-4293-8518-CB56A3690907}.Debug|x64.ActiveCfg = Debug|x64
		{7225FACB-0039-4293-8518-CB56A3690907}.Debug|x64.Build.0 = Debug|x64
		{7225FACB-0039-4293-8518-CB56A3690907}.Debug|x86.ActiveCfg = Debug|Win32
		{7225FACB-0039-4293-8518-CB56A3690907}.Debug|x86.Build.0 = Debug|Win32
		{7225FACB-0039-4293-8518-CB56A3690907}.Release|x64.ActiveCfg = Release|x64
		{7225FACB-0039-4293-8518-CB56A3690907}.Release|x64.Build.0 = Release|x64
		{7225FACB-0039-4293-8518-CB56A3690907}.Release|x86.ActiveCfg = Release|Win32
		{7225FACB-0039-4293-8518-CB56A3690907}.Release|x86.Build.0 = Release|Win32
		{0BAC521E-2FDA-47A1-8179-C38604447128}.Debug|x64.ActiveCfg = Debug|x64
		{0BAC521E-2FDA-47A1-8179-C38604447128}.Debug|x64.Build.0 = Debug|x64
		{0BAC521E-2FDA-47A1-8179-C38604447128}.Debug|x86.ActiveCfg = Debug|Win32
		{0BAC521E-2FDA-47A1-8179-C38604447128}.Debug|x86.Build.0 = Debug|Win32
		{0BAC521E-2FDA-47A1-8179-C38604447128}.Release|x64.ActiveCfg = Release|x64
		{0BAC521E-2FDA-47A1-8179-C38604447128}.Release|x64.Build.0 = Release|x64
		{0BAC521E-2FDA-47A1-8179-C38604447128}.Release|x86.ActiveCfg = Release|Win32
		{0BAC521E-2FDA-47A1-8179-C38604447128}.Release|x86.Build.0 = Release|Win32
		{1DC21F15-1C9F-437B-A3AC-05C2BBD4D973}.Debug|x64.ActiveCfg = Debug|x64
		{1DC21F15-1C9F-437B-A3AC-05C2BBD4D973}.Debug|x64.Build.0 = Debug|x64
		{1DC21F15-1C9F-437B-A3AC-05C2BBD4D973}.Debug|x86.ActiveCfg = Debug|Win32
		{1DC21F15-1C9F-437B-A3AC-05C2BBD4D973}.Debug|x86.Build.0 = Debug|Win32
		{1DC21F15-1C9F-437B-A3AC-05C2BBD4D973}.Release|x64.ActiveCfg = Release|x64
		{1DC21F15-1C9F-437B-A3AC-05C2BBD4D973}.Release|x64.Build.0 = Release|x64
		{1DC21F15-1C9F-437B-A3AC-05C2BBD4D973}.Release|x86.ActiveCfg = Release|Win32
		{1DC21F15-1C9F-437B-A3AC-05C2BBD4D973}.Release|x86.Build.0 = Release|Win32
		{421C08B6-EDD9-4AF1-B58B-D6F53AEF5E4B}.Debug|x64.ActiveCfg = Debug|x64
		{421C08B6-EDD9-4AF1-B58B-D6F53AEF5E4B}.Debug|x64.Build.0 = Debug|x64
		{421C08B6-EDD9-4AF1-B58B-D6F53AEF5E4B}.Debug|x86.ActiveCfg = Debug|Win32
		{421C08B6-EDD9-4AF1-B58B-D6F53AEF5E4B}.Debug|x86.Build.0 = Debug|Win32
		{421C08B6-EDD9-4AF1-B58B-D6F53AEF5E4B}.Release|x64.ActiveCfg = Release|x64
		{421C08B6-EDD9-4AF1-B58B-D6F53AEF5E4B}.Release|x64.Build.0 = Release|x64
		{421C08B6-EDD9-4AF1-B58B-D6F53AEF5E4B}.Release|x86.ActiveCfg = Release|Win32
		{421C08B6-EDD9-4AF1-B58B-D6F53AEF5E4B}.Release|x86.Build.0 = Release|Win32
		{94ADE40B-9CDA-438D-B7CF-17B1DF8F745E}.Debug|x64.ActiveCfg = Debug|x64
		{94ADE40B-9CDA-438D-B7CF-17B1DF8F745E}.Debug|x64.Build.0 = Debug|x64
		{94ADE40B-9CDA-438D-B7CF-17B1DF8F745E}.Debug|x86.ActiveCfg = Debug|Win32
		{94ADE40B-9CDA-438D-B7CF-17B1DF8F745E}.Debug|x86.Build.0 = Debug|Win32
		{94ADE40B-9CDA-438D-B7CF-17B1DF8F745E}.Release|x64.ActiveCfg = Release|x64
		{94ADE40B-9CDA-438D-B7CF-17B1DF8F745E}.Release|x64.Build.0 = Release|x64
		{94ADE40B-9CDA-438D-B7CF-17B1DF8F745E}.Release|x86.ActiveCfg = Release|Win32
		{94ADE40B-9CDA-438D-B7CF-17B1DF8F745E}.Release|x86.Build.0 = Release|Win32
		{7542B60F-B291-4042-B0FC-1BE3FEBFE567}.Debug|x64.ActiveCfg = Debug|x64
		{7542B60F-B291-4042-B0FC-1BE3FEBFE567}.Debug|x64.Build.0 = Debug|x64
		{7542B60F-B291-4042-B0FC-1BE3FEBFE567}.Debug|x86.ActiveCfg = Debug|Win32
		{7542B60F-B291-4042-B0FC-1BE3FEBFE567}.Debug|x86.Build.0 = Debug|Win32
		{7542B60F-B291-4042-B0FC-1BE3FEBFE567}.Release|x64.ActiveCfg = Release|x64
		{7542B60F-B291-4042-B0FC-1BE3FEBFE567}.Release|x64.Build.0 = Release|x64
		{7542B60F-B291-4042-B0FC-1BE3FEBFE567}.Release|x86.ActiveCfg = Release|Win32
		{7542B60F-B291-4042-B0FC-1BE3FEBFE567}.Release|x86.Build.0 = Release|Win32
		{89273E72-16CD-4692-9227-B2ED17539372}.Debug|x64.ActiveCfg = Debug|x64
		{89273E72-16CD-4692-9227-B2ED17539372}.Debug|x64.Build.0 = Debug|x64
		{89273E72-16CD-4692-9227-B2ED17539372}.Debug|x86.ActiveCfg = Debug|Win32
		{89273E72-16CD-4692-9227-B2ED17539372}.Debug|x86.Build.0 = Debug|Win32
		{89273E72-16CD-4692-9227-B2ED17539372}.Release|x64.ActiveCfg = Release|x64
		{89273E72-16CD-4692-9227-B2ED17539372}.Release|x64.Build.0 = Release|x64
		{89273E72-16CD-4692-9227-B2ED17539372}.Release|x86.ActiveCfg = Release|Win32
		{89273E72-16CD-4692-9227-B2ED17539372}.Release|x86.Build.0 = Release|Win32
		{E16104A5-FAD8-471E-8B66-5BDA069F5552}.Debug|x64.ActiveCfg = Debug|x64
		{E16104A5-FAD8-471E-8B66-5BDA069F5552}.Debug|x64.Build.0 = Debug|x64
		{E16104A5-FAD8-471E-8B66-5BDA069F5552}.Debug|x86.ActiveCfg = Debug|Win32
		{E16104A5-FAD8-471E-8B66-5BDA069F5552}.Debug|x86.Build.0 = Debug|Win32
		{E16104A5-FAD8-471E-8B66-5BDA069F5552}.Release|x64.ActiveCfg = Release|x64
		{E16104A5-FAD8-471E-8B66-5BDA069F5552}.Release|x64.Build.0 = Release|x64
		{E16104A5-FAD8-471E-8B66-5BDA069F5552}.Release|x86.ActiveCfg = Release|Win32
		{E16104A5-FAD8-471E-8B66-5BDA069F5552}.Release|x86.Build.0 = Release|Win32
		{1A8DAD2F-B1E9-42B2-B75B-082513DB0DCC}.Debug|x64.ActiveCfg = Debug|x64
		{1A8DAD2F-B1E9-42B2-B75B-082513DB0DCC}.Debug|x64.Build.0 = Debug|x64
		{1A8DAD2F-B1E9-42B2-B75B-082513DB0DCC}.Debug|x86.ActiveCfg = Debug|Win32
		{1A8DAD2F-B1E9-42B2-B75B-082513DB0DCC}.Debug|x86.Build.0 = Debug|Win32
		{1A8DAD2F-B1E9-42B2-B75B-082513DB0DCC}.Release|x64.ActiveCfg = Release|x64
		{1A8DAD2F-B1E9-42B2-B75B-082513DB0DCC}.Release|x64.Build.0 = Release|x64
		{1A8DAD2F-B1E9-42B2-B75B-082513DB0DCC}.Release|x86.ActiveCfg = Release|Win32
		{1A8DAD2F-B1E9-42B2-B75B-082513DB0DCC}.Release|x86.Build.0 = Release|Win32
		{E5983762-B872-4225-8866-5CBDBC11A48A}.Debug|x64.ActiveCfg = Debug|x64
		{E5983762-B872-4225-8866-5CBDBC11A48A}.Debug|x64.Build.0 = Debug|x64
		{E5983762-B872-4225-8866-5CBDBC11A48A}.Debug|x86.ActiveCfg = Debug|Win32
		{E5983762-B872-4225-8866-5CBDBC11A48A}.Debug|x86.Build.0 = Debug|Win32
		{E5983762-B872-4225-8866-5CBDBC11A48A}.Release|x64.ActiveCfg = Release|x64
		{E5983762-B872-4225-8866-5CBDBC11A48A}.Release|x64.Build.0 = Release|x64
		{E5983762-B872-4225-8866-5CBDBC11A48A}.Release|x86.ActiveCfg = Release|Win32
		{E5983762-B872-4225-8866-5CBDBC11A48A}.Release|x86.Build.0 = Release|Win32
		{E661AA63-B846-48D6-B987-9B793778BACE}.Debug|x64.ActiveCfg = Debug|x64
		{E661AA63-B846-48D6-B987-9B793778BACE}.Debug|x64.Build.0 = Debug|x64
		{E661AA63-B846-48D6-B987-9B793778BACE}.Debug|x86.ActiveCfg = Debug|Win32
		{E661AA63-B846-48D6-B987-9B793778BACE}.Debug|x86.Build.0 = Debug|Win32
		{E661AA63-B846-48D6-B987-9B793778BACE}.Release|x64.ActiveCfg = Release|x64
		{E661AA63-B846-48D6-B987-9B793778BACE}.Release|x64.Build.0 = Release|x64
		{E661AA63-B846-48D6-B987-9B793778BACE}.Release|x86.ActiveCfg = Release|Win32
		{E661AA63-B846-48D6-B987-9B793778BACE}.Release|x86.Build.0 = Release|Win32
		{962FB565-C6F4-4AAB-A63B-F3A31B5AB6E6}.Debug|x64.ActiveCfg = Debug|x64
		{962FB565-C6F4-4AAB-A63B-F3A31B5AB6E6}.Debug|x64.Build.0 = Debug|x64
		{962FB565-C6F4-4AAB-A63B-F3A31B5AB6E6}.Debug|x86.ActiveCfg = Debug|Win32
		{962FB565-C6F4-4AAB-A63B-F3A31B5AB6E6}.Debug|x86.Build.0 = Debug|Win32
		{962FB565-C6F4-4AAB-A63B-F3A31B5AB6E6}.Release|x64.ActiveCfg = Release|x64
		{962FB565-C6F4-4AAB-A63B-F3A31B5AB6E6}.Release|x64.Build.0 = Release|x64
		{962FB565-C6F4-4AAB-A63B-F3A31B5AB6E6}.Release|x86.ActiveCfg = Release|Win32
		{962FB565-C6F4-4AAB-A63B-F3A31B5AB6E6}.Release|x86.Build.0 = Release|Win32
		{2F9FADD6-C23A-4C00-A3FD-DD381E11EA60}.Debug|x64.ActiveCfg = Debug|x64
		{2F9FADD6-C23A-4C00-A3FD-DD381E11EA60}.Debug|x64.Build.0 = Debug|x64
		{2F9FADD6-C23A-4C00-A3FD-DD381E11EA60}.Debug|x86.ActiveCfg = Debug|Win32
		{2F9FADD6-C23A-4C00-A3FD-DD381E11EA60}.Debug|x86.Build.0 = Debug|Win32
		{2F9FADD6-C23A-4C00-A3FD-DD381E11EA60}.Release|x64.ActiveCfg = Release|x64
		{2F9FADD6-C23A-4C00-A3FD-DD381E11EA60}.Release|x64.Build.0 = Release|x64
		{2F9FADD6-C23A-4C00-A3FD-DD381E11EA60}.Release|x86.ActiveCfg = Release|Win32
		{2F9FADD6-C23A-4C00-A3FD-DD381E11EA60}.Release|x86.Build.0 = Release|Win32
		{9BD2CF36-81AA-44E5-B05A-56AB94595F5F}.Debug|x64.ActiveCfg = Debug|x64
		{9BD2CF36-81AA-44E5-B05A-56AB94595F5F}.Debug|x64.Build.0 = Debug|x64
		{9BD2CF36-81AA-44E5-B05A-56AB94595F5F}.Debug|x86.ActiveCfg = Debug|Win32
		{9BD2CF36-81AA-44E5-B05A-56AB94595F5F}.Debug|x86.Build.0 = Debug|Win32
		{9BD2CF36-81AA-44E5-B05A-56AB94595F5F}.Release|x64.ActiveCfg = Release|x64
		{9BD2CF36-81AA-44E5-B05A-56AB94595F5F}.Release|x64.Build.0 = Release|x64
		{9BD2CF36-81AA-44E5-B05A-56AB94595F5F}.Release|x86.ActiveCfg = Release|Win32
		{9BD2CF36-81AA-44E5-B05A-56AB94595F5F}.Release|x86.Build.0 = Release|Win32
		{781F6D64-AF31-4247-8631-E682EFF22F89}.Debug|x64.ActiveCfg = Debug|x64
		{781F6D64-AF31-4247-8631-E682EFF22F89}.Debug|x64.Build.0 = Debug|x64
		{781F6D64-AF31-4247-8631-E682EFF22F89}.Debug|x86.ActiveCfg = Debug|Win32
		{781F6D64-AF31-4247-8631-E682EFF22F89}.Debug|x86.Build.0 = Debug|Win32
		{781F6D64-AF31-4247-8631-E682EFF22F89}.Release|x64.ActiveCfg = Release|x64
		{781F6D64-AF31-4247-8631-E682EFF22F89}.Release|x64.Build.0 = Release|x64
		{781F6D64-AF31-4247-8631-E682EFF22F89}.Release|x86.ActiveCfg = Release|Win32
		{781F6D64-AF31-4247-8631-E682EFF22F89}.Release|x86.Build.0 = Release|Win32
		{21B29B0A-43A0-4FC6-96A9-EFB69CCDD9FB}.Debug|x64.ActiveCfg = Debug|x64
		{21B29B0A-43A0-4FC6-96A9-EFB69CCDD9FB}.Debug|x64.Build.0 = Debug|x64
		{21B29B0A-43A0-4FC6-96A9-EFB69CCDD9FB}.Debug|x86.ActiveCfg = Debug|Win32
		{21B29B0A-43A0-4FC6-96A9-EFB69CCDD9FB}.Debug|x86.Build.0 = Debug|Win32
		{21B29B0A-43A0-4FC6-96A9-EFB69CCDD9FB}.Release|x64.ActiveCfg = Release|x64
		{21B29B0A-43A0-4FC6-96A9-EFB69CCDD9FB}.Release|x64.Build.0 = Release|x64
		{21B29B0A-43A0-4FC6-96A9-EFB69CCDD9FB}.Release|x86.ActiveCfg = Release|Win32
		{21B29B0A-43A0-4FC6-96A9-EFB69CCDD9FB}.Release|x86.Build.0 = Release|Win32
		{BF472DB3-4725-4DB1-BDAC-89205C2851FF}.Debug|x64.ActiveCfg = Debug|x64
		{BF472DB3-4725-4DB1-BDAC-89205C2851FF}.Debug|x64.Build.0 = Debug|x64
		{BF472DB3-4725-4DB1-BDAC-89205C2851FF}.Debug|x86.ActiveCfg = Debug|Win32
		{BF472DB3-4725-4DB1-BDAC-89205C2851FF}.Debug|x86.Build.0 = Debug|Win32
		{BF472DB3-4725-4DB1-BDAC-89205C2851FF}.Release|x64.ActiveCfg = Release|x64
		{BF472DB3-4725-4DB1-BDAC-89205C2851FF}.Release|x64.Build.0 = Release|x64
		{BF472DB3-4725-4DB1-BDAC-89205C2851FF}.Release|x86.ActiveCfg = Release|Win32
		{BF472DB3-4725-4DB1-BDAC-89205C2851FF}.Release|x86.Build.0 = Release|Win32
		{684F6FB8-21FA-4502-83B9-21B21BE71469}.Debug|x64.ActiveCfg = Debug|x64
		{684F6FB8-21FA-4502-83B9-21B21BE71469}.Debug|x64.Build.0 = Debug|x64
		{684F6FB8-21FA-4502-83B9-21B21BE71469}.Debug|x86.ActiveCfg = Debug|Win32
		{684F6FB8-21FA-4502-83B9-21B21BE71469}.Debug|x86.Build.0 = Debug|Win32
		{684F6FB8-21FA-4502-83B9-21B21BE71469}.Release|x64.ActiveCfg = Release|x64
		{684F6FB8-21FA-4502-83B9-21B21BE71469}.Release|x64.Build.0 = Release|x64
		{684F6FB8-21FA-4502-83B9-21B21BE71469}.Release|x86.ActiveCfg = Release|Win32
		{684F6FB8-21FA-4502-83B9-21B21BE71469}.Release|x86.Build.0 = Release|Win32
		{B0916AAC-6490-4442-A0E4-984E7D071439}.Debug|x64.ActiveCfg = Debug|x64
		{B0916AAC-6490-4442-A0E4-984E7D071439}.Debug|x64.Build.0 = Debug|x64
		{B0916AAC-6490-4442-A0E4-984E7D071439}.Debug|x86.ActiveCfg = Debug|Win32
		{B0916AAC-6490-4442-A0E4-984E7D071439}.Debug|x86.Build.0 = Debug|Win32
		{B0916AAC-6490-4442-A0E4-984E7D071439}.Release|x64.ActiveCfg = Release|x64
		{B0916AAC-6490-4442-A0E4-984E7D071439}.Release|x64.Build.0 = Release|x64
		{B0916AAC-6490-4442-A0E4-984E7D071439}.Release|x86.ActiveCfg = Release|Win32
		{B0916AAC-6490-4442-A0E4-984E7D071439}.Release|x86.Build.0 = Release|Win32
		{6BFB78C8-7FF9-4BE5-B959-7652303CFEC0}.Debug|x64.ActiveCfg = Debug|x64
		{6BFB78C8-7FF9-4BE5-B959-7652303CFEC0}.Debug|x64.Build.0 = Debug|x64
		{6BFB78C8-7FF9-4BE5-B959-7652303CFEC0}.Debug|x86.ActiveCfg = Debug|Win32
		{6BFB78C8-7FF9-4BE5-B959-7652303CFEC0}.Debug|x86.Build.0 = Debug|Win32
		{6BFB78C8-7FF9-4BE5-B959-7652303CFEC0}.Release|x64.ActiveCfg = Release|x64
		{6BFB78C8-7FF9-4BE5-B959-7652303CFEC0}.Release|x64.Build.0 = Release|x64
		{6BFB78C8-7FF9-4BE5-B959-7652303CFEC0}.Release|x86.ActiveCfg = Release|Win32
		{6BFB78C8-7FF9-4BE5-B959-7652303CFEC0}.Release|x86.Build.0 = Release|Win32
		{1555678F-60B3-4241-AB78-338EA036E1D5}.Debug|x64.ActiveCfg = Debug|x64
		{1555678F-60B3-4241-AB78-338EA036E1D5}.Debug|x64.Build.0 = Debug|x64
		{1555678F-60B3-4241-AB78-338EA036E1D5}.Debug|x86.ActiveCfg = Debug|Win32
		{1555678F-60B3-4241-AB78-338EA036E1D5}.Debug|x86.Build.0 = Debug|Win32
		{1555678F-60B3-4241-AB78-338EA036E1D5}.Release|x64.ActiveCfg = Release|x64
		{1555678F-60B3-4241-AB78-338EA036E1D5}.Release|x64.Build.0 = Release|x64
		{1555678F-60B3-4241-AB78-338EA036E1D5}.Release|x86.ActiveCfg = Release|Win32
		{1555678F-60B3-4241-AB78-338EA036E1D5}.Release|x86.Build.0 = Release|Win32
		{BD06EB36-7AD3-45C9-B7C8-1DF290113C76}.Debug|x64.ActiveCfg = Debug|x64
		{BD06EB36-7AD3-45C9-B7C8-1DF290113C76}.Debug|x64.Build.0 = Debug|x64
		{BD06EB36-7AD3-45C9-B7C8-1DF290113C76}.Debug|x86.ActiveCfg = Debug|Win32
		{BD06EB36-7AD3-45C9-B7C8-1DF290113C76}.Debug|x86.Build.0 = Debug|Win32
		{BD06EB36-7AD3-45C9-B7C8-1DF290113C76}.Release|x64.ActiveCfg = Release|x64
		{BD06EB36-7AD3-45C9-B7C8-1DF290113C76}.Release|x64.Build.0 = Release|x64
		{BD06EB36-7AD3-45C9-B7C8-1DF290113C76}.Release|x86.ActiveCfg = Release|Win32
		{BD06EB36-7AD3-45C9-B7C8-1DF290113C76}.Release|x86.Build.0 = Release|Win32
		{E196C9C2-8CDA-499E-A2A8-5225C905B7E5}.Debug|x64.ActiveCfg = Debug|x64
		{E196C9C2-8CDA-499E-A2A8-5225C905B7E5}.Debug|x64.Build.0 = Debug|x64
		{E196C9C2-8CDA-499E-A2A8-5225C905B7E5}.Debug|x86.ActiveCfg = Debug|Win32
		{E196C9C2-8CDA-499E-A2A8-5225C905B7E5}.Debug|x86.Build.0 = Debug|Win32
		{E196C9C2-8CDA-499E-A2A8-5225C905B7E5}.Release|x64.ActiveCfg = Release|x64
		{E196C9C2-8CDA-499E-A2A8-5225C905B7E5}.Release|x64.Build.0 = Release|x64
		{E196C9C2-8CDA-499E-A2A8-5225C905B7E5}.Release|x86.ActiveCfg = Release|Win32
		{E196C9C2-8CDA-499E-A2A8-5225C905B7E5}.Release|x86.Build.0 = Release|Win32
		{726DA09A-6D4C-4B20-A1FC-E2D296BB5355}.Debug|x64.ActiveCfg = Debug|x64
		{726DA09A-6D4C-4B20-A1FC-E2D296BB5355}.Debug|x64.Build.0 = Debug|x64
		{726DA09A-6D4C-4B20-A1FC-E2D296BB5355}.Debug|x86.ActiveCfg = Debug|Win32
		{726DA09A-6D4C-4B20-A1FC-E2D296BB5355}.Debug|x86.Build.0 = Debug|Win32
		{726DA09A-6D4C-4B20-A1FC-E2D296BB5355}.Release|x64.ActiveCfg = Release|x64
		{726DA09A-6D4C-4B20-A1FC-E2D296BB5355}.Release|x64.Build.0 = Release|x64
		{726DA09A-6D4C-4B20-A1FC-E2D296BB5355}.Release|x86.ActiveCfg = Release|Win32
		{726DA09A-6D4C-4B20-A1FC-E2D296BB5355}.Release|x86.Build.0 = Release|Win32
		{58A2DE1C-0DE5-4B82-8940-A153E5A65682}.Debug|x64.ActiveCfg = Debug|x64
		{58A2DE1C-0DE5-4B82-8940-A153E5A65682}.Debug|x64.Build.0 = Debug|x64
		{58A2DE1C-0DE5-4B82-8940-A153E5A65682}.Debug|x86.ActiveCfg = Debug|Win32
		{58A2DE1C-0DE5-4B82-8940-A153E5A65682}.Debug|x86.Build.0 = Debug|Win32
		{58A2DE1C-0DE5-4B82-8940-A153E5A65682}.Release|x64.ActiveCfg = Release|x64
		{58A2DE1C-0DE5-4B82-8940-A153E5A65682}.Release|x64.Build.0 = Release|x64
		{58A2DE1C-0DE5-4B82-8940-A153E5A65682}.Release|x86.ActiveCfg = Release|Win32
		{58A2DE1C-0DE5-4B82-8940-A153E5A65682}.Release|x86.Build.0 = Release|Win32
		{AA8585E2-74C6-47E1-85D4-D1541144CFF0}.Debug|x64.ActiveCfg = Debug|x64
		{AA8585E2-74C6-47E1-85D4-D1541144CFF0}.Debug|x64.Build.0 = Debug|x64
		{AA8585E2-74C6-47E1-85D4-D1541144CFF0}.Debug|x86.ActiveCfg = Debug|Win32
		{AA8585E2-74C6-47E1-85D4-D1541144CFF0}.Debug|x86.Build.0 = Debug|Win32
		{AA8585E2-74C6-47E1-85D4-D1541144CFF0}.Release|x64.ActiveCfg = Release|x64
		{AA8585E2-74C6-47E1-85D4-D1541144CFF0}.Release|x64.Build.0 = Release|x64
		{AA8585E2-74C6-47E1-85D4-D1541144CFF0}.Release|x86.ActiveCfg = Release|Win32
		{AA8585E2-74C6-47E1-85D4-D1541144CFF0}.Release|x86.Build.0 = Release|Win32
		{6D1CFC9A-621D-422A-930D-A9B0C93299A6}.Debug|x64.ActiveCfg = Debug|x64
		{6D1CFC9A-621D-422A-930D-A9B0C93299A6}.Debug|x64.Build.0 = Debug|x64
		{6D1CFC9A-621D-422A-930D-A9B0C93299A6}.Debug|x86.ActiveCfg = Debug|Win32
		{6D1CFC9A-621D-422A-930D-A9B0C93299A6}.Debug|x86.Build.0 = Debug|Win32
		{6D1CFC9A-621D-422A-930D-A9B0C93299A6}.Release|x64.ActiveCfg = Release|x64
		{6D1CFC9A-621D-422A-930D-A9B0C93299A6}.Release|x64.Build.0 = Release|x64
		{6D1CFC9A-621D-422A-930D-A9B0C93299A6}.Release|x86.ActiveCfg = Release|Win32
		{6D1CFC9A-621D-422A-930D-A9B0C93299A6}.Release|x86.Build.0 = Release|Win32
		{6A908F26-2FE9-4832-9E82-BA64F411C298}.Debug|x64.ActiveCfg = Debug|x64
		{6A908F26-2FE9-4832-9E82-BA64F411C298}.Debug|x64.Build.0 = Debug|x64
		{6A908F26-2FE9-4832-9E82-BA64F411C298}.Debug|x86.ActiveCfg = Debug|Win32
		{6A908F26-2FE9-4832-9E82-BA64F411C298}.Debug|x86.Build.0 = Debug|Win32
		{6A908F26-2FE9-4832-9E82-BA64F411C298}.Release|x64.ActiveCfg = Release|x64
		{6A908F26-2FE9-4832-9E82-BA64F411C298}.Release|x64.Build.0 = Release|x64
		{6A908F26-2FE9-4832-9E82-BA64F411C298}.Release|x86.ActiveCfg = Release|Win32
		{6A908F26-2FE9-4832-9E82-BA64F411C298}.Release|x86.Build.0 = Release|Win32
		{17AAACE6-CCF5-4C59-93E9-47546B46ABE8}.Debug|x64.ActiveCfg = Debug|x64
		{17AAACE6-CCF5-4C59-93E9-47546B46ABE8}.Debug|x64.Build.0 = Debug|x64
		{17AAACE6-CCF5-4C59-93E9-47546B46ABE8}.Debug|x86.ActiveCfg = Debug|Win32
		{17AAACE6-CCF5-4C59-93E9-47546B46ABE8}.Debug|x86.Build.0 = Debug|Win32
		{17AAACE6-CCF5-4C59-93E9-47546B46ABE8}.Release|x64.ActiveCfg = Release|x64
		{17AAACE6-CCF5-4C59-93E9-47546B46ABE8}.Release|x64.Build.0 = Release|x64
		{17AAACE6-CCF5-4C59-93E9-47546B46ABE8}.Release|x86.ActiveCfg = Release|Win32
		{17AAACE6-CCF5-4C59-93E9-47546B46ABE8}.Release|x86.Build.0 = Release|Win32
		{840C0BB1-39BE-492C-A357-9F8919737472}.Debug|x64.ActiveCfg = Debug|x64
		{840C0BB1-39BE-492C-A357-9F8919737472}.Debug|x64.Build.0 = Debug|x64
		{840C0BB1-39BE-492C-A357-9F8919737472}.Debug|x86.ActiveCfg = Debug|Win32
		{840C0BB1-39BE-492C-A357-9F8919737472}.Debug|x86.Build.0 = Debug|Win32
		{840C0BB1-39BE-492C-A357-9F8919737472}.Release|x64.ActiveCfg = Release|x64
		{840C0BB1-39BE-492C-A357-9F8919737472}.Release|x64.Build.0 = Release|x64
		{840C0BB1-39BE-492C-A357-9F8919737472}.Release|x86.ActiveCfg = Release|Win32
		{840C0BB1-39BE-492C-A357-9F8919737472}.Release|x86.Build.0 = Release|Win32
		{F5210BC7-8A00-452D-A2E0-84175E9B0382}.Debug|x64.ActiveCfg = Debug|x64
		{F5210BC7-8A00-452D-A2E0-84175E9B0382}.Debug|x64.Build.0 = Debug|x64
		{F5210BC7-8A00-452D-A2E0-84175E9B0382}.Debug|x86.ActiveCfg = Debug|Win32
		{F5210BC7-8A00-452D-A2E0-84175E9B0382}.Debug|x86.Build.0 = Debug|Win32
		{F5210BC7-8A00-452D-A2E0-84175E9B0382}.Release|x64.ActiveCfg = Release|x64
		{F5210BC7-8A00-452D-A2E0-84175E9B0382}.Release|x64.Build.0 = Release|x64
		{F5210BC7-8A00-452D-A2E0-84175E9B0382}.Release|x86.ActiveCfg = Release|Win32
		{F5210BC7-8A00-452D-A2E0-84175E9B0382}.Release|x86.Build.0 = Release|Win32
		{407DEDD5-CE33-4A80-AE3E-A9F9F8B86C32}.Debug|x64.ActiveCfg = Debug|x64
		{407DEDD5-CE33-4A80-AE3E-A9F9F8B86C32}.Debug|x64.Build.0 = Debug|x64
		{407DEDD5-CE33-4A80-AE3E-A9F9F8B86C32}.Debug|x86.ActiveCfg = Debug|Win32
		{407DEDD5-CE33-4A80-AE3E-A9F9F8B86C32}.Debug|x86.Build.0 = Debug|Win32
		{407DEDD5-CE33-4A80-AE3E-A9F9F8B86C32}.Release|x64.ActiveCfg = Release|x64
		{407DEDD5-CE33-4A80-AE3E-A9F9F8B86C32}.Release|x64.Build.0 = Release|x64
		{407DEDD5-CE33-4A80-AE3E-A9F9F8B86C32}.Release|x86.ActiveCfg = Release|Win32
		{407DEDD5-CE33-4A80-AE3E-A9F9F8B86C32}.Release|x86.Build.0 = Release|Win32
		{688C134F-B563-4366-9B44-56682139ACAA}.Debug|x64.ActiveCfg = Debug|x64
		{688C134F-B563-4366-9B44-56682139ACAA}.Debug|x64.Build.0 = Debug|x64
		{688C134F-B563-4366-9B44-56682139ACAA}.Debug|x86.ActiveCfg = Debug|Win32
		{688C134F-B563-4366-9B44-56682139ACAA}.Debug|x86.Build.0 = Debug|Win32
		{688C134F-B563-4366-9B44-56682139ACAA}.Release|x64.ActiveCfg = Release|x64
		{688C134F-B563-4366-9B44-56682139ACAA}.Release|x64.Build.0 = Release|x64
		{688C134F-B563-4366-9B44-56682139ACAA}.Release|x86.ActiveCfg = Release|Win32
		{688C134F-B563-4366-9B44-56682139ACAA}.Release|x86.Build.0 = Release|Win32
		{1FA21747-FE4C-4ED2-AB42-EDD3411F4910}.Debug|x64.ActiveCfg = Debug|x64
		{1FA21747-FE4C-4ED2-AB42-EDD3411F4910}.Debug|x64.Build.0 = Debug|x64
		{1FA21747-FE4C-4ED2-AB42-EDD3411F4910}.Debug|x86.ActiveCfg = Debug|Win32
		{1FA21747-FE4C-4ED2-AB42-EDD3411F4910}.Debug|x86.Build.0 = Debug|Win32
		{1FA21747-FE4C-4ED2-AB42-EDD3411F4910}.Release|x64.ActiveCfg = Release|x64
		{1FA21747-FE4C-4ED2-AB42-EDD3411F4910}.Release|x64.Build.0 = Release|x64
		{1FA21747-FE4C-4ED2-AB42-EDD3411F4910}.Release|x86.ActiveCfg = Release|Win32
		{1FA21747-FE4C-4ED2-AB42-EDD3411F4910}.Release|x86.Build.0 = Release|Win32
		{BC946288-DF47-42A8-9AE0-113F82146216}.Debug|x64.ActiveCfg = Debug|x64
		{BC946288-DF47-42A8-9AE0-113F82146216}.Debug|x64.Build.0 = Debug|x64
		{BC946288-DF47-42A8-9AE0-113F82146216}.Debug|x86.ActiveCfg = Debug|Win32
		{BC946288-DF47-42A8-9AE0-113F82146216}.Debug|x86.Build.0 = Debug|Win32
		{BC946288-DF47-42A8-9AE0-113F82146216}.Release|x64.ActiveCfg = Release|x64
		{BC946288-DF47-42A8-9AE0-113F82146216}.Release|x64.Build.0 = Release|x64
		{BC946288-DF47-42A8-9AE0-113F82146216}.Release|x86.ActiveCfg = Release|Win32
		{BC946288-DF47-42A8-9AE0-113F82146216}.Release|x86.Build.0 = Release|Win32
		{7FE4091C-244E-4EDF-987A-FFDA8A4A47C8}.Debug|x64.ActiveCfg = Debug|x64
		{7FE4091C-244E-4EDF-987A-FFDA8A4A47C8}.Debug|x64.Build.0 = Debug|x64
		{7FE4091C-244E-4EDF-987A-FFDA8A4A47C8}.Debug|x86.ActiveCfg = Debug|Win32
		{7FE4091C-244E-4EDF-987A-FFDA8A4A47C8}.Debug|x86.Build.0 = Debug|Win32
		{7FE4091C-244E-4EDF-987A-FFDA8A4A47C8}.Release|x64.ActiveCfg = Release|x64
		{7FE4091C-244E-4EDF-987A-FFDA8A4A47C8}.Release|x64.Build.0 = Release|x64
		{7FE4091C-244E-4EDF-987A-FFDA8A4A47C8}.Release|x86.ActiveCfg = Release|Win32
		{7FE4091C-244E-4EDF-987A-FFDA8A4A47C8}.Release|x86.Build.0 = Release|Win32
		{AFD3AF9B-D81A-4C83-BAA2-AFA5F9B8A846}.Debug|x64.ActiveCfg = Debug|x64
		{AFD3AF9B-D81A-4C83-BAA2-AFA5F9B8A846}.Debug|x64.Build.0 = Debug|x64
		{AFD3AF9B-D81A-4C83-BAA2-AFA5F9B8A846}.Debug|x86.ActiveCfg = Debug|Win32
		{AFD3AF9B-D81A-4C83-BAA2-AFA5F9B8A846}.Debug|x86.Build.0 = Debug|Win32
		{AFD3AF9B-D81A-4C83-BAA2-AFA5F9B8A846}.Release|x64.ActiveCfg = Release|x64
		{AFD3AF9B-D81A-4C83-BAA2-AFA5F9B8A846}.Release|x64.Build.0 = Release|x64
		{AFD3AF9B-D81A-4C83-BAA2-AFA5F9B8A846}.Release|x86.ActiveCfg = Release|Win32
		{AFD3AF9B-D81A-4C83-BAA2-AFA5F9B8A846}.Release|x86.Build.0 = Release|Win32
		{67D205DF-EAA4-4748-B23B-D3B46EE16596}.Debug|x64.ActiveCfg = Debug|x64
		{67D205DF-EAA4-4748-B23B-D3B46EE16596}.Debug|x64.Build.0 = Debug|x64
		{67D205DF-EAA4-4748-B23B-D3B46EE16596}.Debug|x86.ActiveCfg = Debug|Win32
		{67D205DF-EAA4-4748-B23B-D3B46EE16596}.Debug|x86.Build.0 = Debug|Win32
		{67D205DF-EAA4-4748-B23B-D3B46EE16596}.Release|x64.ActiveCfg = Release|x64
		{67D205DF-EAA4-4748-B23B-D3B46EE16596}.Release|x64.Build.0 = Release|x64
		{67D205DF-EAA4-4748-B23B-D3B46EE16596}.Release|x86.ActiveCfg = Release|Win32
		{67D205DF-EAA4-4748-B23B-D3B46EE16596}.Release|x86.Build.0 = Release|Win32
		{A5BAB485-93E2-4189-8CC8-C94CEED0577A}.Debug|x64.ActiveCfg = Debug|x64
		{A5BAB485-93E2-4189-8CC8-C94CEED0577A}.Debug|x64.Build.0 = Debug|x64
		{A5BAB485-93E2-4189-8CC8-C94CEED0577A}.Debug|x86.ActiveCfg = Debug|Win32
		{A5BAB485-93E2-4189-8CC8-C94CEED0577A}.Debug|x86.Build.0 = Debug|Win32
		{A5BAB485-93E2-4189-8CC8-C94CEED0577A}.Release|x64.ActiveCfg = Release|x64
		{A5BAB485-93E2-4189-8CC8-C94CEED0577A}.Release|x64.Build.0 = Release|x64
		{A5BAB485-93E2-4189-8CC8-C94CEED0577A}.Release|x86.ActiveCfg = Release|Win32
		{A5BAB485-93E2-4189-8CC8-C94CEED0577A}.Release|x86.Build.0 = Release|Win32
		{61FEADCF-C659-44F4-8567-4AE6D2E33872}.Debug|x64.ActiveCfg = Debug|x64
		{61FEADCF-C659-44F4-8567-4AE6D2E33872}.Debug|x64.Build.0 = Debug|x64
		{61FEADCF-C659-44F4-8567-4AE6D2E33872}.Debug|x86.ActiveCfg = Debug|Win32
		{61FEADCF-C659-44F4-8567-4AE6D2E33872}.Debug|x86.Build.0 = Debug|Win32
		{61FEADCF-C659-44F4-8567-4AE6D2E33872}.Release|x64.ActiveCfg = Release|x64
		{61FEADCF-C659-44F4-8567-4AE6D2E33872}.Release|x64.Build.0 = Release|x64
		{61FEADCF-C659-44F4-8567-4AE6D2E33872}.Release|x86.ActiveCfg = Release|Win32
		{61FEADCF-C659-44F4-8567-4AE6D2E33872}.Release|x86.Build.0 = Release|Win32
		{469BF24B-3EA5-4934-939C-B906D5A4C6DE}.Debug|x64.ActiveCfg = Debug|x64
		{469BF24B-3EA5-4934-939C-B906D5A4C6DE}.Debug|x64.Build.0 = Debug|x64
		{469BF24B-3EA5-4934-939C-B906D5A4C6DE}.Debug|x86.ActiveCfg = Debug|Win32
		{469BF24B-3EA5-4934-939C-B906D5A4C6DE}.Debug|x86.Build.0 = Debug|Win32
		{469BF24B-3EA5-4934-939C-B906D5A4C6DE}.Release|x64.ActiveCfg = Release|x64
		{469BF24B-3EA5-4934-939C-B906D5A4C6DE}.Release|x64.Build.0 = Release|x64
		{469BF24B-3EA5-4934-939C-B906D5A4C6DE}.Release|x86.ActiveCfg = Release|Win32
		{469BF24B-3EA5-4934-939C-B906D5A4C6DE}.Release|x86.Build.0 = Release|Win32
	EndGlobalSection
	GlobalSection(SolutionProperties) = preSolution
		HideSolutionNode = FALSE
	EndGlobalSection
	GlobalSection(NestedProjects) = preSolution
		{94ADE40B-9CDA-438D-B7CF-17B1DF8F745E} = {05BAE4C6-BCB5-441D-AA03-103E7EDCB200}
		{CDDC1C65-CE2C-462E-AF24-0E8653044B11} = {DB8C5C9F-CA9F-4CC3-95BC-9558A1C6C6B1}
		{AA8585E2-74C6-47E1-85D4-D1541144CFF0} = {CDDC1C65-CE2C-462E-AF24-0E8653044B11}
		{6D1CFC9A-621D-422A-930D-A9B0C93299A6} = {CDDC1C65-CE2C-462E-AF24-0E8653044B11}
		{CE97A785-2A88-4B95-8B8C-91635E0389F1} = {DB8C5C9F-CA9F-4CC3-95BC-9558A1C6C6B1}
		{51BC2E46-E890-483F-9E47-E11530E483B7} = {DB8C5C9F-CA9F-4CC3-95BC-9558A1C6C6B1}
		{6A908F26-2FE9-4832-9E82-BA64F411C298} = {CE97A785-2A88-4B95-8B8C-91635E0389F1}
		{17AAACE6-CCF5-4C59-93E9-47546B46ABE8} = {CE97A785-2A88-4B95-8B8C-91635E0389F1}
		{840C0BB1-39BE-492C-A357-9F8919737472} = {CE97A785-2A88-4B95-8B8C-91635E0389F1}
		{F5210BC7-8A00-452D-A2E0-84175E9B0382} = {CE97A785-2A88-4B95-8B8C-91635E0389F1}
		{407DEDD5-CE33-4A80-AE3E-A9F9F8B86C32} = {CE97A785-2A88-4B95-8B8C-91635E0389F1}
		{688C134F-B563-4366-9B44-56682139ACAA} = {CE97A785-2A88-4B95-8B8C-91635E0389F1}
		{1FA21747-FE4C-4ED2-AB42-EDD3411F4910} = {CE97A785-2A88-4B95-8B8C-91635E0389F1}
		{BC946288-DF47-42A8-9AE0-113F82146216} = {CE97A785-2A88-4B95-8B8C-91635E0389F1}
		{7FE4091C-244E-4EDF-987A-FFDA8A4A47C8} = {51BC2E46-E890-483F-9E47-E11530E483B7}
		{AFD3AF9B-D81A-4C83-BAA2-AFA5F9B8A846} = {CE97A785-2A88-4B95-8B8C-91635E0389F1}
		{67D205DF-EAA4-4748-B23B-D3B46EE16596} = {CE97A785-2A88-4B95-8B8C-91635E0389F1}
		{61FEADCF-C659-44F4-8567-4AE6D2E33872} = {51BC2E46-E890-483F-9E47-E11530E483B7}
		{469BF24B-3EA5-4934-939C-B906D5A4C6DE} = {CE97A785-2A88-4B95-8B8C-91635E0389F1}
	EndGlobalSection
	GlobalSection(ExtensibilityGlobals) = postSolution
		SolutionGuid = {1AC0239E-6768-442B-A209-89D7A40DE8C7}
	EndGlobalSection
EndGlobal
