
Microsoft Visual Studio Solution File, Format Version 12.00
# Visual Studio Version 16
VisualStudioVersion = 16.0.29728.190
MinimumVisualStudioVersion = 10.0.40219.1
Project("{8BC9CEB8-8B4A-11D0-8D11-00A0C91BC942}") = "TowerOfHanoi", "SI-HackerRank\SI-HackerRank.vcxproj", "{2F0D0C6B-1693-4F08-93C1-93DDED3643BD}"
EndProject
Project("{8BC9CEB8-8B4A-11D0-8D11-00A0C91BC942}") = "SubsetSum", "SubsetSum\SubsetSum.vcxproj", "{6A7BE4DC-8B87-4182-B3A9-9567785785D8}"
EndProject
Project("{8BC9CEB8-8B4A-11D0-8D11-00A0C91BC942}") = "BitManipulation", "BitManipulation\BitManipulation.vcxproj", "{7F03D2B3-FD48-4FB6-927D-82332630C962}"
EndProject
Project("{8BC9CEB8-8B4A-11D0-8D11-00A0C91BC942}") = "DivideInteger", "DivideInteger\DivideInteger.vcxproj", "{62DAA0A4-29E8-4DFB-BDB1-46889038B20E}"
EndProject
Project("{8BC9CEB8-8B4A-11D0-8D11-00A0C91BC942}") = "Sorting", "Sorting\Sorting.vcxproj", "{B0813834-8ED2-4BC2-AEA7-1F2D6BAED283}"
EndProject
Project("{8BC9CEB8-8B4A-11D0-8D11-00A0C91BC942}") = "InterleavingString", "InterleavingString\InterleavingString.vcxproj", "{F2C99D7C-7518-404C-82C8-7E2D311B10EF}"
EndProject
Project("{8BC9CEB8-8B4A-11D0-8D11-00A0C91BC942}") = "TripleTrouble", "TripleTrouble\TripleTrouble.vcxproj", "{4D96843D-828B-4ADA-96AB-DAFB12AE278A}"
EndProject
Project("{8BC9CEB8-8B4A-11D0-8D11-00A0C91BC942}") = "Backtracking", "Backtracking\Backtracking.vcxproj", "{BF9D138B-60BA-412F-9646-C36DE534B456}"
EndProject
Project("{8BC9CEB8-8B4A-11D0-8D11-00A0C91BC942}") = "SumOfPairs", "SumOfPairs\SumOfPairs.vcxproj", "{E99FE9A8-2990-4427-BD80-2CB164BAD20A}"
EndProject
Project("{8BC9CEB8-8B4A-11D0-8D11-00A0C91BC942}") = "PairWithDifference", "PairWithDifference\PairWithDifference.vcxproj", "{63160704-D146-4108-BE92-16E2E4DB51C4}"
EndProject
Project("{8BC9CEB8-8B4A-11D0-8D11-00A0C91BC942}") = "TripletWithSum", "TripletWithSum\TripletWithSum.vcxproj", "{F2E47FCD-A49B-452E-B77D-FD6AF76719CE}"
EndProject
Project("{8BC9CEB8-8B4A-11D0-8D11-00A0C91BC942}") = "SmallerElements", "SmallerElements\SmallerElements.vcxproj", "{303CA50D-2D13-412A-A419-6237342A064C}"
EndProject
Project("{8BC9CEB8-8B4A-11D0-8D11-00A0C91BC942}") = "FindingFloor", "FindingFloor\FindingFloor.vcxproj", "{E5269181-8569-49E5-9752-0EFE3F8C44F0}"
EndProject
Project("{8BC9CEB8-8B4A-11D0-8D11-00A0C91BC942}") = "FindingCeil", "FindingCeil\FindingCeil.vcxproj", "{3C1353A7-C1EE-4546-8482-A3696249F04A}"
EndProject
Project("{8BC9CEB8-8B4A-11D0-8D11-00A0C91BC942}") = "FindingFrequency", "FindingFrequency\FindingFrequency.vcxproj", "{5BB49074-703B-424F-ADA1-A187FEA11603}"
EndProject
Project("{8BC9CEB8-8B4A-11D0-8D11-00A0C91BC942}") = "SquareRoot", "SquareRoot\SquareRoot.vcxproj", "{3316EE6F-E371-4527-AED4-6AF3698FA2DD}"
EndProject
Project("{8BC9CEB8-8B4A-11D0-8D11-00A0C91BC942}") = "SortedArrayMedian", "SortedArrayMedian\SortedArrayMedian.vcxproj", "{119683B6-BCFB-48E4-AA12-A068A0BD9B15}"
EndProject
Project("{8BC9CEB8-8B4A-11D0-8D11-00A0C91BC942}") = "CubeRoot", "CubeRoot\CubeRoot.vcxproj", "{6A6775C4-4A12-4B9C-9D63-1BC75F0924F3}"
EndProject
Project("{8BC9CEB8-8B4A-11D0-8D11-00A0C91BC942}") = "FrequencySort", "FrequencySort\FrequencySort.vcxproj", "{C244380E-A282-4943-A6E4-0FA950D71894}"
EndProject
Project("{8BC9CEB8-8B4A-11D0-8D11-00A0C91BC942}") = "PowerGame", "PowerGame\PowerGame.vcxproj", "{7225FACB-0039-4293-8518-CB56A3690907}"
EndProject
Project("{8BC9CEB8-8B4A-11D0-8D11-00A0C91BC942}") = "TimeOfYear", "TimeOfYear\TimeOfYear.vcxproj", "{0BAC521E-2FDA-47A1-8179-C38604447128}"
EndProject
Project("{8BC9CEB8-8B4A-11D0-8D11-00A0C91BC942}") = "LargestConcatenatedNumber", "LargestConcatenatedNumber\LargestConcatenatedNumber.vcxproj", "{1DC21F15-1C9F-437B-A3AC-05C2BBD4D973}"
EndProject
Project("{8BC9CEB8-8B4A-11D0-8D11-00A0C91BC942}") = "CountTriangles", "CountTriangles\CountTriangles.vcxproj", "{421C08B6-EDD9-4AF1-B58B-D6F53AEF5E4B}"
EndProject
Project("{2150E333-8FDC-42A3-9474-1A3956D46DE8}") = "Backtracking-Problems", "Backtracking-Problems", "{05BAE4C6-BCB5-441D-AA03-103E7EDCB200}"
EndProject
Project("{8BC9CEB8-8B4A-11D0-8D11-00A0C91BC942}") = "Combination", "Combination\Combination.vcxproj", "{94ADE40B-9CDA-438D-B7CF-17B1DF8F745E}"
EndProject
Project("{8BC9CEB8-8B4A-11D0-8D11-00A0C91BC942}") = "CabinetPartitioning", "CabinetPartitioning\CabinetPartitioning.vcxproj", "{7542B60F-B291-4042-B0FC-1BE3FEBFE567}"
EndProject
Project("{8BC9CEB8-8B4A-11D0-8D11-00A0C91BC942}") = "RankBooks", "RankBooks\RankBooks.vcxproj", "{89273E72-16CD-4692-9227-B2ED17539372}"
EndProject
Project("{8BC9CEB8-8B4A-11D0-8D11-00A0C91BC942}") = "AnagramEasy", "AnagramEasy\AnagramEasy.vcxproj", "{E16104A5-FAD8-471E-8B66-5BDA069F5552}"
EndProject
Project("{8BC9CEB8-8B4A-11D0-8D11-00A0C91BC942}") = "SubarraySum", "SubarraySum\SubarraySum.vcxproj", "{1A8DAD2F-B1E9-42B2-B75B-082513DB0DCC}"
EndProject
Project("{8BC9CEB8-8B4A-11D0-8D11-00A0C91BC942}") = "GroupAnagram", "GroupAnagram\GroupAnagram.vcxproj", "{E5983762-B872-4225-8866-5CBDBC11A48A}"
EndProject
Project("{8BC9CEB8-8B4A-11D0-8D11-00A0C91BC942}") = "LongestPalindromicString", "LongestPalindromicString\LongestPalindromicString.vcxproj", "{E661AA63-B846-48D6-B987-9B793778BACE}"
EndProject
Project("{8BC9CEB8-8B4A-11D0-8D11-00A0C91BC942}") = "EnclosedSubString", "EnclosedString\EnclosedString.vcxproj", "{962FB565-C6F4-4AAB-A63B-F3A31B5AB6E6}"
EndProject
Project("{8BC9CEB8-8B4A-11D0-8D11-00A0C91BC942}") = "RabinKarp", "RabinKarp\RabinKarp.vcxproj", "{2F9FADD6-C23A-4C00-A3FD-DD381E11EA60}"
EndProject
Project("{8BC9CEB8-8B4A-11D0-8D11-00A0C91BC942}") = "DistinctElementsWindow", "DistinctElementsWindow\DistinctElementsWindow.vcxproj", "{9BD2CF36-81AA-44E5-B05A-56AB94595F5F}"
EndProject
Project("{8BC9CEB8-8B4A-11D0-8D11-00A0C91BC942}") = "WordsVowelConsonants", "WordsVowelConsonants\WordsVowelConsonants.vcxproj", "{781F6D64-AF31-4247-8631-E682EFF22F89}"
EndProject
Project("{8BC9CEB8-8B4A-11D0-8D11-00A0C91BC942}") = "QuadraplesXOR", "QuadraplesXOR\QuadraplesXOR.vcxproj", "{21B29B0A-43A0-4FC6-96A9-EFB69CCDD9FB}"
EndProject
Project("{8BC9CEB8-8B4A-11D0-8D11-00A0C91BC942}") = "FirstRepeatingCharacter", "FirstRepeatingCharacter\FirstRepeatingCharacter.vcxproj", "{BF472DB3-4725-4DB1-BDAC-89205C2851FF}"
EndProject
Project("{8BC9CEB8-8B4A-11D0-8D11-00A0C91BC942}") = "SortColor", "SortColor\SortColor.vcxproj", "{684F6FB8-21FA-4502-83B9-21B21BE71469}"
EndProject
Project("{8BC9CEB8-8B4A-11D0-8D11-00A0C91BC942}") = "SubstringCheck", "SubstringCheck\SubstringCheck.vcxproj", "{B0916AAC-6490-4442-A0E4-984E7D071439}"
EndProject
Project("{8BC9CEB8-8B4A-11D0-8D11-00A0C91BC942}") = "RotateArray", "RotateArray\RotateArray.vcxproj", "{6BFB78C8-7FF9-4BE5-B959-7652303CFEC0}"
EndProject
Project("{8BC9CEB8-8B4A-11D0-8D11-00A0C91BC942}") = "CollectingWater", "CollectingWater\CollectingWater.vcxproj", "{1555678F-60B3-4241-AB78-338EA036E1D5}"
EndProject
Project("{8BC9CEB8-8B4A-11D0-8D11-00A0C91BC942}") = "PrimeFear", "PrimeFear\PrimeFear.vcxproj", "{BD06EB36-7AD3-45C9-B7C8-1DF290113C76}"
EndProject
Project("{8BC9CEB8-8B4A-11D0-8D11-00A0C91BC942}") = "SubsequenceSum", "SubsequenceSum\SubsequenceSum.vcxproj", "{E196C9C2-8CDA-499E-A2A8-5225C905B7E5}"
EndProject
Project("{8BC9CEB8-8B4A-11D0-8D11-00A0C91BC942}") = "KMP", "KMP\KMP.vcxproj", "{726DA09A-6D4C-4B20-A1FC-E2D296BB5355}"
EndProject
Project("{2150E333-8FDC-42A3-9474-1A3956D46DE8}") = "Data-Structures", "Data-Structures", "{DB8C5C9F-CA9F-4CC3-95BC-9558A1C6C6B1}"
EndProject
Project("{2150E333-8FDC-42A3-9474-1A3956D46DE8}") = "Linked-List", "Linked-List", "{CDDC1C65-CE2C-462E-AF24-0E8653044B11}"
EndProject
Project("{8BC9CEB8-8B4A-11D0-8D11-00A0C91BC942}") = "Basics", "Basics\Basics.vcxproj", "{58A2DE1C-0DE5-4B82-8940-A153E5A65682}"
EndProject
Project("{8BC9CEB8-8B4A-11D0-8D11-00A0C91BC942}") = "Beginner", "Beginner\Beginner.vcxproj", "{AA8585E2-74C6-47E1-85D4-D1541144CFF0}"
EndProject
Project("{8BC9CEB8-8B4A-11D0-8D11-00A0C91BC942}") = "LRU Mechanism", "LRU Mechanism\LRU Mechanism.vcxproj", "{6D1CFC9A-621D-422A-930D-A9B0C93299A6}"
EndProject
Project("{2150E333-8FDC-42A3-9474-1A3956D46DE8}") = "Stack", "Stack", "{CE97A785-2A88-4B95-8B8C-91635E0389F1}"
	ProjectSection(SolutionItems) = preProject
		PolishNotationAlgo.txt = PolishNotationAlgo.txt
	EndProjectSection
EndProject
Project("{2150E333-8FDC-42A3-9474-1A3956D46DE8}") = "Queue", "Queue", "{51BC2E46-E890-483F-9E47-E11530E483B7}"
EndProject
Project("{8BC9CEB8-8B4A-11D0-8D11-00A0C91BC942}") = "BalancedParanthesis", "BalancedParanthesis\BalancedParanthesis.vcxproj", "{6A908F26-2FE9-4832-9E82-BA64F411C298}"
EndProject
Project("{8BC9CEB8-8B4A-11D0-8D11-00A0C91BC942}") = "KStackInArray", "KStackInArray\KStackInArray.vcxproj", "{17AAACE6-CCF5-4C59-93E9-47546B46ABE8}"
EndProject
Project("{8BC9CEB8-8B4A-11D0-8D11-00A0C91BC942}") = "StockSpan", "StockSpan\StockSpan.vcxproj", "{840C0BB1-39BE-492C-A357-9F8919737472}"
EndProject
Project("{8BC9CEB8-8B4A-11D0-8D11-00A0C91BC942}") = "PreviousGreater", "PreviousGreater\PreviousGreater.vcxproj", "{F5210BC7-8A00-452D-A2E0-84175E9B0382}"
EndProject
Project("{8BC9CEB8-8B4A-11D0-8D11-00A0C91BC942}") = "NextGreaterElement", "NextGreaterElement\NextGreaterElement.vcxproj", "{407DEDD5-CE33-4A80-AE3E-A9F9F8B86C32}"
EndProject
Project("{8BC9CEB8-8B4A-11D0-8D11-00A0C91BC942}") = "LargestRectangularHistogram", "LargestRectangularHistogram\LargestRectangularHistogram.vcxproj", "{688C134F-B563-4366-9B44-56682139ACAA}"
EndProject
Project("{8BC9CEB8-8B4A-11D0-8D11-00A0C91BC942}") = "MinStack", "MinStack\MinStack.vcxproj", "{1FA21747-FE4C-4ED2-AB42-EDD3411F4910}"
EndProject
Project("{8BC9CEB8-8B4A-11D0-8D11-00A0C91BC942}") = "PreviousSmaller", "PreviousSmaller\PreviousSmaller.vcxproj", "{BC946288-DF47-42A8-9AE0-113F82146216}"
EndProject
Project("{8BC9CEB8-8B4A-11D0-8D11-00A0C91BC942}") = "QueueImplementation", "QueueImplementation\QueueImplementation.vcxproj", "{7FE4091C-244E-4EDF-987A-FFDA8A4A47C8}"
EndProject
Project("{8BC9CEB8-8B4A-11D0-8D11-00A0C91BC942}") = "StackImplementation", "StackImplementation\StackImplementation.vcxproj", "{AFD3AF9B-D81A-4C83-BAA2-AFA5F9B8A846}"
EndProject
Project("{8BC9CEB8-8B4A-11D0-8D11-00A0C91BC942}") = "ReverseSentence", "ReverseSentence\ReverseSentence.vcxproj", "{67D205DF-EAA4-4748-B23B-D3B46EE16596}"
EndProject
Project("{8BC9CEB8-8B4A-11D0-8D11-00A0C91BC942}") = "KillingDragons", "KillingDragons\KillingDragons.vcxproj", "{A5BAB485-93E2-4189-8CC8-C94CEED0577A}"
EndProject
Project("{8BC9CEB8-8B4A-11D0-8D11-00A0C91BC942}") = "ImplementStackUsingQueue", "ImplementStackUsingQueue\ImplementStackUsingQueue.vcxproj", "{61FEADCF-C659-44F4-8567-4AE6D2E33872}"
EndProject
Project("{8BC9CEB8-8B4A-11D0-8D11-00A0C91BC942}") = "ImplementQueueUsingStack", "ImplementQueueUsingStack\ImplementQueueUsingStack.vcxproj", "{469BF24B-3EA5-4934-939C-B906D5A4C6DE}"
EndProject
Project("{8BC9CEB8-8B4A-11D0-8D11-00A0C91BC942}") = "ReverseQueue", "ReverseQueue\ReverseQueue.vcxproj", "{A1A23949-EE7C-41B1-A983-22A381FFFA06}"
EndProject
Project("{8BC9CEB8-8B4A-11D0-8D11-00A0C91BC942}") = "GenerateNumber", "GenerateNumber\GenerateNumber.vcxproj", "{C8CBBCFE-36B4-47D4-ACAB-12FAFD923377}"
EndProject
Project("{2150E333-8FDC-42A3-9474-1A3956D46DE8}") = "Deque", "Deque", "{590A7267-20FF-4770-ABB7-DEEC9FAAAB8A}"
EndProject
Project("{8BC9CEB8-8B4A-11D0-8D11-00A0C91BC942}") = "DequeImplementation", "DequeImplementation\DequeImplementation.vcxproj", "{3D8D24EE-C3BA-4535-9BA4-A4F6030270EE}"
EndProject
Project("{8BC9CEB8-8B4A-11D0-8D11-00A0C91BC942}") = "SlidingWindowMax", "SlidingWindowMax\SlidingWindowMax.vcxproj", "{AA04B9FA-1687-49AB-98AB-409D6CD14792}"
EndProject
Project("{8BC9CEB8-8B4A-11D0-8D11-00A0C91BC942}") = "InfixToPostfix", "InfixToPostfix\InfixToPostfix.vcxproj", "{34EE25E1-88A5-4986-8117-06C569D9EFEF}"
EndProject
Project("{8BC9CEB8-8B4A-11D0-8D11-00A0C91BC942}") = "PostfixEvaluation", "PostfixEvaluation\PostfixEvaluation.vcxproj", "{B854D9DB-6364-4E66-8C49-6427E2E4A960}"
EndProject
Project("{2150E333-8FDC-42A3-9474-1A3956D46DE8}") = "Tree", "Tree", "{D701E6B1-07CB-4392-90D1-ED3344F50D48}"
EndProject
Project("{2150E333-8FDC-42A3-9474-1A3956D46DE8}") = "Binary Tree", "Binary Tree", "{1B679709-0F5C-4F5E-8A1B-3D6358D98DFC}"
EndProject
Project("{2150E333-8FDC-42A3-9474-1A3956D46DE8}") = "Binary Search Tree", "Binary Search Tree", "{E1B9B52B-7235-40AE-9F3A-C099EEE798D4}"
EndProject
Project("{8BC9CEB8-8B4A-11D0-8D11-00A0C91BC942}") = "BinaryTreeBasics", "BinaryTreeBasics\BinaryTreeBasics.vcxproj", "{8D1FF872-DBF0-4A78-854C-4EDAA66D513F}"
EndProject
Project("{2150E333-8FDC-42A3-9474-1A3956D46DE8}") = "Constest", "Constest", "{9649F728-E74B-4881-A992-806442098FFE}"
EndProject
Project("{2150E333-8FDC-42A3-9474-1A3956D46DE8}") = "B", "B", "{9165BD0B-F076-4B50-843F-F2CBF2BC3F8E}"
EndProject
Project("{8BC9CEB8-8B4A-11D0-8D11-00A0C91BC942}") = "ConvertingAnagrams", "ConvertingAnagrams\ConvertingAnagrams.vcxproj", "{1CF55BE7-324D-4AE5-BB89-923AA3FC3529}"
EndProject
Project("{8BC9CEB8-8B4A-11D0-8D11-00A0C91BC942}") = "FarewellParty", "FarewellParty\FarewellParty.vcxproj", "{8F2166DA-ED48-4C3A-A2C2-3A487043745A}"
EndProject
Project("{8BC9CEB8-8B4A-11D0-8D11-00A0C91BC942}") = "GameSquare", "GameSquare\GameSquare.vcxproj", "{9F2167A7-EE79-4D4C-B607-1B019FA43A02}"
EndProject
Project("{8BC9CEB8-8B4A-11D0-8D11-00A0C91BC942}") = "RoboticExhibition", "RoboticExhibition\RoboticExhibition.vcxproj", "{42F15544-4FE5-440D-9AC4-0442CB717D4F}"
EndProject
Project("{8BC9CEB8-8B4A-11D0-8D11-00A0C91BC942}") = "BSTBasics", "BSTBasics\BSTBasics.vcxproj", "{98B7EE6F-D03A-4427-B0F7-CE9C7293D4FF}"
EndProject
Project("{2150E333-8FDC-42A3-9474-1A3956D46DE8}") = "SelfBalancingBST", "SelfBalancingBST", "{1EB8379E-8792-445E-A04B-1F558EE31D8F}"
EndProject
Project("{8BC9CEB8-8B4A-11D0-8D11-00A0C91BC942}") = "AVL-Tree", "AVL-Tree\AVL-Tree.vcxproj", "{DE5EB4DC-300D-4206-A814-59170D88CD8A}"
EndProject
Project("{2150E333-8FDC-42A3-9474-1A3956D46DE8}") = "BinaryHeap", "BinaryHeap", "{B7C7DDFF-FCA8-46AD-88E4-24D1016638C3}"
EndProject
Project("{8BC9CEB8-8B4A-11D0-8D11-00A0C91BC942}") = "BinaryHeapBasics", "BinaryHeapBasics\BinaryHeapBasics.vcxproj", "{F353EA34-C3B8-47A2-A127-0ED3F2D401EF}"
EndProject
Project("{8BC9CEB8-8B4A-11D0-8D11-00A0C91BC942}") = "NearlyKSortedArray", "NearlyKSortedArray\NearlyKSortedArray.vcxproj", "{291B57AE-602A-4F65-B966-98E7BFBD5986}"
EndProject
Project("{8BC9CEB8-8B4A-11D0-8D11-00A0C91BC942}") = "KSortedArray", "KSortedArray\KSortedArray.vcxproj", "{ECAB30ED-F84C-4274-8BDD-6390BFE0B2AD}"
EndProject
Project("{8BC9CEB8-8B4A-11D0-8D11-00A0C91BC942}") = "MedianOfStream", "MedianOfStream\MedianOfStream.vcxproj", "{1CEE7184-0BDD-49CA-AC09-4DB2FA3FD782}"
EndProject
Project("{8BC9CEB8-8B4A-11D0-8D11-00A0C91BC942}") = "RearrangeCharacters", "RearrangeCharacters\RearrangeCharacters.vcxproj", "{E4354A7C-BE83-4E49-9B26-CAD02EF91296}"
EndProject
Project("{8BC9CEB8-8B4A-11D0-8D11-00A0C91BC942}") = "SmallerRight", "SmallerRight\SmallerRight.vcxproj", "{F6D2ACC1-D948-4C3E-8099-F207ECB5ED53}"
EndProject
Project("{8BC9CEB8-8B4A-11D0-8D11-00A0C91BC942}") = "SumOfNumberRootToLeaf", "SumOfNumberRootToLeaf\SumOfNumberRootToLeaf.vcxproj", "{1C978BED-AD6E-462E-8EB5-CE12E9555950}"
EndProject
Project("{8BC9CEB8-8B4A-11D0-8D11-00A0C91BC942}") = "IBLRUCache", "IBLRUCache\IBLRUCache.vcxproj", "{76C215F9-2066-452A-B064-CC0D941A319E}"
EndProject
Project("{2150E333-8FDC-42A3-9474-1A3956D46DE8}") = "Graph", "Graph", "{9EFFFD89-BFEA-45E6-81FE-844EF0A45C32}"
EndProject
Project("{8BC9CEB8-8B4A-11D0-8D11-00A0C91BC942}") = "IsPathExist", "IsPathExist\IsPathExist.vcxproj", "{C0297ADE-FBEE-4424-94AF-43C32B97DD73}"
EndProject
Project("{8BC9CEB8-8B4A-11D0-8D11-00A0C91BC942}") = "XTotalShapes", "XTotalShapes\XTotalShapes.vcxproj", "{2944AA78-14B2-4CE2-A207-A12BE4ADD147}"
EndProject
Project("{8BC9CEB8-8B4A-11D0-8D11-00A0C91BC942}") = "DeleteMiddleOfStack", "DeleteMiddleOfStack\DeleteMiddleOfStack.vcxproj", "{35433652-6484-46D0-BC19-2F654884A687}"
EndProject
Project("{8BC9CEB8-8B4A-11D0-8D11-00A0C91BC942}") = "SortStack", "SortStack\SortStack.vcxproj", "{9EFDE7C8-3114-47F1-BD8F-099D09A8F957}"
EndProject
Project("{2150E333-8FDC-42A3-9474-1A3956D46DE8}") = "Greedy", "Greedy", "{AD33D592-5715-4FC9-B260-E6AAF1251CDD}"
EndProject
Project("{8BC9CEB8-8B4A-11D0-8D11-00A0C91BC942}") = "ActivitySelection", "ActivitySelection\ActivitySelection.vcxproj", "{CE734056-0C45-4788-9380-A1E2F72E56D5}"
EndProject
Project("{8BC9CEB8-8B4A-11D0-8D11-00A0C91BC942}") = "FractionalKnapsack", "FractionalKnapsack\FractionalKnapsack.vcxproj", "{006B1247-DE66-4A63-86B4-1F21256C7B58}"
EndProject
Project("{8BC9CEB8-8B4A-11D0-8D11-00A0C91BC942}") = "JobScheduling", "JobScheduling\JobScheduling.vcxproj", "{DE9C7062-B3E5-481E-AF20-16E71336B03C}"
EndProject
Project("{8BC9CEB8-8B4A-11D0-8D11-00A0C91BC942}") = "Permutation", "Permutation\Permutation.vcxproj", "{FD27803F-5D5D-468B-9333-1A5DE834FF9F}"
EndProject
Project("{2150E333-8FDC-42A3-9474-1A3956D46DE8}") = "Trie", "Trie", "{56D6626A-4234-44CC-A61B-DEDE30C8C875}"
EndProject
Project("{8BC9CEB8-8B4A-11D0-8D11-00A0C91BC942}") = "BasicsTrie", "BasicsTrie\BasicsTrie.vcxproj", "{F2B159AD-A2BB-4B15-88BD-24D0CF8865C6}"
EndProject
Project("{8BC9CEB8-8B4A-11D0-8D11-00A0C91BC942}") = "DistinctBinaryMatrix", "DistinctBinaryMatrix\DistinctBinaryMatrix.vcxproj", "{A12BE553-3094-427D-96DF-B4CE86EA63DF}"
EndProject
Project("{8BC9CEB8-8B4A-11D0-8D11-00A0C91BC942}") = "MaxXORPair", "MaxXORPair\MaxXORPair.vcxproj", "{23EFBF54-BB7F-4745-BC6A-D486E2744CAF}"
EndProject
Project("{8BC9CEB8-8B4A-11D0-8D11-00A0C91BC942}") = "MaxXORSubarray", "MaxXORSubarray\MaxXORSubarray.vcxproj", "{8D9BEDD7-A4A0-436A-B608-B4DA81801471}"
EndProject
Global
	GlobalSection(SolutionConfigurationPlatforms) = preSolution
		Debug|x64 = Debug|x64
		Debug|x86 = Debug|x86
		Release|x64 = Release|x64
		Release|x86 = Release|x86
	EndGlobalSection
	GlobalSection(ProjectConfigurationPlatforms) = postSolution
		{2F0D0C6B-1693-4F08-93C1-93DDED3643BD}.Debug|x64.ActiveCfg = Debug|x64
		{2F0D0C6B-1693-4F08-93C1-93DDED3643BD}.Debug|x64.Build.0 = Debug|x64
		{2F0D0C6B-1693-4F08-93C1-93DDED3643BD}.Debug|x86.ActiveCfg = Debug|Win32
		{2F0D0C6B-1693-4F08-93C1-93DDED3643BD}.Debug|x86.Build.0 = Debug|Win32
		{2F0D0C6B-1693-4F08-93C1-93DDED3643BD}.Release|x64.ActiveCfg = Release|x64
		{2F0D0C6B-1693-4F08-93C1-93DDED3643BD}.Release|x64.Build.0 = Release|x64
		{2F0D0C6B-1693-4F08-93C1-93DDED3643BD}.Release|x86.ActiveCfg = Release|Win32
		{2F0D0C6B-1693-4F08-93C1-93DDED3643BD}.Release|x86.Build.0 = Release|Win32
		{6A7BE4DC-8B87-4182-B3A9-9567785785D8}.Debug|x64.ActiveCfg = Debug|x64
		{6A7BE4DC-8B87-4182-B3A9-9567785785D8}.Debug|x64.Build.0 = Debug|x64
		{6A7BE4DC-8B87-4182-B3A9-9567785785D8}.Debug|x86.ActiveCfg = Debug|Win32
		{6A7BE4DC-8B87-4182-B3A9-9567785785D8}.Debug|x86.Build.0 = Debug|Win32
		{6A7BE4DC-8B87-4182-B3A9-9567785785D8}.Release|x64.ActiveCfg = Release|x64
		{6A7BE4DC-8B87-4182-B3A9-9567785785D8}.Release|x64.Build.0 = Release|x64
		{6A7BE4DC-8B87-4182-B3A9-9567785785D8}.Release|x86.ActiveCfg = Release|Win32
		{6A7BE4DC-8B87-4182-B3A9-9567785785D8}.Release|x86.Build.0 = Release|Win32
		{7F03D2B3-FD48-4FB6-927D-82332630C962}.Debug|x64.ActiveCfg = Debug|x64
		{7F03D2B3-FD48-4FB6-927D-82332630C962}.Debug|x64.Build.0 = Debug|x64
		{7F03D2B3-FD48-4FB6-927D-82332630C962}.Debug|x86.ActiveCfg = Debug|Win32
		{7F03D2B3-FD48-4FB6-927D-82332630C962}.Debug|x86.Build.0 = Debug|Win32
		{7F03D2B3-FD48-4FB6-927D-82332630C962}.Release|x64.ActiveCfg = Release|x64
		{7F03D2B3-FD48-4FB6-927D-82332630C962}.Release|x64.Build.0 = Release|x64
		{7F03D2B3-FD48-4FB6-927D-82332630C962}.Release|x86.ActiveCfg = Release|Win32
		{7F03D2B3-FD48-4FB6-927D-82332630C962}.Release|x86.Build.0 = Release|Win32
		{62DAA0A4-29E8-4DFB-BDB1-46889038B20E}.Debug|x64.ActiveCfg = Debug|x64
		{62DAA0A4-29E8-4DFB-BDB1-46889038B20E}.Debug|x64.Build.0 = Debug|x64
		{62DAA0A4-29E8-4DFB-BDB1-46889038B20E}.Debug|x86.ActiveCfg = Debug|Win32
		{62DAA0A4-29E8-4DFB-BDB1-46889038B20E}.Debug|x86.Build.0 = Debug|Win32
		{62DAA0A4-29E8-4DFB-BDB1-46889038B20E}.Release|x64.ActiveCfg = Release|x64
		{62DAA0A4-29E8-4DFB-BDB1-46889038B20E}.Release|x64.Build.0 = Release|x64
		{62DAA0A4-29E8-4DFB-BDB1-46889038B20E}.Release|x86.ActiveCfg = Release|Win32
		{62DAA0A4-29E8-4DFB-BDB1-46889038B20E}.Release|x86.Build.0 = Release|Win32
		{B0813834-8ED2-4BC2-AEA7-1F2D6BAED283}.Debug|x64.ActiveCfg = Debug|x64
		{B0813834-8ED2-4BC2-AEA7-1F2D6BAED283}.Debug|x64.Build.0 = Debug|x64
		{B0813834-8ED2-4BC2-AEA7-1F2D6BAED283}.Debug|x86.ActiveCfg = Debug|Win32
		{B0813834-8ED2-4BC2-AEA7-1F2D6BAED283}.Debug|x86.Build.0 = Debug|Win32
		{B0813834-8ED2-4BC2-AEA7-1F2D6BAED283}.Release|x64.ActiveCfg = Release|x64
		{B0813834-8ED2-4BC2-AEA7-1F2D6BAED283}.Release|x64.Build.0 = Release|x64
		{B0813834-8ED2-4BC2-AEA7-1F2D6BAED283}.Release|x86.ActiveCfg = Release|Win32
		{B0813834-8ED2-4BC2-AEA7-1F2D6BAED283}.Release|x86.Build.0 = Release|Win32
		{F2C99D7C-7518-404C-82C8-7E2D311B10EF}.Debug|x64.ActiveCfg = Debug|x64
		{F2C99D7C-7518-404C-82C8-7E2D311B10EF}.Debug|x64.Build.0 = Debug|x64
		{F2C99D7C-7518-404C-82C8-7E2D311B10EF}.Debug|x86.ActiveCfg = Debug|Win32
		{F2C99D7C-7518-404C-82C8-7E2D311B10EF}.Debug|x86.Build.0 = Debug|Win32
		{F2C99D7C-7518-404C-82C8-7E2D311B10EF}.Release|x64.ActiveCfg = Release|x64
		{F2C99D7C-7518-404C-82C8-7E2D311B10EF}.Release|x64.Build.0 = Release|x64
		{F2C99D7C-7518-404C-82C8-7E2D311B10EF}.Release|x86.ActiveCfg = Release|Win32
		{F2C99D7C-7518-404C-82C8-7E2D311B10EF}.Release|x86.Build.0 = Release|Win32
		{4D96843D-828B-4ADA-96AB-DAFB12AE278A}.Debug|x64.ActiveCfg = Debug|x64
		{4D96843D-828B-4ADA-96AB-DAFB12AE278A}.Debug|x64.Build.0 = Debug|x64
		{4D96843D-828B-4ADA-96AB-DAFB12AE278A}.Debug|x86.ActiveCfg = Debug|Win32
		{4D96843D-828B-4ADA-96AB-DAFB12AE278A}.Debug|x86.Build.0 = Debug|Win32
		{4D96843D-828B-4ADA-96AB-DAFB12AE278A}.Release|x64.ActiveCfg = Release|x64
		{4D96843D-828B-4ADA-96AB-DAFB12AE278A}.Release|x64.Build.0 = Release|x64
		{4D96843D-828B-4ADA-96AB-DAFB12AE278A}.Release|x86.ActiveCfg = Release|Win32
		{4D96843D-828B-4ADA-96AB-DAFB12AE278A}.Release|x86.Build.0 = Release|Win32
		{BF9D138B-60BA-412F-9646-C36DE534B456}.Debug|x64.ActiveCfg = Debug|x64
		{BF9D138B-60BA-412F-9646-C36DE534B456}.Debug|x64.Build.0 = Debug|x64
		{BF9D138B-60BA-412F-9646-C36DE534B456}.Debug|x86.ActiveCfg = Debug|Win32
		{BF9D138B-60BA-412F-9646-C36DE534B456}.Debug|x86.Build.0 = Debug|Win32
		{BF9D138B-60BA-412F-9646-C36DE534B456}.Release|x64.ActiveCfg = Release|x64
		{BF9D138B-60BA-412F-9646-C36DE534B456}.Release|x64.Build.0 = Release|x64
		{BF9D138B-60BA-412F-9646-C36DE534B456}.Release|x86.ActiveCfg = Release|Win32
		{BF9D138B-60BA-412F-9646-C36DE534B456}.Release|x86.Build.0 = Release|Win32
		{E99FE9A8-2990-4427-BD80-2CB164BAD20A}.Debug|x64.ActiveCfg = Debug|x64
		{E99FE9A8-2990-4427-BD80-2CB164BAD20A}.Debug|x64.Build.0 = Debug|x64
		{E99FE9A8-2990-4427-BD80-2CB164BAD20A}.Debug|x86.ActiveCfg = Debug|Win32
		{E99FE9A8-2990-4427-BD80-2CB164BAD20A}.Debug|x86.Build.0 = Debug|Win32
		{E99FE9A8-2990-4427-BD80-2CB164BAD20A}.Release|x64.ActiveCfg = Release|x64
		{E99FE9A8-2990-4427-BD80-2CB164BAD20A}.Release|x64.Build.0 = Release|x64
		{E99FE9A8-2990-4427-BD80-2CB164BAD20A}.Release|x86.ActiveCfg = Release|Win32
		{E99FE9A8-2990-4427-BD80-2CB164BAD20A}.Release|x86.Build.0 = Release|Win32
		{63160704-D146-4108-BE92-16E2E4DB51C4}.Debug|x64.ActiveCfg = Debug|x64
		{63160704-D146-4108-BE92-16E2E4DB51C4}.Debug|x64.Build.0 = Debug|x64
		{63160704-D146-4108-BE92-16E2E4DB51C4}.Debug|x86.ActiveCfg = Debug|Win32
		{63160704-D146-4108-BE92-16E2E4DB51C4}.Debug|x86.Build.0 = Debug|Win32
		{63160704-D146-4108-BE92-16E2E4DB51C4}.Release|x64.ActiveCfg = Release|x64
		{63160704-D146-4108-BE92-16E2E4DB51C4}.Release|x64.Build.0 = Release|x64
		{63160704-D146-4108-BE92-16E2E4DB51C4}.Release|x86.ActiveCfg = Release|Win32
		{63160704-D146-4108-BE92-16E2E4DB51C4}.Release|x86.Build.0 = Release|Win32
		{F2E47FCD-A49B-452E-B77D-FD6AF76719CE}.Debug|x64.ActiveCfg = Debug|x64
		{F2E47FCD-A49B-452E-B77D-FD6AF76719CE}.Debug|x64.Build.0 = Debug|x64
		{F2E47FCD-A49B-452E-B77D-FD6AF76719CE}.Debug|x86.ActiveCfg = Debug|Win32
		{F2E47FCD-A49B-452E-B77D-FD6AF76719CE}.Debug|x86.Build.0 = Debug|Win32
		{F2E47FCD-A49B-452E-B77D-FD6AF76719CE}.Release|x64.ActiveCfg = Release|x64
		{F2E47FCD-A49B-452E-B77D-FD6AF76719CE}.Release|x64.Build.0 = Release|x64
		{F2E47FCD-A49B-452E-B77D-FD6AF76719CE}.Release|x86.ActiveCfg = Release|Win32
		{F2E47FCD-A49B-452E-B77D-FD6AF76719CE}.Release|x86.Build.0 = Release|Win32
		{303CA50D-2D13-412A-A419-6237342A064C}.Debug|x64.ActiveCfg = Debug|x64
		{303CA50D-2D13-412A-A419-6237342A064C}.Debug|x64.Build.0 = Debug|x64
		{303CA50D-2D13-412A-A419-6237342A064C}.Debug|x86.ActiveCfg = Debug|Win32
		{303CA50D-2D13-412A-A419-6237342A064C}.Debug|x86.Build.0 = Debug|Win32
		{303CA50D-2D13-412A-A419-6237342A064C}.Release|x64.ActiveCfg = Release|x64
		{303CA50D-2D13-412A-A419-6237342A064C}.Release|x64.Build.0 = Release|x64
		{303CA50D-2D13-412A-A419-6237342A064C}.Release|x86.ActiveCfg = Release|Win32
		{303CA50D-2D13-412A-A419-6237342A064C}.Release|x86.Build.0 = Release|Win32
		{E5269181-8569-49E5-9752-0EFE3F8C44F0}.Debug|x64.ActiveCfg = Debug|x64
		{E5269181-8569-49E5-9752-0EFE3F8C44F0}.Debug|x64.Build.0 = Debug|x64
		{E5269181-8569-49E5-9752-0EFE3F8C44F0}.Debug|x86.ActiveCfg = Debug|Win32
		{E5269181-8569-49E5-9752-0EFE3F8C44F0}.Debug|x86.Build.0 = Debug|Win32
		{E5269181-8569-49E5-9752-0EFE3F8C44F0}.Release|x64.ActiveCfg = Release|x64
		{E5269181-8569-49E5-9752-0EFE3F8C44F0}.Release|x64.Build.0 = Release|x64
		{E5269181-8569-49E5-9752-0EFE3F8C44F0}.Release|x86.ActiveCfg = Release|Win32
		{E5269181-8569-49E5-9752-0EFE3F8C44F0}.Release|x86.Build.0 = Release|Win32
		{3C1353A7-C1EE-4546-8482-A3696249F04A}.Debug|x64.ActiveCfg = Debug|x64
		{3C1353A7-C1EE-4546-8482-A3696249F04A}.Debug|x64.Build.0 = Debug|x64
		{3C1353A7-C1EE-4546-8482-A3696249F04A}.Debug|x86.ActiveCfg = Debug|Win32
		{3C1353A7-C1EE-4546-8482-A3696249F04A}.Debug|x86.Build.0 = Debug|Win32
		{3C1353A7-C1EE-4546-8482-A3696249F04A}.Release|x64.ActiveCfg = Release|x64
		{3C1353A7-C1EE-4546-8482-A3696249F04A}.Release|x64.Build.0 = Release|x64
		{3C1353A7-C1EE-4546-8482-A3696249F04A}.Release|x86.ActiveCfg = Release|Win32
		{3C1353A7-C1EE-4546-8482-A3696249F04A}.Release|x86.Build.0 = Release|Win32
		{5BB49074-703B-424F-ADA1-A187FEA11603}.Debug|x64.ActiveCfg = Debug|x64
		{5BB49074-703B-424F-ADA1-A187FEA11603}.Debug|x64.Build.0 = Debug|x64
		{5BB49074-703B-424F-ADA1-A187FEA11603}.Debug|x86.ActiveCfg = Debug|Win32
		{5BB49074-703B-424F-ADA1-A187FEA11603}.Debug|x86.Build.0 = Debug|Win32
		{5BB49074-703B-424F-ADA1-A187FEA11603}.Release|x64.ActiveCfg = Release|x64
		{5BB49074-703B-424F-ADA1-A187FEA11603}.Release|x64.Build.0 = Release|x64
		{5BB49074-703B-424F-ADA1-A187FEA11603}.Release|x86.ActiveCfg = Release|Win32
		{5BB49074-703B-424F-ADA1-A187FEA11603}.Release|x86.Build.0 = Release|Win32
		{3316EE6F-E371-4527-AED4-6AF3698FA2DD}.Debug|x64.ActiveCfg = Debug|x64
		{3316EE6F-E371-4527-AED4-6AF3698FA2DD}.Debug|x64.Build.0 = Debug|x64
		{3316EE6F-E371-4527-AED4-6AF3698FA2DD}.Debug|x86.ActiveCfg = Debug|Win32
		{3316EE6F-E371-4527-AED4-6AF3698FA2DD}.Debug|x86.Build.0 = Debug|Win32
		{3316EE6F-E371-4527-AED4-6AF3698FA2DD}.Release|x64.ActiveCfg = Release|x64
		{3316EE6F-E371-4527-AED4-6AF3698FA2DD}.Release|x64.Build.0 = Release|x64
		{3316EE6F-E371-4527-AED4-6AF3698FA2DD}.Release|x86.ActiveCfg = Release|Win32
		{3316EE6F-E371-4527-AED4-6AF3698FA2DD}.Release|x86.Build.0 = Release|Win32
		{119683B6-BCFB-48E4-AA12-A068A0BD9B15}.Debug|x64.ActiveCfg = Debug|x64
		{119683B6-BCFB-48E4-AA12-A068A0BD9B15}.Debug|x64.Build.0 = Debug|x64
		{119683B6-BCFB-48E4-AA12-A068A0BD9B15}.Debug|x86.ActiveCfg = Debug|Win32
		{119683B6-BCFB-48E4-AA12-A068A0BD9B15}.Debug|x86.Build.0 = Debug|Win32
		{119683B6-BCFB-48E4-AA12-A068A0BD9B15}.Release|x64.ActiveCfg = Release|x64
		{119683B6-BCFB-48E4-AA12-A068A0BD9B15}.Release|x64.Build.0 = Release|x64
		{119683B6-BCFB-48E4-AA12-A068A0BD9B15}.Release|x86.ActiveCfg = Release|Win32
		{119683B6-BCFB-48E4-AA12-A068A0BD9B15}.Release|x86.Build.0 = Release|Win32
		{6A6775C4-4A12-4B9C-9D63-1BC75F0924F3}.Debug|x64.ActiveCfg = Debug|x64
		{6A6775C4-4A12-4B9C-9D63-1BC75F0924F3}.Debug|x64.Build.0 = Debug|x64
		{6A6775C4-4A12-4B9C-9D63-1BC75F0924F3}.Debug|x86.ActiveCfg = Debug|Win32
		{6A6775C4-4A12-4B9C-9D63-1BC75F0924F3}.Debug|x86.Build.0 = Debug|Win32
		{6A6775C4-4A12-4B9C-9D63-1BC75F0924F3}.Release|x64.ActiveCfg = Release|x64
		{6A6775C4-4A12-4B9C-9D63-1BC75F0924F3}.Release|x64.Build.0 = Release|x64
		{6A6775C4-4A12-4B9C-9D63-1BC75F0924F3}.Release|x86.ActiveCfg = Release|Win32
		{6A6775C4-4A12-4B9C-9D63-1BC75F0924F3}.Release|x86.Build.0 = Release|Win32
		{C244380E-A282-4943-A6E4-0FA950D71894}.Debug|x64.ActiveCfg = Debug|x64
		{C244380E-A282-4943-A6E4-0FA950D71894}.Debug|x64.Build.0 = Debug|x64
		{C244380E-A282-4943-A6E4-0FA950D71894}.Debug|x86.ActiveCfg = Debug|Win32
		{C244380E-A282-4943-A6E4-0FA950D71894}.Debug|x86.Build.0 = Debug|Win32
		{C244380E-A282-4943-A6E4-0FA950D71894}.Release|x64.ActiveCfg = Release|x64
		{C244380E-A282-4943-A6E4-0FA950D71894}.Release|x64.Build.0 = Release|x64
		{C244380E-A282-4943-A6E4-0FA950D71894}.Release|x86.ActiveCfg = Release|Win32
		{C244380E-A282-4943-A6E4-0FA950D71894}.Release|x86.Build.0 = Release|Win32
		{7225FACB-0039-4293-8518-CB56A3690907}.Debug|x64.ActiveCfg = Debug|x64
		{7225FACB-0039-4293-8518-CB56A3690907}.Debug|x64.Build.0 = Debug|x64
		{7225FACB-0039-4293-8518-CB56A3690907}.Debug|x86.ActiveCfg = Debug|Win32
		{7225FACB-0039-4293-8518-CB56A3690907}.Debug|x86.Build.0 = Debug|Win32
		{7225FACB-0039-4293-8518-CB56A3690907}.Release|x64.ActiveCfg = Release|x64
		{7225FACB-0039-4293-8518-CB56A3690907}.Release|x64.Build.0 = Release|x64
		{7225FACB-0039-4293-8518-CB56A3690907}.Release|x86.ActiveCfg = Release|Win32
		{7225FACB-0039-4293-8518-CB56A3690907}.Release|x86.Build.0 = Release|Win32
		{0BAC521E-2FDA-47A1-8179-C38604447128}.Debug|x64.ActiveCfg = Debug|x64
		{0BAC521E-2FDA-47A1-8179-C38604447128}.Debug|x64.Build.0 = Debug|x64
		{0BAC521E-2FDA-47A1-8179-C38604447128}.Debug|x86.ActiveCfg = Debug|Win32
		{0BAC521E-2FDA-47A1-8179-C38604447128}.Debug|x86.Build.0 = Debug|Win32
		{0BAC521E-2FDA-47A1-8179-C38604447128}.Release|x64.ActiveCfg = Release|x64
		{0BAC521E-2FDA-47A1-8179-C38604447128}.Release|x64.Build.0 = Release|x64
		{0BAC521E-2FDA-47A1-8179-C38604447128}.Release|x86.ActiveCfg = Release|Win32
		{0BAC521E-2FDA-47A1-8179-C38604447128}.Release|x86.Build.0 = Release|Win32
		{1DC21F15-1C9F-437B-A3AC-05C2BBD4D973}.Debug|x64.ActiveCfg = Debug|x64
		{1DC21F15-1C9F-437B-A3AC-05C2BBD4D973}.Debug|x64.Build.0 = Debug|x64
		{1DC21F15-1C9F-437B-A3AC-05C2BBD4D973}.Debug|x86.ActiveCfg = Debug|Win32
		{1DC21F15-1C9F-437B-A3AC-05C2BBD4D973}.Debug|x86.Build.0 = Debug|Win32
		{1DC21F15-1C9F-437B-A3AC-05C2BBD4D973}.Release|x64.ActiveCfg = Release|x64
		{1DC21F15-1C9F-437B-A3AC-05C2BBD4D973}.Release|x64.Build.0 = Release|x64
		{1DC21F15-1C9F-437B-A3AC-05C2BBD4D973}.Release|x86.ActiveCfg = Release|Win32
		{1DC21F15-1C9F-437B-A3AC-05C2BBD4D973}.Release|x86.Build.0 = Release|Win32
		{421C08B6-EDD9-4AF1-B58B-D6F53AEF5E4B}.Debug|x64.ActiveCfg = Debug|x64
		{421C08B6-EDD9-4AF1-B58B-D6F53AEF5E4B}.Debug|x64.Build.0 = Debug|x64
		{421C08B6-EDD9-4AF1-B58B-D6F53AEF5E4B}.Debug|x86.ActiveCfg = Debug|Win32
		{421C08B6-EDD9-4AF1-B58B-D6F53AEF5E4B}.Debug|x86.Build.0 = Debug|Win32
		{421C08B6-EDD9-4AF1-B58B-D6F53AEF5E4B}.Release|x64.ActiveCfg = Release|x64
		{421C08B6-EDD9-4AF1-B58B-D6F53AEF5E4B}.Release|x64.Build.0 = Release|x64
		{421C08B6-EDD9-4AF1-B58B-D6F53AEF5E4B}.Release|x86.ActiveCfg = Release|Win32
		{421C08B6-EDD9-4AF1-B58B-D6F53AEF5E4B}.Release|x86.Build.0 = Release|Win32
		{94ADE40B-9CDA-438D-B7CF-17B1DF8F745E}.Debug|x64.ActiveCfg = Debug|x64
		{94ADE40B-9CDA-438D-B7CF-17B1DF8F745E}.Debug|x64.Build.0 = Debug|x64
		{94ADE40B-9CDA-438D-B7CF-17B1DF8F745E}.Debug|x86.ActiveCfg = Debug|Win32
		{94ADE40B-9CDA-438D-B7CF-17B1DF8F745E}.Debug|x86.Build.0 = Debug|Win32
		{94ADE40B-9CDA-438D-B7CF-17B1DF8F745E}.Release|x64.ActiveCfg = Release|x64
		{94ADE40B-9CDA-438D-B7CF-17B1DF8F745E}.Release|x64.Build.0 = Release|x64
		{94ADE40B-9CDA-438D-B7CF-17B1DF8F745E}.Release|x86.ActiveCfg = Release|Win32
		{94ADE40B-9CDA-438D-B7CF-17B1DF8F745E}.Release|x86.Build.0 = Release|Win32
		{7542B60F-B291-4042-B0FC-1BE3FEBFE567}.Debug|x64.ActiveCfg = Debug|x64
		{7542B60F-B291-4042-B0FC-1BE3FEBFE567}.Debug|x64.Build.0 = Debug|x64
		{7542B60F-B291-4042-B0FC-1BE3FEBFE567}.Debug|x86.ActiveCfg = Debug|Win32
		{7542B60F-B291-4042-B0FC-1BE3FEBFE567}.Debug|x86.Build.0 = Debug|Win32
		{7542B60F-B291-4042-B0FC-1BE3FEBFE567}.Release|x64.ActiveCfg = Release|x64
		{7542B60F-B291-4042-B0FC-1BE3FEBFE567}.Release|x64.Build.0 = Release|x64
		{7542B60F-B291-4042-B0FC-1BE3FEBFE567}.Release|x86.ActiveCfg = Release|Win32
		{7542B60F-B291-4042-B0FC-1BE3FEBFE567}.Release|x86.Build.0 = Release|Win32
		{89273E72-16CD-4692-9227-B2ED17539372}.Debug|x64.ActiveCfg = Debug|x64
		{89273E72-16CD-4692-9227-B2ED17539372}.Debug|x64.Build.0 = Debug|x64
		{89273E72-16CD-4692-9227-B2ED17539372}.Debug|x86.ActiveCfg = Debug|Win32
		{89273E72-16CD-4692-9227-B2ED17539372}.Debug|x86.Build.0 = Debug|Win32
		{89273E72-16CD-4692-9227-B2ED17539372}.Release|x64.ActiveCfg = Release|x64
		{89273E72-16CD-4692-9227-B2ED17539372}.Release|x64.Build.0 = Release|x64
		{89273E72-16CD-4692-9227-B2ED17539372}.Release|x86.ActiveCfg = Release|Win32
		{89273E72-16CD-4692-9227-B2ED17539372}.Release|x86.Build.0 = Release|Win32
		{E16104A5-FAD8-471E-8B66-5BDA069F5552}.Debug|x64.ActiveCfg = Debug|x64
		{E16104A5-FAD8-471E-8B66-5BDA069F5552}.Debug|x64.Build.0 = Debug|x64
		{E16104A5-FAD8-471E-8B66-5BDA069F5552}.Debug|x86.ActiveCfg = Debug|Win32
		{E16104A5-FAD8-471E-8B66-5BDA069F5552}.Debug|x86.Build.0 = Debug|Win32
		{E16104A5-FAD8-471E-8B66-5BDA069F5552}.Release|x64.ActiveCfg = Release|x64
		{E16104A5-FAD8-471E-8B66-5BDA069F5552}.Release|x64.Build.0 = Release|x64
		{E16104A5-FAD8-471E-8B66-5BDA069F5552}.Release|x86.ActiveCfg = Release|Win32
		{E16104A5-FAD8-471E-8B66-5BDA069F5552}.Release|x86.Build.0 = Release|Win32
		{1A8DAD2F-B1E9-42B2-B75B-082513DB0DCC}.Debug|x64.ActiveCfg = Debug|x64
		{1A8DAD2F-B1E9-42B2-B75B-082513DB0DCC}.Debug|x64.Build.0 = Debug|x64
		{1A8DAD2F-B1E9-42B2-B75B-082513DB0DCC}.Debug|x86.ActiveCfg = Debug|Win32
		{1A8DAD2F-B1E9-42B2-B75B-082513DB0DCC}.Debug|x86.Build.0 = Debug|Win32
		{1A8DAD2F-B1E9-42B2-B75B-082513DB0DCC}.Release|x64.ActiveCfg = Release|x64
		{1A8DAD2F-B1E9-42B2-B75B-082513DB0DCC}.Release|x64.Build.0 = Release|x64
		{1A8DAD2F-B1E9-42B2-B75B-082513DB0DCC}.Release|x86.ActiveCfg = Release|Win32
		{1A8DAD2F-B1E9-42B2-B75B-082513DB0DCC}.Release|x86.Build.0 = Release|Win32
		{E5983762-B872-4225-8866-5CBDBC11A48A}.Debug|x64.ActiveCfg = Debug|x64
		{E5983762-B872-4225-8866-5CBDBC11A48A}.Debug|x64.Build.0 = Debug|x64
		{E5983762-B872-4225-8866-5CBDBC11A48A}.Debug|x86.ActiveCfg = Debug|Win32
		{E5983762-B872-4225-8866-5CBDBC11A48A}.Debug|x86.Build.0 = Debug|Win32
		{E5983762-B872-4225-8866-5CBDBC11A48A}.Release|x64.ActiveCfg = Release|x64
		{E5983762-B872-4225-8866-5CBDBC11A48A}.Release|x64.Build.0 = Release|x64
		{E5983762-B872-4225-8866-5CBDBC11A48A}.Release|x86.ActiveCfg = Release|Win32
		{E5983762-B872-4225-8866-5CBDBC11A48A}.Release|x86.Build.0 = Release|Win32
		{E661AA63-B846-48D6-B987-9B793778BACE}.Debug|x64.ActiveCfg = Debug|x64
		{E661AA63-B846-48D6-B987-9B793778BACE}.Debug|x64.Build.0 = Debug|x64
		{E661AA63-B846-48D6-B987-9B793778BACE}.Debug|x86.ActiveCfg = Debug|Win32
		{E661AA63-B846-48D6-B987-9B793778BACE}.Debug|x86.Build.0 = Debug|Win32
		{E661AA63-B846-48D6-B987-9B793778BACE}.Release|x64.ActiveCfg = Release|x64
		{E661AA63-B846-48D6-B987-9B793778BACE}.Release|x64.Build.0 = Release|x64
		{E661AA63-B846-48D6-B987-9B793778BACE}.Release|x86.ActiveCfg = Release|Win32
		{E661AA63-B846-48D6-B987-9B793778BACE}.Release|x86.Build.0 = Release|Win32
		{962FB565-C6F4-4AAB-A63B-F3A31B5AB6E6}.Debug|x64.ActiveCfg = Debug|x64
		{962FB565-C6F4-4AAB-A63B-F3A31B5AB6E6}.Debug|x64.Build.0 = Debug|x64
		{962FB565-C6F4-4AAB-A63B-F3A31B5AB6E6}.Debug|x86.ActiveCfg = Debug|Win32
		{962FB565-C6F4-4AAB-A63B-F3A31B5AB6E6}.Debug|x86.Build.0 = Debug|Win32
		{962FB565-C6F4-4AAB-A63B-F3A31B5AB6E6}.Release|x64.ActiveCfg = Release|x64
		{962FB565-C6F4-4AAB-A63B-F3A31B5AB6E6}.Release|x64.Build.0 = Release|x64
		{962FB565-C6F4-4AAB-A63B-F3A31B5AB6E6}.Release|x86.ActiveCfg = Release|Win32
		{962FB565-C6F4-4AAB-A63B-F3A31B5AB6E6}.Release|x86.Build.0 = Release|Win32
		{2F9FADD6-C23A-4C00-A3FD-DD381E11EA60}.Debug|x64.ActiveCfg = Debug|x64
		{2F9FADD6-C23A-4C00-A3FD-DD381E11EA60}.Debug|x64.Build.0 = Debug|x64
		{2F9FADD6-C23A-4C00-A3FD-DD381E11EA60}.Debug|x86.ActiveCfg = Debug|Win32
		{2F9FADD6-C23A-4C00-A3FD-DD381E11EA60}.Debug|x86.Build.0 = Debug|Win32
		{2F9FADD6-C23A-4C00-A3FD-DD381E11EA60}.Release|x64.ActiveCfg = Release|x64
		{2F9FADD6-C23A-4C00-A3FD-DD381E11EA60}.Release|x64.Build.0 = Release|x64
		{2F9FADD6-C23A-4C00-A3FD-DD381E11EA60}.Release|x86.ActiveCfg = Release|Win32
		{2F9FADD6-C23A-4C00-A3FD-DD381E11EA60}.Release|x86.Build.0 = Release|Win32
		{9BD2CF36-81AA-44E5-B05A-56AB94595F5F}.Debug|x64.ActiveCfg = Debug|x64
		{9BD2CF36-81AA-44E5-B05A-56AB94595F5F}.Debug|x64.Build.0 = Debug|x64
		{9BD2CF36-81AA-44E5-B05A-56AB94595F5F}.Debug|x86.ActiveCfg = Debug|Win32
		{9BD2CF36-81AA-44E5-B05A-56AB94595F5F}.Debug|x86.Build.0 = Debug|Win32
		{9BD2CF36-81AA-44E5-B05A-56AB94595F5F}.Release|x64.ActiveCfg = Release|x64
		{9BD2CF36-81AA-44E5-B05A-56AB94595F5F}.Release|x64.Build.0 = Release|x64
		{9BD2CF36-81AA-44E5-B05A-56AB94595F5F}.Release|x86.ActiveCfg = Release|Win32
		{9BD2CF36-81AA-44E5-B05A-56AB94595F5F}.Release|x86.Build.0 = Release|Win32
		{781F6D64-AF31-4247-8631-E682EFF22F89}.Debug|x64.ActiveCfg = Debug|x64
		{781F6D64-AF31-4247-8631-E682EFF22F89}.Debug|x64.Build.0 = Debug|x64
		{781F6D64-AF31-4247-8631-E682EFF22F89}.Debug|x86.ActiveCfg = Debug|Win32
		{781F6D64-AF31-4247-8631-E682EFF22F89}.Debug|x86.Build.0 = Debug|Win32
		{781F6D64-AF31-4247-8631-E682EFF22F89}.Release|x64.ActiveCfg = Release|x64
		{781F6D64-AF31-4247-8631-E682EFF22F89}.Release|x64.Build.0 = Release|x64
		{781F6D64-AF31-4247-8631-E682EFF22F89}.Release|x86.ActiveCfg = Release|Win32
		{781F6D64-AF31-4247-8631-E682EFF22F89}.Release|x86.Build.0 = Release|Win32
		{21B29B0A-43A0-4FC6-96A9-EFB69CCDD9FB}.Debug|x64.ActiveCfg = Debug|x64
		{21B29B0A-43A0-4FC6-96A9-EFB69CCDD9FB}.Debug|x64.Build.0 = Debug|x64
		{21B29B0A-43A0-4FC6-96A9-EFB69CCDD9FB}.Debug|x86.ActiveCfg = Debug|Win32
		{21B29B0A-43A0-4FC6-96A9-EFB69CCDD9FB}.Debug|x86.Build.0 = Debug|Win32
		{21B29B0A-43A0-4FC6-96A9-EFB69CCDD9FB}.Release|x64.ActiveCfg = Release|x64
		{21B29B0A-43A0-4FC6-96A9-EFB69CCDD9FB}.Release|x64.Build.0 = Release|x64
		{21B29B0A-43A0-4FC6-96A9-EFB69CCDD9FB}.Release|x86.ActiveCfg = Release|Win32
		{21B29B0A-43A0-4FC6-96A9-EFB69CCDD9FB}.Release|x86.Build.0 = Release|Win32
		{BF472DB3-4725-4DB1-BDAC-89205C2851FF}.Debug|x64.ActiveCfg = Debug|x64
		{BF472DB3-4725-4DB1-BDAC-89205C2851FF}.Debug|x64.Build.0 = Debug|x64
		{BF472DB3-4725-4DB1-BDAC-89205C2851FF}.Debug|x86.ActiveCfg = Debug|Win32
		{BF472DB3-4725-4DB1-BDAC-89205C2851FF}.Debug|x86.Build.0 = Debug|Win32
		{BF472DB3-4725-4DB1-BDAC-89205C2851FF}.Release|x64.ActiveCfg = Release|x64
		{BF472DB3-4725-4DB1-BDAC-89205C2851FF}.Release|x64.Build.0 = Release|x64
		{BF472DB3-4725-4DB1-BDAC-89205C2851FF}.Release|x86.ActiveCfg = Release|Win32
		{BF472DB3-4725-4DB1-BDAC-89205C2851FF}.Release|x86.Build.0 = Release|Win32
		{684F6FB8-21FA-4502-83B9-21B21BE71469}.Debug|x64.ActiveCfg = Debug|x64
		{684F6FB8-21FA-4502-83B9-21B21BE71469}.Debug|x64.Build.0 = Debug|x64
		{684F6FB8-21FA-4502-83B9-21B21BE71469}.Debug|x86.ActiveCfg = Debug|Win32
		{684F6FB8-21FA-4502-83B9-21B21BE71469}.Debug|x86.Build.0 = Debug|Win32
		{684F6FB8-21FA-4502-83B9-21B21BE71469}.Release|x64.ActiveCfg = Release|x64
		{684F6FB8-21FA-4502-83B9-21B21BE71469}.Release|x64.Build.0 = Release|x64
		{684F6FB8-21FA-4502-83B9-21B21BE71469}.Release|x86.ActiveCfg = Release|Win32
		{684F6FB8-21FA-4502-83B9-21B21BE71469}.Release|x86.Build.0 = Release|Win32
		{B0916AAC-6490-4442-A0E4-984E7D071439}.Debug|x64.ActiveCfg = Debug|x64
		{B0916AAC-6490-4442-A0E4-984E7D071439}.Debug|x64.Build.0 = Debug|x64
		{B0916AAC-6490-4442-A0E4-984E7D071439}.Debug|x86.ActiveCfg = Debug|Win32
		{B0916AAC-6490-4442-A0E4-984E7D071439}.Debug|x86.Build.0 = Debug|Win32
		{B0916AAC-6490-4442-A0E4-984E7D071439}.Release|x64.ActiveCfg = Release|x64
		{B0916AAC-6490-4442-A0E4-984E7D071439}.Release|x64.Build.0 = Release|x64
		{B0916AAC-6490-4442-A0E4-984E7D071439}.Release|x86.ActiveCfg = Release|Win32
		{B0916AAC-6490-4442-A0E4-984E7D071439}.Release|x86.Build.0 = Release|Win32
		{6BFB78C8-7FF9-4BE5-B959-7652303CFEC0}.Debug|x64.ActiveCfg = Debug|x64
		{6BFB78C8-7FF9-4BE5-B959-7652303CFEC0}.Debug|x64.Build.0 = Debug|x64
		{6BFB78C8-7FF9-4BE5-B959-7652303CFEC0}.Debug|x86.ActiveCfg = Debug|Win32
		{6BFB78C8-7FF9-4BE5-B959-7652303CFEC0}.Debug|x86.Build.0 = Debug|Win32
		{6BFB78C8-7FF9-4BE5-B959-7652303CFEC0}.Release|x64.ActiveCfg = Release|x64
		{6BFB78C8-7FF9-4BE5-B959-7652303CFEC0}.Release|x64.Build.0 = Release|x64
		{6BFB78C8-7FF9-4BE5-B959-7652303CFEC0}.Release|x86.ActiveCfg = Release|Win32
		{6BFB78C8-7FF9-4BE5-B959-7652303CFEC0}.Release|x86.Build.0 = Release|Win32
		{1555678F-60B3-4241-AB78-338EA036E1D5}.Debug|x64.ActiveCfg = Debug|x64
		{1555678F-60B3-4241-AB78-338EA036E1D5}.Debug|x64.Build.0 = Debug|x64
		{1555678F-60B3-4241-AB78-338EA036E1D5}.Debug|x86.ActiveCfg = Debug|Win32
		{1555678F-60B3-4241-AB78-338EA036E1D5}.Debug|x86.Build.0 = Debug|Win32
		{1555678F-60B3-4241-AB78-338EA036E1D5}.Release|x64.ActiveCfg = Release|x64
		{1555678F-60B3-4241-AB78-338EA036E1D5}.Release|x64.Build.0 = Release|x64
		{1555678F-60B3-4241-AB78-338EA036E1D5}.Release|x86.ActiveCfg = Release|Win32
		{1555678F-60B3-4241-AB78-338EA036E1D5}.Release|x86.Build.0 = Release|Win32
		{BD06EB36-7AD3-45C9-B7C8-1DF290113C76}.Debug|x64.ActiveCfg = Debug|x64
		{BD06EB36-7AD3-45C9-B7C8-1DF290113C76}.Debug|x64.Build.0 = Debug|x64
		{BD06EB36-7AD3-45C9-B7C8-1DF290113C76}.Debug|x86.ActiveCfg = Debug|Win32
		{BD06EB36-7AD3-45C9-B7C8-1DF290113C76}.Debug|x86.Build.0 = Debug|Win32
		{BD06EB36-7AD3-45C9-B7C8-1DF290113C76}.Release|x64.ActiveCfg = Release|x64
		{BD06EB36-7AD3-45C9-B7C8-1DF290113C76}.Release|x64.Build.0 = Release|x64
		{BD06EB36-7AD3-45C9-B7C8-1DF290113C76}.Release|x86.ActiveCfg = Release|Win32
		{BD06EB36-7AD3-45C9-B7C8-1DF290113C76}.Release|x86.Build.0 = Release|Win32
		{E196C9C2-8CDA-499E-A2A8-5225C905B7E5}.Debug|x64.ActiveCfg = Debug|x64
		{E196C9C2-8CDA-499E-A2A8-5225C905B7E5}.Debug|x64.Build.0 = Debug|x64
		{E196C9C2-8CDA-499E-A2A8-5225C905B7E5}.Debug|x86.ActiveCfg = Debug|Win32
		{E196C9C2-8CDA-499E-A2A8-5225C905B7E5}.Debug|x86.Build.0 = Debug|Win32
		{E196C9C2-8CDA-499E-A2A8-5225C905B7E5}.Release|x64.ActiveCfg = Release|x64
		{E196C9C2-8CDA-499E-A2A8-5225C905B7E5}.Release|x64.Build.0 = Release|x64
		{E196C9C2-8CDA-499E-A2A8-5225C905B7E5}.Release|x86.ActiveCfg = Release|Win32
		{E196C9C2-8CDA-499E-A2A8-5225C905B7E5}.Release|x86.Build.0 = Release|Win32
		{726DA09A-6D4C-4B20-A1FC-E2D296BB5355}.Debug|x64.ActiveCfg = Debug|x64
		{726DA09A-6D4C-4B20-A1FC-E2D296BB5355}.Debug|x64.Build.0 = Debug|x64
		{726DA09A-6D4C-4B20-A1FC-E2D296BB5355}.Debug|x86.ActiveCfg = Debug|Win32
		{726DA09A-6D4C-4B20-A1FC-E2D296BB5355}.Debug|x86.Build.0 = Debug|Win32
		{726DA09A-6D4C-4B20-A1FC-E2D296BB5355}.Release|x64.ActiveCfg = Release|x64
		{726DA09A-6D4C-4B20-A1FC-E2D296BB5355}.Release|x64.Build.0 = Release|x64
		{726DA09A-6D4C-4B20-A1FC-E2D296BB5355}.Release|x86.ActiveCfg = Release|Win32
		{726DA09A-6D4C-4B20-A1FC-E2D296BB5355}.Release|x86.Build.0 = Release|Win32
		{58A2DE1C-0DE5-4B82-8940-A153E5A65682}.Debug|x64.ActiveCfg = Debug|x64
		{58A2DE1C-0DE5-4B82-8940-A153E5A65682}.Debug|x64.Build.0 = Debug|x64
		{58A2DE1C-0DE5-4B82-8940-A153E5A65682}.Debug|x86.ActiveCfg = Debug|Win32
		{58A2DE1C-0DE5-4B82-8940-A153E5A65682}.Debug|x86.Build.0 = Debug|Win32
		{58A2DE1C-0DE5-4B82-8940-A153E5A65682}.Release|x64.ActiveCfg = Release|x64
		{58A2DE1C-0DE5-4B82-8940-A153E5A65682}.Release|x64.Build.0 = Release|x64
		{58A2DE1C-0DE5-4B82-8940-A153E5A65682}.Release|x86.ActiveCfg = Release|Win32
		{58A2DE1C-0DE5-4B82-8940-A153E5A65682}.Release|x86.Build.0 = Release|Win32
		{AA8585E2-74C6-47E1-85D4-D1541144CFF0}.Debug|x64.ActiveCfg = Debug|x64
		{AA8585E2-74C6-47E1-85D4-D1541144CFF0}.Debug|x64.Build.0 = Debug|x64
		{AA8585E2-74C6-47E1-85D4-D1541144CFF0}.Debug|x86.ActiveCfg = Debug|Win32
		{AA8585E2-74C6-47E1-85D4-D1541144CFF0}.Debug|x86.Build.0 = Debug|Win32
		{AA8585E2-74C6-47E1-85D4-D1541144CFF0}.Release|x64.ActiveCfg = Release|x64
		{AA8585E2-74C6-47E1-85D4-D1541144CFF0}.Release|x64.Build.0 = Release|x64
		{AA8585E2-74C6-47E1-85D4-D1541144CFF0}.Release|x86.ActiveCfg = Release|Win32
		{AA8585E2-74C6-47E1-85D4-D1541144CFF0}.Release|x86.Build.0 = Release|Win32
		{6D1CFC9A-621D-422A-930D-A9B0C93299A6}.Debug|x64.ActiveCfg = Debug|x64
		{6D1CFC9A-621D-422A-930D-A9B0C93299A6}.Debug|x64.Build.0 = Debug|x64
		{6D1CFC9A-621D-422A-930D-A9B0C93299A6}.Debug|x86.ActiveCfg = Debug|Win32
		{6D1CFC9A-621D-422A-930D-A9B0C93299A6}.Debug|x86.Build.0 = Debug|Win32
		{6D1CFC9A-621D-422A-930D-A9B0C93299A6}.Release|x64.ActiveCfg = Release|x64
		{6D1CFC9A-621D-422A-930D-A9B0C93299A6}.Release|x64.Build.0 = Release|x64
		{6D1CFC9A-621D-422A-930D-A9B0C93299A6}.Release|x86.ActiveCfg = Release|Win32
		{6D1CFC9A-621D-422A-930D-A9B0C93299A6}.Release|x86.Build.0 = Release|Win32
		{6A908F26-2FE9-4832-9E82-BA64F411C298}.Debug|x64.ActiveCfg = Debug|x64
		{6A908F26-2FE9-4832-9E82-BA64F411C298}.Debug|x64.Build.0 = Debug|x64
		{6A908F26-2FE9-4832-9E82-BA64F411C298}.Debug|x86.ActiveCfg = Debug|Win32
		{6A908F26-2FE9-4832-9E82-BA64F411C298}.Debug|x86.Build.0 = Debug|Win32
		{6A908F26-2FE9-4832-9E82-BA64F411C298}.Release|x64.ActiveCfg = Release|x64
		{6A908F26-2FE9-4832-9E82-BA64F411C298}.Release|x64.Build.0 = Release|x64
		{6A908F26-2FE9-4832-9E82-BA64F411C298}.Release|x86.ActiveCfg = Release|Win32
		{6A908F26-2FE9-4832-9E82-BA64F411C298}.Release|x86.Build.0 = Release|Win32
		{17AAACE6-CCF5-4C59-93E9-47546B46ABE8}.Debug|x64.ActiveCfg = Debug|x64
		{17AAACE6-CCF5-4C59-93E9-47546B46ABE8}.Debug|x64.Build.0 = Debug|x64
		{17AAACE6-CCF5-4C59-93E9-47546B46ABE8}.Debug|x86.ActiveCfg = Debug|Win32
		{17AAACE6-CCF5-4C59-93E9-47546B46ABE8}.Debug|x86.Build.0 = Debug|Win32
		{17AAACE6-CCF5-4C59-93E9-47546B46ABE8}.Release|x64.ActiveCfg = Release|x64
		{17AAACE6-CCF5-4C59-93E9-47546B46ABE8}.Release|x64.Build.0 = Release|x64
		{17AAACE6-CCF5-4C59-93E9-47546B46ABE8}.Release|x86.ActiveCfg = Release|Win32
		{17AAACE6-CCF5-4C59-93E9-47546B46ABE8}.Release|x86.Build.0 = Release|Win32
		{840C0BB1-39BE-492C-A357-9F8919737472}.Debug|x64.ActiveCfg = Debug|x64
		{840C0BB1-39BE-492C-A357-9F8919737472}.Debug|x64.Build.0 = Debug|x64
		{840C0BB1-39BE-492C-A357-9F8919737472}.Debug|x86.ActiveCfg = Debug|Win32
		{840C0BB1-39BE-492C-A357-9F8919737472}.Debug|x86.Build.0 = Debug|Win32
		{840C0BB1-39BE-492C-A357-9F8919737472}.Release|x64.ActiveCfg = Release|x64
		{840C0BB1-39BE-492C-A357-9F8919737472}.Release|x64.Build.0 = Release|x64
		{840C0BB1-39BE-492C-A357-9F8919737472}.Release|x86.ActiveCfg = Release|Win32
		{840C0BB1-39BE-492C-A357-9F8919737472}.Release|x86.Build.0 = Release|Win32
		{F5210BC7-8A00-452D-A2E0-84175E9B0382}.Debug|x64.ActiveCfg = Debug|x64
		{F5210BC7-8A00-452D-A2E0-84175E9B0382}.Debug|x64.Build.0 = Debug|x64
		{F5210BC7-8A00-452D-A2E0-84175E9B0382}.Debug|x86.ActiveCfg = Debug|Win32
		{F5210BC7-8A00-452D-A2E0-84175E9B0382}.Debug|x86.Build.0 = Debug|Win32
		{F5210BC7-8A00-452D-A2E0-84175E9B0382}.Release|x64.ActiveCfg = Release|x64
		{F5210BC7-8A00-452D-A2E0-84175E9B0382}.Release|x64.Build.0 = Release|x64
		{F5210BC7-8A00-452D-A2E0-84175E9B0382}.Release|x86.ActiveCfg = Release|Win32
		{F5210BC7-8A00-452D-A2E0-84175E9B0382}.Release|x86.Build.0 = Release|Win32
		{407DEDD5-CE33-4A80-AE3E-A9F9F8B86C32}.Debug|x64.ActiveCfg = Debug|x64
		{407DEDD5-CE33-4A80-AE3E-A9F9F8B86C32}.Debug|x64.Build.0 = Debug|x64
		{407DEDD5-CE33-4A80-AE3E-A9F9F8B86C32}.Debug|x86.ActiveCfg = Debug|Win32
		{407DEDD5-CE33-4A80-AE3E-A9F9F8B86C32}.Debug|x86.Build.0 = Debug|Win32
		{407DEDD5-CE33-4A80-AE3E-A9F9F8B86C32}.Release|x64.ActiveCfg = Release|x64
		{407DEDD5-CE33-4A80-AE3E-A9F9F8B86C32}.Release|x64.Build.0 = Release|x64
		{407DEDD5-CE33-4A80-AE3E-A9F9F8B86C32}.Release|x86.ActiveCfg = Release|Win32
		{407DEDD5-CE33-4A80-AE3E-A9F9F8B86C32}.Release|x86.Build.0 = Release|Win32
		{688C134F-B563-4366-9B44-56682139ACAA}.Debug|x64.ActiveCfg = Debug|x64
		{688C134F-B563-4366-9B44-56682139ACAA}.Debug|x64.Build.0 = Debug|x64
		{688C134F-B563-4366-9B44-56682139ACAA}.Debug|x86.ActiveCfg = Debug|Win32
		{688C134F-B563-4366-9B44-56682139ACAA}.Debug|x86.Build.0 = Debug|Win32
		{688C134F-B563-4366-9B44-56682139ACAA}.Release|x64.ActiveCfg = Release|x64
		{688C134F-B563-4366-9B44-56682139ACAA}.Release|x64.Build.0 = Release|x64
		{688C134F-B563-4366-9B44-56682139ACAA}.Release|x86.ActiveCfg = Release|Win32
		{688C134F-B563-4366-9B44-56682139ACAA}.Release|x86.Build.0 = Release|Win32
		{1FA21747-FE4C-4ED2-AB42-EDD3411F4910}.Debug|x64.ActiveCfg = Debug|x64
		{1FA21747-FE4C-4ED2-AB42-EDD3411F4910}.Debug|x64.Build.0 = Debug|x64
		{1FA21747-FE4C-4ED2-AB42-EDD3411F4910}.Debug|x86.ActiveCfg = Debug|Win32
		{1FA21747-FE4C-4ED2-AB42-EDD3411F4910}.Debug|x86.Build.0 = Debug|Win32
		{1FA21747-FE4C-4ED2-AB42-EDD3411F4910}.Release|x64.ActiveCfg = Release|x64
		{1FA21747-FE4C-4ED2-AB42-EDD3411F4910}.Release|x64.Build.0 = Release|x64
		{1FA21747-FE4C-4ED2-AB42-EDD3411F4910}.Release|x86.ActiveCfg = Release|Win32
		{1FA21747-FE4C-4ED2-AB42-EDD3411F4910}.Release|x86.Build.0 = Release|Win32
		{BC946288-DF47-42A8-9AE0-113F82146216}.Debug|x64.ActiveCfg = Debug|x64
		{BC946288-DF47-42A8-9AE0-113F82146216}.Debug|x64.Build.0 = Debug|x64
		{BC946288-DF47-42A8-9AE0-113F82146216}.Debug|x86.ActiveCfg = Debug|Win32
		{BC946288-DF47-42A8-9AE0-113F82146216}.Debug|x86.Build.0 = Debug|Win32
		{BC946288-DF47-42A8-9AE0-113F82146216}.Release|x64.ActiveCfg = Release|x64
		{BC946288-DF47-42A8-9AE0-113F82146216}.Release|x64.Build.0 = Release|x64
		{BC946288-DF47-42A8-9AE0-113F82146216}.Release|x86.ActiveCfg = Release|Win32
		{BC946288-DF47-42A8-9AE0-113F82146216}.Release|x86.Build.0 = Release|Win32
		{7FE4091C-244E-4EDF-987A-FFDA8A4A47C8}.Debug|x64.ActiveCfg = Debug|x64
		{7FE4091C-244E-4EDF-987A-FFDA8A4A47C8}.Debug|x64.Build.0 = Debug|x64
		{7FE4091C-244E-4EDF-987A-FFDA8A4A47C8}.Debug|x86.ActiveCfg = Debug|Win32
		{7FE4091C-244E-4EDF-987A-FFDA8A4A47C8}.Debug|x86.Build.0 = Debug|Win32
		{7FE4091C-244E-4EDF-987A-FFDA8A4A47C8}.Release|x64.ActiveCfg = Release|x64
		{7FE4091C-244E-4EDF-987A-FFDA8A4A47C8}.Release|x64.Build.0 = Release|x64
		{7FE4091C-244E-4EDF-987A-FFDA8A4A47C8}.Release|x86.ActiveCfg = Release|Win32
		{7FE4091C-244E-4EDF-987A-FFDA8A4A47C8}.Release|x86.Build.0 = Release|Win32
		{AFD3AF9B-D81A-4C83-BAA2-AFA5F9B8A846}.Debug|x64.ActiveCfg = Debug|x64
		{AFD3AF9B-D81A-4C83-BAA2-AFA5F9B8A846}.Debug|x64.Build.0 = Debug|x64
		{AFD3AF9B-D81A-4C83-BAA2-AFA5F9B8A846}.Debug|x86.ActiveCfg = Debug|Win32
		{AFD3AF9B-D81A-4C83-BAA2-AFA5F9B8A846}.Debug|x86.Build.0 = Debug|Win32
		{AFD3AF9B-D81A-4C83-BAA2-AFA5F9B8A846}.Release|x64.ActiveCfg = Release|x64
		{AFD3AF9B-D81A-4C83-BAA2-AFA5F9B8A846}.Release|x64.Build.0 = Release|x64
		{AFD3AF9B-D81A-4C83-BAA2-AFA5F9B8A846}.Release|x86.ActiveCfg = Release|Win32
		{AFD3AF9B-D81A-4C83-BAA2-AFA5F9B8A846}.Release|x86.Build.0 = Release|Win32
		{67D205DF-EAA4-4748-B23B-D3B46EE16596}.Debug|x64.ActiveCfg = Debug|x64
		{67D205DF-EAA4-4748-B23B-D3B46EE16596}.Debug|x64.Build.0 = Debug|x64
		{67D205DF-EAA4-4748-B23B-D3B46EE16596}.Debug|x86.ActiveCfg = Debug|Win32
		{67D205DF-EAA4-4748-B23B-D3B46EE16596}.Debug|x86.Build.0 = Debug|Win32
		{67D205DF-EAA4-4748-B23B-D3B46EE16596}.Release|x64.ActiveCfg = Release|x64
		{67D205DF-EAA4-4748-B23B-D3B46EE16596}.Release|x64.Build.0 = Release|x64
		{67D205DF-EAA4-4748-B23B-D3B46EE16596}.Release|x86.ActiveCfg = Release|Win32
		{67D205DF-EAA4-4748-B23B-D3B46EE16596}.Release|x86.Build.0 = Release|Win32
		{A5BAB485-93E2-4189-8CC8-C94CEED0577A}.Debug|x64.ActiveCfg = Debug|x64
		{A5BAB485-93E2-4189-8CC8-C94CEED0577A}.Debug|x64.Build.0 = Debug|x64
		{A5BAB485-93E2-4189-8CC8-C94CEED0577A}.Debug|x86.ActiveCfg = Debug|Win32
		{A5BAB485-93E2-4189-8CC8-C94CEED0577A}.Debug|x86.Build.0 = Debug|Win32
		{A5BAB485-93E2-4189-8CC8-C94CEED0577A}.Release|x64.ActiveCfg = Release|x64
		{A5BAB485-93E2-4189-8CC8-C94CEED0577A}.Release|x64.Build.0 = Release|x64
		{A5BAB485-93E2-4189-8CC8-C94CEED0577A}.Release|x86.ActiveCfg = Release|Win32
		{A5BAB485-93E2-4189-8CC8-C94CEED0577A}.Release|x86.Build.0 = Release|Win32
		{61FEADCF-C659-44F4-8567-4AE6D2E33872}.Debug|x64.ActiveCfg = Debug|x64
		{61FEADCF-C659-44F4-8567-4AE6D2E33872}.Debug|x64.Build.0 = Debug|x64
		{61FEADCF-C659-44F4-8567-4AE6D2E33872}.Debug|x86.ActiveCfg = Debug|Win32
		{61FEADCF-C659-44F4-8567-4AE6D2E33872}.Debug|x86.Build.0 = Debug|Win32
		{61FEADCF-C659-44F4-8567-4AE6D2E33872}.Release|x64.ActiveCfg = Release|x64
		{61FEADCF-C659-44F4-8567-4AE6D2E33872}.Release|x64.Build.0 = Release|x64
		{61FEADCF-C659-44F4-8567-4AE6D2E33872}.Release|x86.ActiveCfg = Release|Win32
		{61FEADCF-C659-44F4-8567-4AE6D2E33872}.Release|x86.Build.0 = Release|Win32
		{469BF24B-3EA5-4934-939C-B906D5A4C6DE}.Debug|x64.ActiveCfg = Debug|x64
		{469BF24B-3EA5-4934-939C-B906D5A4C6DE}.Debug|x64.Build.0 = Debug|x64
		{469BF24B-3EA5-4934-939C-B906D5A4C6DE}.Debug|x86.ActiveCfg = Debug|Win32
		{469BF24B-3EA5-4934-939C-B906D5A4C6DE}.Debug|x86.Build.0 = Debug|Win32
		{469BF24B-3EA5-4934-939C-B906D5A4C6DE}.Release|x64.ActiveCfg = Release|x64
		{469BF24B-3EA5-4934-939C-B906D5A4C6DE}.Release|x64.Build.0 = Release|x64
		{469BF24B-3EA5-4934-939C-B906D5A4C6DE}.Release|x86.ActiveCfg = Release|Win32
		{469BF24B-3EA5-4934-939C-B906D5A4C6DE}.Release|x86.Build.0 = Release|Win32
		{A1A23949-EE7C-41B1-A983-22A381FFFA06}.Debug|x64.ActiveCfg = Debug|x64
		{A1A23949-EE7C-41B1-A983-22A381FFFA06}.Debug|x64.Build.0 = Debug|x64
		{A1A23949-EE7C-41B1-A983-22A381FFFA06}.Debug|x86.ActiveCfg = Debug|Win32
		{A1A23949-EE7C-41B1-A983-22A381FFFA06}.Debug|x86.Build.0 = Debug|Win32
		{A1A23949-EE7C-41B1-A983-22A381FFFA06}.Release|x64.ActiveCfg = Release|x64
		{A1A23949-EE7C-41B1-A983-22A381FFFA06}.Release|x64.Build.0 = Release|x64
		{A1A23949-EE7C-41B1-A983-22A381FFFA06}.Release|x86.ActiveCfg = Release|Win32
		{A1A23949-EE7C-41B1-A983-22A381FFFA06}.Release|x86.Build.0 = Release|Win32
		{C8CBBCFE-36B4-47D4-ACAB-12FAFD923377}.Debug|x64.ActiveCfg = Debug|x64
		{C8CBBCFE-36B4-47D4-ACAB-12FAFD923377}.Debug|x64.Build.0 = Debug|x64
		{C8CBBCFE-36B4-47D4-ACAB-12FAFD923377}.Debug|x86.ActiveCfg = Debug|Win32
		{C8CBBCFE-36B4-47D4-ACAB-12FAFD923377}.Debug|x86.Build.0 = Debug|Win32
		{C8CBBCFE-36B4-47D4-ACAB-12FAFD923377}.Release|x64.ActiveCfg = Release|x64
		{C8CBBCFE-36B4-47D4-ACAB-12FAFD923377}.Release|x64.Build.0 = Release|x64
		{C8CBBCFE-36B4-47D4-ACAB-12FAFD923377}.Release|x86.ActiveCfg = Release|Win32
		{C8CBBCFE-36B4-47D4-ACAB-12FAFD923377}.Release|x86.Build.0 = Release|Win32
		{3D8D24EE-C3BA-4535-9BA4-A4F6030270EE}.Debug|x64.ActiveCfg = Debug|x64
		{3D8D24EE-C3BA-4535-9BA4-A4F6030270EE}.Debug|x64.Build.0 = Debug|x64
		{3D8D24EE-C3BA-4535-9BA4-A4F6030270EE}.Debug|x86.ActiveCfg = Debug|Win32
		{3D8D24EE-C3BA-4535-9BA4-A4F6030270EE}.Debug|x86.Build.0 = Debug|Win32
		{3D8D24EE-C3BA-4535-9BA4-A4F6030270EE}.Release|x64.ActiveCfg = Release|x64
		{3D8D24EE-C3BA-4535-9BA4-A4F6030270EE}.Release|x64.Build.0 = Release|x64
		{3D8D24EE-C3BA-4535-9BA4-A4F6030270EE}.Release|x86.ActiveCfg = Release|Win32
		{3D8D24EE-C3BA-4535-9BA4-A4F6030270EE}.Release|x86.Build.0 = Release|Win32
		{AA04B9FA-1687-49AB-98AB-409D6CD14792}.Debug|x64.ActiveCfg = Debug|x64
		{AA04B9FA-1687-49AB-98AB-409D6CD14792}.Debug|x64.Build.0 = Debug|x64
		{AA04B9FA-1687-49AB-98AB-409D6CD14792}.Debug|x86.ActiveCfg = Debug|Win32
		{AA04B9FA-1687-49AB-98AB-409D6CD14792}.Debug|x86.Build.0 = Debug|Win32
		{AA04B9FA-1687-49AB-98AB-409D6CD14792}.Release|x64.ActiveCfg = Release|x64
		{AA04B9FA-1687-49AB-98AB-409D6CD14792}.Release|x64.Build.0 = Release|x64
		{AA04B9FA-1687-49AB-98AB-409D6CD14792}.Release|x86.ActiveCfg = Release|Win32
		{AA04B9FA-1687-49AB-98AB-409D6CD14792}.Release|x86.Build.0 = Release|Win32
		{34EE25E1-88A5-4986-8117-06C569D9EFEF}.Debug|x64.ActiveCfg = Debug|x64
		{34EE25E1-88A5-4986-8117-06C569D9EFEF}.Debug|x64.Build.0 = Debug|x64
		{34EE25E1-88A5-4986-8117-06C569D9EFEF}.Debug|x86.ActiveCfg = Debug|Win32
		{34EE25E1-88A5-4986-8117-06C569D9EFEF}.Debug|x86.Build.0 = Debug|Win32
		{34EE25E1-88A5-4986-8117-06C569D9EFEF}.Release|x64.ActiveCfg = Release|x64
		{34EE25E1-88A5-4986-8117-06C569D9EFEF}.Release|x64.Build.0 = Release|x64
		{34EE25E1-88A5-4986-8117-06C569D9EFEF}.Release|x86.ActiveCfg = Release|Win32
		{34EE25E1-88A5-4986-8117-06C569D9EFEF}.Release|x86.Build.0 = Release|Win32
		{B854D9DB-6364-4E66-8C49-6427E2E4A960}.Debug|x64.ActiveCfg = Debug|x64
		{B854D9DB-6364-4E66-8C49-6427E2E4A960}.Debug|x64.Build.0 = Debug|x64
		{B854D9DB-6364-4E66-8C49-6427E2E4A960}.Debug|x86.ActiveCfg = Debug|Win32
		{B854D9DB-6364-4E66-8C49-6427E2E4A960}.Debug|x86.Build.0 = Debug|Win32
		{B854D9DB-6364-4E66-8C49-6427E2E4A960}.Release|x64.ActiveCfg = Release|x64
		{B854D9DB-6364-4E66-8C49-6427E2E4A960}.Release|x64.Build.0 = Release|x64
		{B854D9DB-6364-4E66-8C49-6427E2E4A960}.Release|x86.ActiveCfg = Release|Win32
		{B854D9DB-6364-4E66-8C49-6427E2E4A960}.Release|x86.Build.0 = Release|Win32
		{8D1FF872-DBF0-4A78-854C-4EDAA66D513F}.Debug|x64.ActiveCfg = Debug|x64
		{8D1FF872-DBF0-4A78-854C-4EDAA66D513F}.Debug|x64.Build.0 = Debug|x64
		{8D1FF872-DBF0-4A78-854C-4EDAA66D513F}.Debug|x86.ActiveCfg = Debug|Win32
		{8D1FF872-DBF0-4A78-854C-4EDAA66D513F}.Debug|x86.Build.0 = Debug|Win32
		{8D1FF872-DBF0-4A78-854C-4EDAA66D513F}.Release|x64.ActiveCfg = Release|x64
		{8D1FF872-DBF0-4A78-854C-4EDAA66D513F}.Release|x64.Build.0 = Release|x64
		{8D1FF872-DBF0-4A78-854C-4EDAA66D513F}.Release|x86.ActiveCfg = Release|Win32
		{8D1FF872-DBF0-4A78-854C-4EDAA66D513F}.Release|x86.Build.0 = Release|Win32
		{1CF55BE7-324D-4AE5-BB89-923AA3FC3529}.Debug|x64.ActiveCfg = Debug|x64
		{1CF55BE7-324D-4AE5-BB89-923AA3FC3529}.Debug|x64.Build.0 = Debug|x64
		{1CF55BE7-324D-4AE5-BB89-923AA3FC3529}.Debug|x86.ActiveCfg = Debug|Win32
		{1CF55BE7-324D-4AE5-BB89-923AA3FC3529}.Debug|x86.Build.0 = Debug|Win32
		{1CF55BE7-324D-4AE5-BB89-923AA3FC3529}.Release|x64.ActiveCfg = Release|x64
		{1CF55BE7-324D-4AE5-BB89-923AA3FC3529}.Release|x64.Build.0 = Release|x64
		{1CF55BE7-324D-4AE5-BB89-923AA3FC3529}.Release|x86.ActiveCfg = Release|Win32
		{1CF55BE7-324D-4AE5-BB89-923AA3FC3529}.Release|x86.Build.0 = Release|Win32
		{8F2166DA-ED48-4C3A-A2C2-3A487043745A}.Debug|x64.ActiveCfg = Debug|x64
		{8F2166DA-ED48-4C3A-A2C2-3A487043745A}.Debug|x64.Build.0 = Debug|x64
		{8F2166DA-ED48-4C3A-A2C2-3A487043745A}.Debug|x86.ActiveCfg = Debug|Win32
		{8F2166DA-ED48-4C3A-A2C2-3A487043745A}.Debug|x86.Build.0 = Debug|Win32
		{8F2166DA-ED48-4C3A-A2C2-3A487043745A}.Release|x64.ActiveCfg = Release|x64
		{8F2166DA-ED48-4C3A-A2C2-3A487043745A}.Release|x64.Build.0 = Release|x64
		{8F2166DA-ED48-4C3A-A2C2-3A487043745A}.Release|x86.ActiveCfg = Release|Win32
		{8F2166DA-ED48-4C3A-A2C2-3A487043745A}.Release|x86.Build.0 = Release|Win32
		{9F2167A7-EE79-4D4C-B607-1B019FA43A02}.Debug|x64.ActiveCfg = Debug|x64
		{9F2167A7-EE79-4D4C-B607-1B019FA43A02}.Debug|x64.Build.0 = Debug|x64
		{9F2167A7-EE79-4D4C-B607-1B019FA43A02}.Debug|x86.ActiveCfg = Debug|Win32
		{9F2167A7-EE79-4D4C-B607-1B019FA43A02}.Debug|x86.Build.0 = Debug|Win32
		{9F2167A7-EE79-4D4C-B607-1B019FA43A02}.Release|x64.ActiveCfg = Release|x64
		{9F2167A7-EE79-4D4C-B607-1B019FA43A02}.Release|x64.Build.0 = Release|x64
		{9F2167A7-EE79-4D4C-B607-1B019FA43A02}.Release|x86.ActiveCfg = Release|Win32
		{9F2167A7-EE79-4D4C-B607-1B019FA43A02}.Release|x86.Build.0 = Release|Win32
		{42F15544-4FE5-440D-9AC4-0442CB717D4F}.Debug|x64.ActiveCfg = Debug|x64
		{42F15544-4FE5-440D-9AC4-0442CB717D4F}.Debug|x64.Build.0 = Debug|x64
		{42F15544-4FE5-440D-9AC4-0442CB717D4F}.Debug|x86.ActiveCfg = Debug|Win32
		{42F15544-4FE5-440D-9AC4-0442CB717D4F}.Debug|x86.Build.0 = Debug|Win32
		{42F15544-4FE5-440D-9AC4-0442CB717D4F}.Release|x64.ActiveCfg = Release|x64
		{42F15544-4FE5-440D-9AC4-0442CB717D4F}.Release|x64.Build.0 = Release|x64
		{42F15544-4FE5-440D-9AC4-0442CB717D4F}.Release|x86.ActiveCfg = Release|Win32
		{42F15544-4FE5-440D-9AC4-0442CB717D4F}.Release|x86.Build.0 = Release|Win32
		{98B7EE6F-D03A-4427-B0F7-CE9C7293D4FF}.Debug|x64.ActiveCfg = Debug|x64
		{98B7EE6F-D03A-4427-B0F7-CE9C7293D4FF}.Debug|x64.Build.0 = Debug|x64
		{98B7EE6F-D03A-4427-B0F7-CE9C7293D4FF}.Debug|x86.ActiveCfg = Debug|Win32
		{98B7EE6F-D03A-4427-B0F7-CE9C7293D4FF}.Debug|x86.Build.0 = Debug|Win32
		{98B7EE6F-D03A-4427-B0F7-CE9C7293D4FF}.Release|x64.ActiveCfg = Release|x64
		{98B7EE6F-D03A-4427-B0F7-CE9C7293D4FF}.Release|x64.Build.0 = Release|x64
		{98B7EE6F-D03A-4427-B0F7-CE9C7293D4FF}.Release|x86.ActiveCfg = Release|Win32
		{98B7EE6F-D03A-4427-B0F7-CE9C7293D4FF}.Release|x86.Build.0 = Release|Win32
		{DE5EB4DC-300D-4206-A814-59170D88CD8A}.Debug|x64.ActiveCfg = Debug|x64
		{DE5EB4DC-300D-4206-A814-59170D88CD8A}.Debug|x64.Build.0 = Debug|x64
		{DE5EB4DC-300D-4206-A814-59170D88CD8A}.Debug|x86.ActiveCfg = Debug|Win32
		{DE5EB4DC-300D-4206-A814-59170D88CD8A}.Debug|x86.Build.0 = Debug|Win32
		{DE5EB4DC-300D-4206-A814-59170D88CD8A}.Release|x64.ActiveCfg = Release|x64
		{DE5EB4DC-300D-4206-A814-59170D88CD8A}.Release|x64.Build.0 = Release|x64
		{DE5EB4DC-300D-4206-A814-59170D88CD8A}.Release|x86.ActiveCfg = Release|Win32
		{DE5EB4DC-300D-4206-A814-59170D88CD8A}.Release|x86.Build.0 = Release|Win32
		{F353EA34-C3B8-47A2-A127-0ED3F2D401EF}.Debug|x64.ActiveCfg = Debug|x64
		{F353EA34-C3B8-47A2-A127-0ED3F2D401EF}.Debug|x64.Build.0 = Debug|x64
		{F353EA34-C3B8-47A2-A127-0ED3F2D401EF}.Debug|x86.ActiveCfg = Debug|Win32
		{F353EA34-C3B8-47A2-A127-0ED3F2D401EF}.Debug|x86.Build.0 = Debug|Win32
		{F353EA34-C3B8-47A2-A127-0ED3F2D401EF}.Release|x64.ActiveCfg = Release|x64
		{F353EA34-C3B8-47A2-A127-0ED3F2D401EF}.Release|x64.Build.0 = Release|x64
		{F353EA34-C3B8-47A2-A127-0ED3F2D401EF}.Release|x86.ActiveCfg = Release|Win32
		{F353EA34-C3B8-47A2-A127-0ED3F2D401EF}.Release|x86.Build.0 = Release|Win32
		{291B57AE-602A-4F65-B966-98E7BFBD5986}.Debug|x64.ActiveCfg = Debug|x64
		{291B57AE-602A-4F65-B966-98E7BFBD5986}.Debug|x64.Build.0 = Debug|x64
		{291B57AE-602A-4F65-B966-98E7BFBD5986}.Debug|x86.ActiveCfg = Debug|Win32
		{291B57AE-602A-4F65-B966-98E7BFBD5986}.Debug|x86.Build.0 = Debug|Win32
		{291B57AE-602A-4F65-B966-98E7BFBD5986}.Release|x64.ActiveCfg = Release|x64
		{291B57AE-602A-4F65-B966-98E7BFBD5986}.Release|x64.Build.0 = Release|x64
		{291B57AE-602A-4F65-B966-98E7BFBD5986}.Release|x86.ActiveCfg = Release|Win32
		{291B57AE-602A-4F65-B966-98E7BFBD5986}.Release|x86.Build.0 = Release|Win32
		{ECAB30ED-F84C-4274-8BDD-6390BFE0B2AD}.Debug|x64.ActiveCfg = Debug|x64
		{ECAB30ED-F84C-4274-8BDD-6390BFE0B2AD}.Debug|x64.Build.0 = Debug|x64
		{ECAB30ED-F84C-4274-8BDD-6390BFE0B2AD}.Debug|x86.ActiveCfg = Debug|Win32
		{ECAB30ED-F84C-4274-8BDD-6390BFE0B2AD}.Debug|x86.Build.0 = Debug|Win32
		{ECAB30ED-F84C-4274-8BDD-6390BFE0B2AD}.Release|x64.ActiveCfg = Release|x64
		{ECAB30ED-F84C-4274-8BDD-6390BFE0B2AD}.Release|x64.Build.0 = Release|x64
		{ECAB30ED-F84C-4274-8BDD-6390BFE0B2AD}.Release|x86.ActiveCfg = Release|Win32
		{ECAB30ED-F84C-4274-8BDD-6390BFE0B2AD}.Release|x86.Build.0 = Release|Win32
		{1CEE7184-0BDD-49CA-AC09-4DB2FA3FD782}.Debug|x64.ActiveCfg = Debug|x64
		{1CEE7184-0BDD-49CA-AC09-4DB2FA3FD782}.Debug|x64.Build.0 = Debug|x64
		{1CEE7184-0BDD-49CA-AC09-4DB2FA3FD782}.Debug|x86.ActiveCfg = Debug|Win32
		{1CEE7184-0BDD-49CA-AC09-4DB2FA3FD782}.Debug|x86.Build.0 = Debug|Win32
		{1CEE7184-0BDD-49CA-AC09-4DB2FA3FD782}.Release|x64.ActiveCfg = Release|x64
		{1CEE7184-0BDD-49CA-AC09-4DB2FA3FD782}.Release|x64.Build.0 = Release|x64
		{1CEE7184-0BDD-49CA-AC09-4DB2FA3FD782}.Release|x86.ActiveCfg = Release|Win32
		{1CEE7184-0BDD-49CA-AC09-4DB2FA3FD782}.Release|x86.Build.0 = Release|Win32
		{E4354A7C-BE83-4E49-9B26-CAD02EF91296}.Debug|x64.ActiveCfg = Debug|x64
		{E4354A7C-BE83-4E49-9B26-CAD02EF91296}.Debug|x64.Build.0 = Debug|x64
		{E4354A7C-BE83-4E49-9B26-CAD02EF91296}.Debug|x86.ActiveCfg = Debug|Win32
		{E4354A7C-BE83-4E49-9B26-CAD02EF91296}.Debug|x86.Build.0 = Debug|Win32
		{E4354A7C-BE83-4E49-9B26-CAD02EF91296}.Release|x64.ActiveCfg = Release|x64
		{E4354A7C-BE83-4E49-9B26-CAD02EF91296}.Release|x64.Build.0 = Release|x64
		{E4354A7C-BE83-4E49-9B26-CAD02EF91296}.Release|x86.ActiveCfg = Release|Win32
		{E4354A7C-BE83-4E49-9B26-CAD02EF91296}.Release|x86.Build.0 = Release|Win32
		{F6D2ACC1-D948-4C3E-8099-F207ECB5ED53}.Debug|x64.ActiveCfg = Debug|x64
		{F6D2ACC1-D948-4C3E-8099-F207ECB5ED53}.Debug|x64.Build.0 = Debug|x64
		{F6D2ACC1-D948-4C3E-8099-F207ECB5ED53}.Debug|x86.ActiveCfg = Debug|Win32
		{F6D2ACC1-D948-4C3E-8099-F207ECB5ED53}.Debug|x86.Build.0 = Debug|Win32
		{F6D2ACC1-D948-4C3E-8099-F207ECB5ED53}.Release|x64.ActiveCfg = Release|x64
		{F6D2ACC1-D948-4C3E-8099-F207ECB5ED53}.Release|x64.Build.0 = Release|x64
		{F6D2ACC1-D948-4C3E-8099-F207ECB5ED53}.Release|x86.ActiveCfg = Release|Win32
		{F6D2ACC1-D948-4C3E-8099-F207ECB5ED53}.Release|x86.Build.0 = Release|Win32
		{1C978BED-AD6E-462E-8EB5-CE12E9555950}.Debug|x64.ActiveCfg = Debug|x64
		{1C978BED-AD6E-462E-8EB5-CE12E9555950}.Debug|x64.Build.0 = Debug|x64
		{1C978BED-AD6E-462E-8EB5-CE12E9555950}.Debug|x86.ActiveCfg = Debug|Win32
		{1C978BED-AD6E-462E-8EB5-CE12E9555950}.Debug|x86.Build.0 = Debug|Win32
		{1C978BED-AD6E-462E-8EB5-CE12E9555950}.Release|x64.ActiveCfg = Release|x64
		{1C978BED-AD6E-462E-8EB5-CE12E9555950}.Release|x64.Build.0 = Release|x64
		{1C978BED-AD6E-462E-8EB5-CE12E9555950}.Release|x86.ActiveCfg = Release|Win32
		{1C978BED-AD6E-462E-8EB5-CE12E9555950}.Release|x86.Build.0 = Release|Win32
		{76C215F9-2066-452A-B064-CC0D941A319E}.Debug|x64.ActiveCfg = Debug|x64
		{76C215F9-2066-452A-B064-CC0D941A319E}.Debug|x64.Build.0 = Debug|x64
		{76C215F9-2066-452A-B064-CC0D941A319E}.Debug|x86.ActiveCfg = Debug|Win32
		{76C215F9-2066-452A-B064-CC0D941A319E}.Debug|x86.Build.0 = Debug|Win32
		{76C215F9-2066-452A-B064-CC0D941A319E}.Release|x64.ActiveCfg = Release|x64
		{76C215F9-2066-452A-B064-CC0D941A319E}.Release|x64.Build.0 = Release|x64
		{76C215F9-2066-452A-B064-CC0D941A319E}.Release|x86.ActiveCfg = Release|Win32
		{76C215F9-2066-452A-B064-CC0D941A319E}.Release|x86.Build.0 = Release|Win32
		{C0297ADE-FBEE-4424-94AF-43C32B97DD73}.Debug|x64.ActiveCfg = Debug|x64
		{C0297ADE-FBEE-4424-94AF-43C32B97DD73}.Debug|x64.Build.0 = Debug|x64
		{C0297ADE-FBEE-4424-94AF-43C32B97DD73}.Debug|x86.ActiveCfg = Debug|Win32
		{C0297ADE-FBEE-4424-94AF-43C32B97DD73}.Debug|x86.Build.0 = Debug|Win32
		{C0297ADE-FBEE-4424-94AF-43C32B97DD73}.Release|x64.ActiveCfg = Release|x64
		{C0297ADE-FBEE-4424-94AF-43C32B97DD73}.Release|x64.Build.0 = Release|x64
		{C0297ADE-FBEE-4424-94AF-43C32B97DD73}.Release|x86.ActiveCfg = Release|Win32
		{C0297ADE-FBEE-4424-94AF-43C32B97DD73}.Release|x86.Build.0 = Release|Win32
		{2944AA78-14B2-4CE2-A207-A12BE4ADD147}.Debug|x64.ActiveCfg = Debug|x64
		{2944AA78-14B2-4CE2-A207-A12BE4ADD147}.Debug|x64.Build.0 = Debug|x64
		{2944AA78-14B2-4CE2-A207-A12BE4ADD147}.Debug|x86.ActiveCfg = Debug|Win32
		{2944AA78-14B2-4CE2-A207-A12BE4ADD147}.Debug|x86.Build.0 = Debug|Win32
		{2944AA78-14B2-4CE2-A207-A12BE4ADD147}.Release|x64.ActiveCfg = Release|x64
		{2944AA78-14B2-4CE2-A207-A12BE4ADD147}.Release|x64.Build.0 = Release|x64
		{2944AA78-14B2-4CE2-A207-A12BE4ADD147}.Release|x86.ActiveCfg = Release|Win32
		{2944AA78-14B2-4CE2-A207-A12BE4ADD147}.Release|x86.Build.0 = Release|Win32
		{35433652-6484-46D0-BC19-2F654884A687}.Debug|x64.ActiveCfg = Debug|x64
		{35433652-6484-46D0-BC19-2F654884A687}.Debug|x64.Build.0 = Debug|x64
		{35433652-6484-46D0-BC19-2F654884A687}.Debug|x86.ActiveCfg = Debug|Win32
		{35433652-6484-46D0-BC19-2F654884A687}.Debug|x86.Build.0 = Debug|Win32
		{35433652-6484-46D0-BC19-2F654884A687}.Release|x64.ActiveCfg = Release|x64
		{35433652-6484-46D0-BC19-2F654884A687}.Release|x64.Build.0 = Release|x64
		{35433652-6484-46D0-BC19-2F654884A687}.Release|x86.ActiveCfg = Release|Win32
		{35433652-6484-46D0-BC19-2F654884A687}.Release|x86.Build.0 = Release|Win32
		{9EFDE7C8-3114-47F1-BD8F-099D09A8F957}.Debug|x64.ActiveCfg = Debug|x64
		{9EFDE7C8-3114-47F1-BD8F-099D09A8F957}.Debug|x64.Build.0 = Debug|x64
		{9EFDE7C8-3114-47F1-BD8F-099D09A8F957}.Debug|x86.ActiveCfg = Debug|Win32
		{9EFDE7C8-3114-47F1-BD8F-099D09A8F957}.Debug|x86.Build.0 = Debug|Win32
		{9EFDE7C8-3114-47F1-BD8F-099D09A8F957}.Release|x64.ActiveCfg = Release|x64
		{9EFDE7C8-3114-47F1-BD8F-099D09A8F957}.Release|x64.Build.0 = Release|x64
		{9EFDE7C8-3114-47F1-BD8F-099D09A8F957}.Release|x86.ActiveCfg = Release|Win32
		{9EFDE7C8-3114-47F1-BD8F-099D09A8F957}.Release|x86.Build.0 = Release|Win32
		{CE734056-0C45-4788-9380-A1E2F72E56D5}.Debug|x64.ActiveCfg = Debug|x64
		{CE734056-0C45-4788-9380-A1E2F72E56D5}.Debug|x64.Build.0 = Debug|x64
		{CE734056-0C45-4788-9380-A1E2F72E56D5}.Debug|x86.ActiveCfg = Debug|Win32
		{CE734056-0C45-4788-9380-A1E2F72E56D5}.Debug|x86.Build.0 = Debug|Win32
		{CE734056-0C45-4788-9380-A1E2F72E56D5}.Release|x64.ActiveCfg = Release|x64
		{CE734056-0C45-4788-9380-A1E2F72E56D5}.Release|x64.Build.0 = Release|x64
		{CE734056-0C45-4788-9380-A1E2F72E56D5}.Release|x86.ActiveCfg = Release|Win32
		{CE734056-0C45-4788-9380-A1E2F72E56D5}.Release|x86.Build.0 = Release|Win32
		{006B1247-DE66-4A63-86B4-1F21256C7B58}.Debug|x64.ActiveCfg = Debug|x64
		{006B1247-DE66-4A63-86B4-1F21256C7B58}.Debug|x64.Build.0 = Debug|x64
		{006B1247-DE66-4A63-86B4-1F21256C7B58}.Debug|x86.ActiveCfg = Debug|Win32
		{006B1247-DE66-4A63-86B4-1F21256C7B58}.Debug|x86.Build.0 = Debug|Win32
		{006B1247-DE66-4A63-86B4-1F21256C7B58}.Release|x64.ActiveCfg = Release|x64
		{006B1247-DE66-4A63-86B4-1F21256C7B58}.Release|x64.Build.0 = Release|x64
		{006B1247-DE66-4A63-86B4-1F21256C7B58}.Release|x86.ActiveCfg = Release|Win32
		{006B1247-DE66-4A63-86B4-1F21256C7B58}.Release|x86.Build.0 = Release|Win32
		{DE9C7062-B3E5-481E-AF20-16E71336B03C}.Debug|x64.ActiveCfg = Debug|x64
		{DE9C7062-B3E5-481E-AF20-16E71336B03C}.Debug|x64.Build.0 = Debug|x64
		{DE9C7062-B3E5-481E-AF20-16E71336B03C}.Debug|x86.ActiveCfg = Debug|Win32
		{DE9C7062-B3E5-481E-AF20-16E71336B03C}.Debug|x86.Build.0 = Debug|Win32
		{DE9C7062-B3E5-481E-AF20-16E71336B03C}.Release|x64.ActiveCfg = Release|x64
		{DE9C7062-B3E5-481E-AF20-16E71336B03C}.Release|x64.Build.0 = Release|x64
		{DE9C7062-B3E5-481E-AF20-16E71336B03C}.Release|x86.ActiveCfg = Release|Win32
		{DE9C7062-B3E5-481E-AF20-16E71336B03C}.Release|x86.Build.0 = Release|Win32
		{FD27803F-5D5D-468B-9333-1A5DE834FF9F}.Debug|x64.ActiveCfg = Debug|x64
		{FD27803F-5D5D-468B-9333-1A5DE834FF9F}.Debug|x64.Build.0 = Debug|x64
		{FD27803F-5D5D-468B-9333-1A5DE834FF9F}.Debug|x86.ActiveCfg = Debug|Win32
		{FD27803F-5D5D-468B-9333-1A5DE834FF9F}.Debug|x86.Build.0 = Debug|Win32
		{FD27803F-5D5D-468B-9333-1A5DE834FF9F}.Release|x64.ActiveCfg = Release|x64
		{FD27803F-5D5D-468B-9333-1A5DE834FF9F}.Release|x64.Build.0 = Release|x64
		{FD27803F-5D5D-468B-9333-1A5DE834FF9F}.Release|x86.ActiveCfg = Release|Win32
		{FD27803F-5D5D-468B-9333-1A5DE834FF9F}.Release|x86.Build.0 = Release|Win32
		{F2B159AD-A2BB-4B15-88BD-24D0CF8865C6}.Debug|x64.ActiveCfg = Debug|x64
		{F2B159AD-A2BB-4B15-88BD-24D0CF8865C6}.Debug|x64.Build.0 = Debug|x64
		{F2B159AD-A2BB-4B15-88BD-24D0CF8865C6}.Debug|x86.ActiveCfg = Debug|Win32
		{F2B159AD-A2BB-4B15-88BD-24D0CF8865C6}.Debug|x86.Build.0 = Debug|Win32
		{F2B159AD-A2BB-4B15-88BD-24D0CF8865C6}.Release|x64.ActiveCfg = Release|x64
		{F2B159AD-A2BB-4B15-88BD-24D0CF8865C6}.Release|x64.Build.0 = Release|x64
		{F2B159AD-A2BB-4B15-88BD-24D0CF8865C6}.Release|x86.ActiveCfg = Release|Win32
		{F2B159AD-A2BB-4B15-88BD-24D0CF8865C6}.Release|x86.Build.0 = Release|Win32
		{A12BE553-3094-427D-96DF-B4CE86EA63DF}.Debug|x64.ActiveCfg = Debug|x64
		{A12BE553-3094-427D-96DF-B4CE86EA63DF}.Debug|x64.Build.0 = Debug|x64
		{A12BE553-3094-427D-96DF-B4CE86EA63DF}.Debug|x86.ActiveCfg = Debug|Win32
		{A12BE553-3094-427D-96DF-B4CE86EA63DF}.Debug|x86.Build.0 = Debug|Win32
		{A12BE553-3094-427D-96DF-B4CE86EA63DF}.Release|x64.ActiveCfg = Release|x64
		{A12BE553-3094-427D-96DF-B4CE86EA63DF}.Release|x64.Build.0 = Release|x64
		{A12BE553-3094-427D-96DF-B4CE86EA63DF}.Release|x86.ActiveCfg = Release|Win32
		{A12BE553-3094-427D-96DF-B4CE86EA63DF}.Release|x86.Build.0 = Release|Win32
		{23EFBF54-BB7F-4745-BC6A-D486E2744CAF}.Debug|x64.ActiveCfg = Debug|x64
		{23EFBF54-BB7F-4745-BC6A-D486E2744CAF}.Debug|x64.Build.0 = Debug|x64
		{23EFBF54-BB7F-4745-BC6A-D486E2744CAF}.Debug|x86.ActiveCfg = Debug|Win32
		{23EFBF54-BB7F-4745-BC6A-D486E2744CAF}.Debug|x86.Build.0 = Debug|Win32
		{23EFBF54-BB7F-4745-BC6A-D486E2744CAF}.Release|x64.ActiveCfg = Release|x64
		{23EFBF54-BB7F-4745-BC6A-D486E2744CAF}.Release|x64.Build.0 = Release|x64
		{23EFBF54-BB7F-4745-BC6A-D486E2744CAF}.Release|x86.ActiveCfg = Release|Win32
		{23EFBF54-BB7F-4745-BC6A-D486E2744CAF}.Release|x86.Build.0 = Release|Win32
		{8D9BEDD7-A4A0-436A-B608-B4DA81801471}.Debug|x64.ActiveCfg = Debug|x64
		{8D9BEDD7-A4A0-436A-B608-B4DA81801471}.Debug|x64.Build.0 = Debug|x64
		{8D9BEDD7-A4A0-436A-B608-B4DA81801471}.Debug|x86.ActiveCfg = Debug|Win32
		{8D9BEDD7-A4A0-436A-B608-B4DA81801471}.Debug|x86.Build.0 = Debug|Win32
		{8D9BEDD7-A4A0-436A-B608-B4DA81801471}.Release|x64.ActiveCfg = Release|x64
		{8D9BEDD7-A4A0-436A-B608-B4DA81801471}.Release|x64.Build.0 = Release|x64
		{8D9BEDD7-A4A0-436A-B608-B4DA81801471}.Release|x86.ActiveCfg = Release|Win32
		{8D9BEDD7-A4A0-436A-B608-B4DA81801471}.Release|x86.Build.0 = Release|Win32
	EndGlobalSection
	GlobalSection(SolutionProperties) = preSolution
		HideSolutionNode = FALSE
	EndGlobalSection
	GlobalSection(NestedProjects) = preSolution
		{94ADE40B-9CDA-438D-B7CF-17B1DF8F745E} = {05BAE4C6-BCB5-441D-AA03-103E7EDCB200}
		{CDDC1C65-CE2C-462E-AF24-0E8653044B11} = {DB8C5C9F-CA9F-4CC3-95BC-9558A1C6C6B1}
		{AA8585E2-74C6-47E1-85D4-D1541144CFF0} = {CDDC1C65-CE2C-462E-AF24-0E8653044B11}
		{6D1CFC9A-621D-422A-930D-A9B0C93299A6} = {CDDC1C65-CE2C-462E-AF24-0E8653044B11}
		{CE97A785-2A88-4B95-8B8C-91635E0389F1} = {DB8C5C9F-CA9F-4CC3-95BC-9558A1C6C6B1}
		{51BC2E46-E890-483F-9E47-E11530E483B7} = {DB8C5C9F-CA9F-4CC3-95BC-9558A1C6C6B1}
		{6A908F26-2FE9-4832-9E82-BA64F411C298} = {CE97A785-2A88-4B95-8B8C-91635E0389F1}
		{17AAACE6-CCF5-4C59-93E9-47546B46ABE8} = {CE97A785-2A88-4B95-8B8C-91635E0389F1}
		{840C0BB1-39BE-492C-A357-9F8919737472} = {CE97A785-2A88-4B95-8B8C-91635E0389F1}
		{F5210BC7-8A00-452D-A2E0-84175E9B0382} = {CE97A785-2A88-4B95-8B8C-91635E0389F1}
		{407DEDD5-CE33-4A80-AE3E-A9F9F8B86C32} = {CE97A785-2A88-4B95-8B8C-91635E0389F1}
		{688C134F-B563-4366-9B44-56682139ACAA} = {CE97A785-2A88-4B95-8B8C-91635E0389F1}
		{1FA21747-FE4C-4ED2-AB42-EDD3411F4910} = {CE97A785-2A88-4B95-8B8C-91635E0389F1}
		{BC946288-DF47-42A8-9AE0-113F82146216} = {CE97A785-2A88-4B95-8B8C-91635E0389F1}
		{7FE4091C-244E-4EDF-987A-FFDA8A4A47C8} = {51BC2E46-E890-483F-9E47-E11530E483B7}
		{AFD3AF9B-D81A-4C83-BAA2-AFA5F9B8A846} = {CE97A785-2A88-4B95-8B8C-91635E0389F1}
		{67D205DF-EAA4-4748-B23B-D3B46EE16596} = {CE97A785-2A88-4B95-8B8C-91635E0389F1}
		{61FEADCF-C659-44F4-8567-4AE6D2E33872} = {51BC2E46-E890-483F-9E47-E11530E483B7}
		{469BF24B-3EA5-4934-939C-B906D5A4C6DE} = {CE97A785-2A88-4B95-8B8C-91635E0389F1}
		{A1A23949-EE7C-41B1-A983-22A381FFFA06} = {51BC2E46-E890-483F-9E47-E11530E483B7}
		{C8CBBCFE-36B4-47D4-ACAB-12FAFD923377} = {51BC2E46-E890-483F-9E47-E11530E483B7}
		{590A7267-20FF-4770-ABB7-DEEC9FAAAB8A} = {DB8C5C9F-CA9F-4CC3-95BC-9558A1C6C6B1}
		{3D8D24EE-C3BA-4535-9BA4-A4F6030270EE} = {590A7267-20FF-4770-ABB7-DEEC9FAAAB8A}
		{AA04B9FA-1687-49AB-98AB-409D6CD14792} = {590A7267-20FF-4770-ABB7-DEEC9FAAAB8A}
		{34EE25E1-88A5-4986-8117-06C569D9EFEF} = {CE97A785-2A88-4B95-8B8C-91635E0389F1}
		{B854D9DB-6364-4E66-8C49-6427E2E4A960} = {CE97A785-2A88-4B95-8B8C-91635E0389F1}
		{D701E6B1-07CB-4392-90D1-ED3344F50D48} = {DB8C5C9F-CA9F-4CC3-95BC-9558A1C6C6B1}
		{1B679709-0F5C-4F5E-8A1B-3D6358D98DFC} = {D701E6B1-07CB-4392-90D1-ED3344F50D48}
		{E1B9B52B-7235-40AE-9F3A-C099EEE798D4} = {D701E6B1-07CB-4392-90D1-ED3344F50D48}
		{8D1FF872-DBF0-4A78-854C-4EDAA66D513F} = {1B679709-0F5C-4F5E-8A1B-3D6358D98DFC}
		{9165BD0B-F076-4B50-843F-F2CBF2BC3F8E} = {9649F728-E74B-4881-A992-806442098FFE}
		{1CF55BE7-324D-4AE5-BB89-923AA3FC3529} = {9165BD0B-F076-4B50-843F-F2CBF2BC3F8E}
		{8F2166DA-ED48-4C3A-A2C2-3A487043745A} = {9165BD0B-F076-4B50-843F-F2CBF2BC3F8E}
		{9F2167A7-EE79-4D4C-B607-1B019FA43A02} = {9165BD0B-F076-4B50-843F-F2CBF2BC3F8E}
		{42F15544-4FE5-440D-9AC4-0442CB717D4F} = {9165BD0B-F076-4B50-843F-F2CBF2BC3F8E}
		{98B7EE6F-D03A-4427-B0F7-CE9C7293D4FF} = {E1B9B52B-7235-40AE-9F3A-C099EEE798D4}
		{1EB8379E-8792-445E-A04B-1F558EE31D8F} = {E1B9B52B-7235-40AE-9F3A-C099EEE798D4}
		{DE5EB4DC-300D-4206-A814-59170D88CD8A} = {1EB8379E-8792-445E-A04B-1F558EE31D8F}
		{B7C7DDFF-FCA8-46AD-88E4-24D1016638C3} = {DB8C5C9F-CA9F-4CC3-95BC-9558A1C6C6B1}
		{F353EA34-C3B8-47A2-A127-0ED3F2D401EF} = {B7C7DDFF-FCA8-46AD-88E4-24D1016638C3}
		{291B57AE-602A-4F65-B966-98E7BFBD5986} = {B7C7DDFF-FCA8-46AD-88E4-24D1016638C3}
		{ECAB30ED-F84C-4274-8BDD-6390BFE0B2AD} = {B7C7DDFF-FCA8-46AD-88E4-24D1016638C3}
		{1CEE7184-0BDD-49CA-AC09-4DB2FA3FD782} = {B7C7DDFF-FCA8-46AD-88E4-24D1016638C3}
		{E4354A7C-BE83-4E49-9B26-CAD02EF91296} = {B7C7DDFF-FCA8-46AD-88E4-24D1016638C3}
		{F6D2ACC1-D948-4C3E-8099-F207ECB5ED53} = {E1B9B52B-7235-40AE-9F3A-C099EEE798D4}
		{1C978BED-AD6E-462E-8EB5-CE12E9555950} = {E1B9B52B-7235-40AE-9F3A-C099EEE798D4}
		{76C215F9-2066-452A-B064-CC0D941A319E} = {CDDC1C65-CE2C-462E-AF24-0E8653044B11}
		{9EFFFD89-BFEA-45E6-81FE-844EF0A45C32} = {DB8C5C9F-CA9F-4CC3-95BC-9558A1C6C6B1}
		{C0297ADE-FBEE-4424-94AF-43C32B97DD73} = {9EFFFD89-BFEA-45E6-81FE-844EF0A45C32}
		{2944AA78-14B2-4CE2-A207-A12BE4ADD147} = {9EFFFD89-BFEA-45E6-81FE-844EF0A45C32}
		{35433652-6484-46D0-BC19-2F654884A687} = {CE97A785-2A88-4B95-8B8C-91635E0389F1}
		{9EFDE7C8-3114-47F1-BD8F-099D09A8F957} = {CE97A785-2A88-4B95-8B8C-91635E0389F1}
		{AD33D592-5715-4FC9-B260-E6AAF1251CDD} = {DB8C5C9F-CA9F-4CC3-95BC-9558A1C6C6B1}
		{CE734056-0C45-4788-9380-A1E2F72E56D5} = {AD33D592-5715-4FC9-B260-E6AAF1251CDD}
		{006B1247-DE66-4A63-86B4-1F21256C7B58} = {AD33D592-5715-4FC9-B260-E6AAF1251CDD}
		{DE9C7062-B3E5-481E-AF20-16E71336B03C} = {AD33D592-5715-4FC9-B260-E6AAF1251CDD}
		{FD27803F-5D5D-468B-9333-1A5DE834FF9F} = {05BAE4C6-BCB5-441D-AA03-103E7EDCB200}
		{56D6626A-4234-44CC-A61B-DEDE30C8C875} = {DB8C5C9F-CA9F-4CC3-95BC-9558A1C6C6B1}
		{F2B159AD-A2BB-4B15-88BD-24D0CF8865C6} = {56D6626A-4234-44CC-A61B-DEDE30C8C875}
		{A12BE553-3094-427D-96DF-B4CE86EA63DF} = {56D6626A-4234-44CC-A61B-DEDE30C8C875}
		{23EFBF54-BB7F-4745-BC6A-D486E2744CAF} = {56D6626A-4234-44CC-A61B-DEDE30C8C875}
		{8D9BEDD7-A4A0-436A-B608-B4DA81801471} = {56D6626A-4234-44CC-A61B-DEDE30C8C875}
	EndGlobalSection
	GlobalSection(ExtensibilityGlobals) = postSolution
		SolutionGuid = {1AC0239E-6768-442B-A209-89D7A40DE8C7}
	EndGlobalSection
EndGlobal
